<?xml version="1.0" encoding="utf-8"?>
<Project ToolsVersion="4.0" xmlns="http://schemas.microsoft.com/developer/msbuild/2003">
  <ItemGroup>
    <ClCompile Include="DIL_Interface.cpp">
      <Filter>Source Files</Filter>
    </ClCompile>
    <ClCompile Include="DIL_Interface_stdafx.cpp">
      <Filter>Source Files</Filter>
    </ClCompile>
    <ClCompile Include="DIL_CAN.cpp">
      <Filter>Source Files</Filter>
    </ClCompile>
    <ClCompile Include="DILC_Dummy.cpp">
      <Filter>Source Files</Filter>
    </ClCompile>
    <ClCompile Include="DILI_J1939.cpp">
      <Filter>Source Files</Filter>
    </ClCompile>
    <ClCompile Include="DIL_FLEXRAY.cpp">
      <Filter>Source Files</Filter>
    </ClCompile>
    <ClCompile Include="ClientBuffer.cpp">
      <Filter>Source Files</Filter>
    </ClCompile>
    <ClCompile Include="ClientList.cpp">
      <Filter>Source Files</Filter>
    </ClCompile>
    <ClCompile Include="CommanDIL_Flexray.cpp">
      <Filter>Source Files</Filter>
    </ClCompile>
    <ClCompile Include="DIL_LIN.cpp">
      <Filter>Source Files</Filter>
    </ClCompile>
    <ClCompile Include="DILL_Dummy.cpp">
      <Filter>Source Files</Filter>
    </ClCompile>
    <ClCompile Include="CommanDIL_LIN.cpp">
      <Filter>Source Files</Filter>
    </ClCompile>
  </ItemGroup>
  <ItemGroup>
    <ClInclude Include="BaseDIL_CAN.h">
      <Filter>Header Files</Filter>
    </ClInclude>
    <ClInclude Include="BaseDIL_CAN_Controller.h">
      <Filter>Header Files</Filter>
    </ClInclude>
    <ClInclude Include="BaseDIL_J1939.h">
      <Filter>Header Files</Filter>
    </ClInclude>
    <ClInclude Include="DIL_CAN.h">
      <Filter>Header Files</Filter>
    </ClInclude>
    <ClInclude Include="DIL_Interface.h">
      <Filter>Header Files</Filter>
    </ClInclude>
    <ClInclude Include="DIL_Interface_extern.h">
      <Filter>Header Files</Filter>
    </ClInclude>
    <ClInclude Include="DIL_Interface_stdafx.h">
      <Filter>Header Files</Filter>
    </ClInclude>
    <ClInclude Include="DILC_Dummy.h">
      <Filter>Header Files</Filter>
    </ClInclude>
    <ClInclude Include="DILI_J1939.h">
      <Filter>Header Files</Filter>
    </ClInclude>
    <ClInclude Include="BaseDIL_FLEXRAY.h">
      <Filter>Header Files</Filter>
    </ClInclude>
    <ClInclude Include="BaseDIL_FLEXRAY_Controller.h">
      <Filter>Header Files</Filter>
    </ClInclude>
    <ClInclude Include="DIL_FLEXRAY.h">
      <Filter>Header Files</Filter>
    </ClInclude>
    <ClInclude Include="DILL_Dummy.h">
      <Filter>Source Files</Filter>
    </ClInclude>
    <ClInclude Include="ClientBuffer.h">
      <Filter>Header Files</Filter>
    </ClInclude>
    <ClInclude Include="ClientList.h">
      <Filter>Header Files</Filter>
    </ClInclude>
    <ClInclude Include="CommanDIL_LIN.h">
      <Filter>Header Files</Filter>
    </ClInclude>
    <ClInclude Include="DIL_LIN.h">
      <Filter>Header Files</Filter>
    </ClInclude>
    <ClInclude Include="CommanDIL_Flexray.h">
      <Filter>Header Files</Filter>
    </ClInclude>
  </ItemGroup>
  <ItemGroup>
    <Filter Include="Source Files">
      <UniqueIdentifier>{73f3823e-4abb-4481-93a3-ebb64eae4ffb}</UniqueIdentifier>
    </Filter>
    <Filter Include="Header Files">
      <UniqueIdentifier>{693f9ba0-6583-4b79-9e8d-8c887a88612d}</UniqueIdentifier>
    </Filter>
  </ItemGroup>
</Project>