<?xml version="1.0" encoding="utf-8"?>
<Project ToolsVersion="4.0" xmlns="http://schemas.microsoft.com/developer/msbuild/2003">
  <ItemGroup>
    <Filter Include="Source Files">
      <UniqueIdentifier>{4FC737F1-C7A5-4376-A066-2A32D752A2FF}</UniqueIdentifier>
      <Extensions>cpp;c;cxx;def;odl;idl;hpj;bat;asm;asmx</Extensions>
    </Filter>
    <Filter Include="Header Files">
      <UniqueIdentifier>{93995380-89BD-4b04-88EB-625FBE52EBFB}</UniqueIdentifier>
      <Extensions>h;hpp;hxx;hm;inl;inc;xsd</Extensions>
    </Filter>
    <Filter Include="Resource Files">
      <UniqueIdentifier>{7d4f2f34-7cfc-49f6-a44a-a4f01fba29b0}</UniqueIdentifier>
    </Filter>
  </ItemGroup>
  <ItemGroup>
    <ClCompile Include="AcceptanceFilterDlg.cpp">
      <Filter>Source Files</Filter>
    </ClCompile>
    <ClCompile Include="CAN_Vector_XL.cpp">
      <Filter>Source Files</Filter>
    </ClCompile>
    <ClCompile Include="CANRegAnalysis.cpp">
      <Filter>Source Files</Filter>
    </ClCompile>
    <ClCompile Include="ChangeRegisters.cpp">
      <Filter>Source Files</Filter>
    </ClCompile>
    <ClCompile Include="HardwareListing.cpp">
      <Filter>Source Files</Filter>
    </ClCompile>
    <ClCompile Include="..\Application\MultiLanguage.cpp">
      <Filter>Source Files</Filter>
    </ClCompile>
  </ItemGroup>
  <ItemGroup>
    <ClInclude Include="AcceptanceFilterDlg.h">
      <Filter>Header Files</Filter>
    </ClInclude>
    <ClInclude Include="CAN_Vector_XL.h">
      <Filter>Header Files</Filter>
    </ClInclude>
    <ClInclude Include="CAN_Vector_XL_Extern.h">
      <Filter>Header Files</Filter>
    </ClInclude>
    <ClInclude Include="CAN_Vector_XL_Resource.h">
      <Filter>Header Files</Filter>
    </ClInclude>
    <ClInclude Include="CAN_Vector_XL_stdafx.h">
      <Filter>Header Files</Filter>
    </ClInclude>
    <ClInclude Include="ChangeRegDefines.h">
      <Filter>Header Files</Filter>
    </ClInclude>
    <ClInclude Include="ChangeRegisters.h">
      <Filter>Header Files</Filter>
    </ClInclude>
    <ClInclude Include="ContrConfigPeakUsbDefs.h">
      <Filter>Header Files</Filter>
    </ClInclude>
    <ClInclude Include="HardwareListing.h">
      <Filter>Header Files</Filter>
    </ClInclude>
    <ClInclude Include="..\Application\MultiLanguage.h">
      <Filter>Header Files</Filter>
    </ClInclude>
  </ItemGroup>
  <ItemGroup>
    <ResourceCompile Include="CAN_Vector_XL.rc">
      <Filter>Resource Files</Filter>
    </ResourceCompile>
  </ItemGroup>
</Project>