<?xml version="1.0" encoding="utf-8"?>
<Project ToolsVersion="4.0" xmlns="http://schemas.microsoft.com/developer/msbuild/2003">
  <ItemGroup>
    <Filter Include="Source Files">
      <UniqueIdentifier>{4FC737F1-C7A5-4376-A066-2A32D752A2FF}</UniqueIdentifier>
      <Extensions>cpp;c;cxx;def;odl;idl;hpj;bat;asm;asmx</Extensions>
    </Filter>
    <Filter Include="Header Files">
      <UniqueIdentifier>{93995380-89BD-4b04-88EB-625FBE52EBFB}</UniqueIdentifier>
      <Extensions>h;hpp;hxx;hm;inl;inc;xsd</Extensions>
    </Filter>
  </ItemGroup>
  <ItemGroup>
    <ClCompile Include="BaseLogObject.cpp">
      <Filter>Source Files</Filter>
    </ClCompile>
    <ClCompile Include="Format\FormatMsgCAN.cpp">
      <Filter>Source Files</Filter>
    </ClCompile>
    <ClCompile Include="Format\FormatMsgCommon.cpp">
      <Filter>Source Files</Filter>
    </ClCompile>
    <ClCompile Include="Format\FormatMsgJ1939.cpp">
      <Filter>Source Files</Filter>
    </ClCompile>
    <ClCompile Include="FrameProcessor.cpp">
      <Filter>Source Files</Filter>
    </ClCompile>
    <ClCompile Include="FrameProcessor_CAN.cpp">
      <Filter>Source Files</Filter>
    </ClCompile>
    <ClCompile Include="FrameProcessor_Common.cpp">
      <Filter>Source Files</Filter>
    </ClCompile>
    <ClCompile Include="FrameProcessor_J1939.cpp">
      <Filter>Source Files</Filter>
    </ClCompile>
    <ClCompile Include="LogObjectCAN.cpp">
      <Filter>Source Files</Filter>
    </ClCompile>
    <ClCompile Include="LogObjectJ1939.cpp">
      <Filter>Source Files</Filter>
    </ClCompile>
    <ClCompile Include="Format\FormatMsgLIN.cpp">
      <Filter>Source Files</Filter>
    </ClCompile>
    <ClCompile Include="FrameProcessor_LIN.cpp">
      <Filter>Source Files</Filter>
    </ClCompile>
    <ClCompile Include="LogObjectLIN.cpp">
      <Filter>Source Files</Filter>
    </ClCompile>
  </ItemGroup>
  <ItemGroup>
    <ClInclude Include="BaseFrameProcessor_CAN.h">
      <Filter>Header Files</Filter>
    </ClInclude>
    <ClInclude Include="BaseFrameProcessor_J1939.h">
      <Filter>Header Files</Filter>
    </ClInclude>
    <ClInclude Include="BaseLogObject.h">
      <Filter>Header Files</Filter>
    </ClInclude>
    <ClInclude Include="Format\FormatMsgCAN.h">
      <Filter>Header Files</Filter>
    </ClInclude>
    <ClInclude Include="Format\FormatMsgCommon.h">
      <Filter>Header Files</Filter>
    </ClInclude>
    <ClInclude Include="Format\FormatMsgJ1939.h">
      <Filter>Header Files</Filter>
    </ClInclude>
    <ClInclude Include="FrameProcessor.h">
      <Filter>Header Files</Filter>
    </ClInclude>
    <ClInclude Include="FrameProcessor_CAN.h">
      <Filter>Header Files</Filter>
    </ClInclude>
    <ClInclude Include="FrameProcessor_Common.h">
      <Filter>Header Files</Filter>
    </ClInclude>
    <ClInclude Include="FrameProcessor_extern.h">
      <Filter>Header Files</Filter>
    </ClInclude>
    <ClInclude Include="FrameProcessor_J1939.h">
      <Filter>Header Files</Filter>
    </ClInclude>
    <ClInclude Include="FrameProcessor_stdafx.h">
      <Filter>Header Files</Filter>
    </ClInclude>
    <ClInclude Include="Logger_CommonDataTypes.h">
      <Filter>Header Files</Filter>
    </ClInclude>
    <ClInclude Include="LogObjectCAN.h">
      <Filter>Header Files</Filter>
    </ClInclude>
    <ClInclude Include="LogObjectJ1939.h">
      <Filter>Header Files</Filter>
    </ClInclude>
    <ClInclude Include="BaseFrameProcessor_LIN.h">
      <Filter>Header Files</Filter>
    </ClInclude>
    <ClInclude Include="Format\FormatMsgLIN.h">
      <Filter>Header Files</Filter>
    </ClInclude>
    <ClInclude Include="FrameProcessor_LIN.h">
      <Filter>Header Files</Filter>
    </ClInclude>
    <ClInclude Include="LogObjectLIN.h">
      <Filter>Header Files</Filter>
    </ClInclude>
  </ItemGroup>
</Project>