Microsoft Visual Studio Solution File, Format Version 12.00
# Visual Studio Express 2012 for Windows Desktop
Project("{8BC9CEB8-8B4A-11D0-8D11-00A0C91BC942}") = "DIL_Interface", "DIL_Interface\DIL_Interface.vcxproj", "{77290670-1DBD-4127-8BAD-7C09990FA5AE}"
	ProjectSection(ProjectDependencies) = postProject
		{9DD56217-A038-44E4-83A4-239F977104DB} = {9DD56217-A038-44E4-83A4-239F977104DB}
		{1B2A321C-FEEB-419F-9374-2D91A4B5EC35} = {1B2A321C-FEEB-419F-9374-2D91A4B5EC35}
		{F920F538-A4B0-4EB6-81FC-6011E9C1806F} = {F920F538-A4B0-4EB6-81FC-6011E9C1806F}
		{C02E2F57-48A5-4EEE-991F-FA868E52CDB4} = {C02E2F57-48A5-4EEE-991F-FA868E52CDB4}
		{3765F36A-696A-4302-BED9-56F156280EA2} = {3765F36A-696A-4302-BED9-56F156280EA2}
		{4059A67C-0BFA-4A7D-BA3D-BD40F8E3FA54} = {4059A67C-0BFA-4A7D-BA3D-BD40F8E3FA54}
		{22D50E79-8756-4CF5-843E-5B2ECCE53768} = {22D50E79-8756-4CF5-843E-5B2ECCE53768}
		{E90E4BF3-5975-44B8-908D-834872DA367E} = {E90E4BF3-5975-44B8-908D-834872DA367E}
		{74AFE37F-88FC-49E1-8C54-944E95BB137A} = {74AFE37F-88FC-49E1-8C54-944E95BB137A}
		{60225C85-3C15-4DA1-8E5D-17453A3AA0CD} = {60225C85-3C15-4DA1-8E5D-17453A3AA0CD}
		{11FE9CC2-77A3-46B3-94A1-327BB17BA0E8} = {11FE9CC2-77A3-46B3-94A1-327BB17BA0E8}
	EndProjectSection
EndProject
Project("{8BC9CEB8-8B4A-11D0-8D11-00A0C91BC942}") = "DataTypes", "DataTypes\DataTypes.vcxproj", "{5D1AB9D9-755F-4743-AE73-83B7D5FCCD65}"
EndProject
Project("{8BC9CEB8-8B4A-11D0-8D11-00A0C91BC942}") = "Utils", "Utility\Utils.vcxproj", "{4A20171C-51DB-4E82-BCE0-5E3EEB070566}"
EndProject
Project("{8BC9CEB8-8B4A-11D0-8D11-00A0C91BC942}") = "BusEmulation", "BusEmulation\BusEmulation.vcxproj", "{08185BF7-1497-49FB-8451-02C4F97B4BDE}"
EndProject
Project("{8BC9CEB8-8B4A-11D0-8D11-00A0C91BC942}") = "CommonClass", "CommonClass\CommonClass.vcxproj", "{549E1D9D-FB60-4405-B78E-3C7A8221DC15}"
EndProject
Project("{8BC9CEB8-8B4A-11D0-8D11-00A0C91BC942}") = "PSDI_CAN", "PSDI_CAN\PSDI_CAN.vcxproj", "{6BDCA0EA-D079-4EF4-BC2C-5E20B66F4EC0}"
EndProject
Project("{8BC9CEB8-8B4A-11D0-8D11-00A0C91BC942}") = "NodeSimEx", "NodeSimEx\NodeSimEx.vcxproj", "{88AFFFB3-CDF1-4FE9-9D75-43F5CAAE4E9A}"
EndProject
Project("{8BC9CEB8-8B4A-11D0-8D11-00A0C91BC942}") = "FrameProcessor", "FrameProcessor\FrameProcessor.vcxproj", "{7D22D906-7B65-42C4-B08B-52D8B6D728CE}"
EndProject
Project("{8BC9CEB8-8B4A-11D0-8D11-00A0C91BC942}") = "Replay", "Replay\Replay.vcxproj", "{EAC6F74A-3343-4416-808D-700BAC7B2F37}"
EndProject
Project("{8BC9CEB8-8B4A-11D0-8D11-00A0C91BC942}") = "SignalWatch", "SignalWatch\SignalWatch.vcxproj", "{9837D037-CEC8-41FB-BFA0-7F63491F4143}"
EndProject
Project("{8BC9CEB8-8B4A-11D0-8D11-00A0C91BC942}") = "Filter", "Filter\Filter.vcxproj", "{02495AB5-7675-42B9-8904-54EFEE4A4983}"
EndProject
Project("{8BC9CEB8-8B4A-11D0-8D11-00A0C91BC942}") = "TXWindow", "TXWindow\TXWindow.vcxproj", "{D12A1B79-CA60-4D7F-BA6F-79130C986BF9}"
EndProject
Project("{8BC9CEB8-8B4A-11D0-8D11-00A0C91BC942}") = "TestSetupEditorGUI", "TestSetupEditorGUI\TestSetupEditorGUI.vcxproj", "{CDDB1221-83EF-4683-8466-966A153DA8E2}"
EndProject
Project("{8BC9CEB8-8B4A-11D0-8D11-00A0C91BC942}") = "TestSetupEditorLib", "TestSetupEditorLib\TestSetupEditorLib.vcxproj", "{9305EC2D-F775-402D-915B-9E0F397D2675}"
EndProject
Project("{8BC9CEB8-8B4A-11D0-8D11-00A0C91BC942}") = "TestSuiteExecutorGUI", "TestSuiteExecutorGUI\TestSuiteExecutorGUI.vcxproj", "{F09AE645-8A52-4744-9A37-BAAEB85D2848}"
EndProject
Project("{8BC9CEB8-8B4A-11D0-8D11-00A0C91BC942}") = "ProjectConfiguration", "ProjectConfiguration\ProjectConfiguration.vcxproj", "{5CD856C4-FD55-4CA5-ACA9-36B48F29255B}"
EndProject
Project("{8BC9CEB8-8B4A-11D0-8D11-00A0C91BC942}") = "CAN_STUB", "CAN_STUB\CAN_STUB.vcxproj", "{589582A2-F46C-4E7F-ACD9-4A2E1587569D}"
EndProject
Project("{8BC9CEB8-8B4A-11D0-8D11-00A0C91BC942}") = "CAN_ICS_neoVI", "CAN_ICS_neoVI\CAN_ICS_neoVI.vcxproj", "{18224B50-2726-4431-B701-6437300B6D3F}"
EndProject
Project("{8BC9CEB8-8B4A-11D0-8D11-00A0C91BC942}") = "BUSMASTER", "Application\BUSMASTER.vcxproj", "{B3C78624-42F9-4A8D-9572-16D17F52DC14}"
	ProjectSection(ProjectDependencies) = postProject
		{9D8AF453-01BC-44C9-9753-568BCEA38D4E} = {9D8AF453-01BC-44C9-9753-568BCEA38D4E}
		{8D073063-141F-42E1-BA01-E561F78DB5E8} = {8D073063-141F-42E1-BA01-E561F78DB5E8}
		{107EE0A4-837A-4CD9-9C6B-D945E9BF191A} = {107EE0A4-837A-4CD9-9C6B-D945E9BF191A}
		{6E565EAB-C97A-4D30-BD2F-4713D12FE316} = {6E565EAB-C97A-4D30-BD2F-4713D12FE316}
		{08185BF7-1497-49FB-8451-02C4F97B4BDE} = {08185BF7-1497-49FB-8451-02C4F97B4BDE}
	EndProjectSection
EndProject
Project("{8BC9CEB8-8B4A-11D0-8D11-00A0C91BC942}") = "CAN_Vector_XL", "CAN_Vector_XL\CAN_Vector_XL.vcxproj", "{9DF9963F-7938-4A16-B2E2-0BFA167BD3BB}"
	ProjectSection(ProjectDependencies) = postProject
		{4A20171C-51DB-4E82-BCE0-5E3EEB070566} = {4A20171C-51DB-4E82-BCE0-5E3EEB070566}
	EndProjectSection
EndProject
Project("{8BC9CEB8-8B4A-11D0-8D11-00A0C91BC942}") = "CAN_Kvaser_CAN", "CAN_Kvaser_CAN\CAN_Kvaser_CAN.vcxproj", "{191E1FE9-43CB-49C2-BF40-CC5994A586FB}"
EndProject
Project("{8BC9CEB8-8B4A-11D0-8D11-00A0C91BC942}") = "SignalDefiner", "SignalDefiner\SignalDefiner.vcxproj", "{548AFEB2-EA30-4501-9F36-766AE11B791A}"
	ProjectSection(ProjectDependencies) = postProject
		{11A11CEA-45ED-4FE6-BDE2-643DF9267FAC} = {11A11CEA-45ED-4FE6-BDE2-643DF9267FAC}
	EndProjectSection
EndProject
Project("{8BC9CEB8-8B4A-11D0-8D11-00A0C91BC942}") = "SigGrphWnd", "SigGrphWnd\SigGrphWnd.vcxproj", "{11A11CEA-45ED-4FE6-BDE2-643DF9267FAC}"
EndProject
Project("{8BC9CEB8-8B4A-11D0-8D11-00A0C91BC942}") = "MHS_CNFG", "MHS_CNFG\mhsbmcfg.vcxproj", "{11160320-BA40-4253-87ED-04EDB9E4021F}"
EndProject
Project("{8BC9CEB8-8B4A-11D0-8D11-00A0C91BC942}") = "CAN_MHS", "CAN_MHS\CAN_MHS.vcxproj", "{EFB39D0A-C032-436C-81FB-7A02C7851D00}"
	ProjectSection(ProjectDependencies) = postProject
		{4A20171C-51DB-4E82-BCE0-5E3EEB070566} = {4A20171C-51DB-4E82-BCE0-5E3EEB070566}
	EndProjectSection
EndProject
Project("{8BC9CEB8-8B4A-11D0-8D11-00A0C91BC942}") = "DIL_J1939", "DIL_J1939\J1939.vcxproj", "{7812969F-7FF6-448C-A19C-78CC07362163}"
	ProjectSection(ProjectDependencies) = postProject
		{4A20171C-51DB-4E82-BCE0-5E3EEB070566} = {4A20171C-51DB-4E82-BCE0-5E3EEB070566}
	EndProjectSection
EndProject
Project("{8BC9CEB8-8B4A-11D0-8D11-00A0C91BC942}") = "Include", "Include\Include.vcxproj", "{4890AE40-CF77-41F3-BBC6-066AE26DF77C}"
EndProject
Project("{8BC9CEB8-8B4A-11D0-8D11-00A0C91BC942}") = "CAN_VSCOM", "CAN_VSCOM\CAN_VSCOM.vcxproj", "{0C047CC0-42B6-4386-A2F0-1DCCE9A2AEFE}"
	ProjectSection(ProjectDependencies) = postProject
		{4A20171C-51DB-4E82-BCE0-5E3EEB070566} = {4A20171C-51DB-4E82-BCE0-5E3EEB070566}
	EndProjectSection
EndProject
Project("{8BC9CEB8-8B4A-11D0-8D11-00A0C91BC942}") = "DMGraph", "EXTERNAL\DmGraph\DMGraph.vcxproj", "{9D8AF453-01BC-44C9-9753-568BCEA38D4E}"
EndProject
Project("{8BC9CEB8-8B4A-11D0-8D11-00A0C91BC942}") = "CAN_i-VIEW", "CAN_iVIEW\CAN_i-VIEW.vcxproj", "{60225C85-3C15-4DA1-8E5D-17453A3AA0CD}"
	ProjectSection(ProjectDependencies) = postProject
		{4A20171C-51DB-4E82-BCE0-5E3EEB070566} = {4A20171C-51DB-4E82-BCE0-5E3EEB070566}
	EndProjectSection
EndProject
Project("{8BC9CEB8-8B4A-11D0-8D11-00A0C91BC942}") = "CAN_IXXAT_VCI", "CAN_IXXAT_VCI\CAN_IXXAT_VCI.vcxproj", "{F920F538-A4B0-4EB6-81FC-6011E9C1806F}"
	ProjectSection(ProjectDependencies) = postProject
		{4A20171C-51DB-4E82-BCE0-5E3EEB070566} = {4A20171C-51DB-4E82-BCE0-5E3EEB070566}
	EndProjectSection
EndProject
Project("{8BC9CEB8-8B4A-11D0-8D11-00A0C91BC942}") = "CAN_NSI", "CAN_NSI\CAN_NSI.vcxproj", "{74AFE37F-88FC-49E1-8C54-944E95BB137A}"
	ProjectSection(ProjectDependencies) = postProject
		{4A20171C-51DB-4E82-BCE0-5E3EEB070566} = {4A20171C-51DB-4E82-BCE0-5E3EEB070566}
	EndProjectSection
EndProject
Project("{8BC9CEB8-8B4A-11D0-8D11-00A0C91BC942}") = "TXWindowFlexRay", "TXWindowFlexRay\TXWindowFlexRay.vcxproj", "{107EE0A4-837A-4CD9-9C6B-D945E9BF191A}"
	ProjectSection(ProjectDependencies) = postProject
		{4A20171C-51DB-4E82-BCE0-5E3EEB070566} = {4A20171C-51DB-4E82-BCE0-5E3EEB070566}
		{77290670-1DBD-4127-8BAD-7C09990FA5AE} = {77290670-1DBD-4127-8BAD-7C09990FA5AE}
		{5D1AB9D9-755F-4743-AE73-83B7D5FCCD65} = {5D1AB9D9-755F-4743-AE73-83B7D5FCCD65}
	EndProjectSection
EndProject
Project("{8BC9CEB8-8B4A-11D0-8D11-00A0C91BC942}") = "FLEXRAY_ETAS_BOA_1_4", "FLEXRAY_ETAS_BOA\FLEXRAY_ETAS_BOA_1_4.vcxproj", "{4059A67C-0BFA-4A7D-BA3D-BD40F8E3FA54}"
	ProjectSection(ProjectDependencies) = postProject
		{4A20171C-51DB-4E82-BCE0-5E3EEB070566} = {4A20171C-51DB-4E82-BCE0-5E3EEB070566}
	EndProjectSection
EndProject
Project("{8BC9CEB8-8B4A-11D0-8D11-00A0C91BC942}") = "FLEXRAY_ETAS_BOA_1_5", "FLEXRAY_ETAS_BOA\FLEXRAY_ETAS_BOA_1_5.vcxproj", "{22D50E79-8756-4CF5-843E-5B2ECCE53768}"
	ProjectSection(ProjectDependencies) = postProject
		{4A20171C-51DB-4E82-BCE0-5E3EEB070566} = {4A20171C-51DB-4E82-BCE0-5E3EEB070566}
		{4059A67C-0BFA-4A7D-BA3D-BD40F8E3FA54} = {4059A67C-0BFA-4A7D-BA3D-BD40F8E3FA54}
	EndProjectSection
EndProject
Project("{8BC9CEB8-8B4A-11D0-8D11-00A0C91BC942}") = "FLEXRAY_ETAS_BOA_2_0", "FLEXRAY_ETAS_BOA\FLEXRAY_ETAS_BOA_2_0.vcxproj", "{8136ACA4-FAC9-42A7-8FB8-B625F7B3F0DF}"
	ProjectSection(ProjectDependencies) = postProject
		{4A20171C-51DB-4E82-BCE0-5E3EEB070566} = {4A20171C-51DB-4E82-BCE0-5E3EEB070566}
		{4059A67C-0BFA-4A7D-BA3D-BD40F8E3FA54} = {4059A67C-0BFA-4A7D-BA3D-BD40F8E3FA54}
		{22D50E79-8756-4CF5-843E-5B2ECCE53768} = {22D50E79-8756-4CF5-843E-5B2ECCE53768}
	EndProjectSection
EndProject
Project("{8BC9CEB8-8B4A-11D0-8D11-00A0C91BC942}") = "CAN_ETAS_BOA_1_4", "CAN_ETAS_BOA\CAN_ETAS_BOA_1_4.vcxproj", "{72D02354-C749-45CC-AE1A-A8445CF3984D}"
	ProjectSection(ProjectDependencies) = postProject
		{4A20171C-51DB-4E82-BCE0-5E3EEB070566} = {4A20171C-51DB-4E82-BCE0-5E3EEB070566}
	EndProjectSection
EndProject
Project("{8BC9CEB8-8B4A-11D0-8D11-00A0C91BC942}") = "CAN_ETAS_BOA_1_5", "CAN_ETAS_BOA\CAN_ETAS_BOA_1_5.vcxproj", "{9DD56217-A038-44E4-83A4-239F977104DB}"
	ProjectSection(ProjectDependencies) = postProject
		{4A20171C-51DB-4E82-BCE0-5E3EEB070566} = {4A20171C-51DB-4E82-BCE0-5E3EEB070566}
		{72D02354-C749-45CC-AE1A-A8445CF3984D} = {72D02354-C749-45CC-AE1A-A8445CF3984D}
	EndProjectSection
EndProject
Project("{8BC9CEB8-8B4A-11D0-8D11-00A0C91BC942}") = "AdvancedUIPlugin", "EXTERNAL\AdvancedUIPlugin\AdvancedUIPlugin.vcxproj", "{6E565EAB-C97A-4D30-BD2F-4713D12FE316}"
EndProject
Project("{8BC9CEB8-8B4A-11D0-8D11-00A0C91BC942}") = "TXWindowLIN", "TXWindowLIN\TXWindowLIN.vcxproj", "{8D073063-141F-42E1-BA01-E561F78DB5E8}"
	ProjectSection(ProjectDependencies) = postProject
		{4A20171C-51DB-4E82-BCE0-5E3EEB070566} = {4A20171C-51DB-4E82-BCE0-5E3EEB070566}
		{77290670-1DBD-4127-8BAD-7C09990FA5AE} = {77290670-1DBD-4127-8BAD-7C09990FA5AE}
		{5D1AB9D9-755F-4743-AE73-83B7D5FCCD65} = {5D1AB9D9-755F-4743-AE73-83B7D5FCCD65}
	EndProjectSection
EndProject
Project("{8BC9CEB8-8B4A-11D0-8D11-00A0C91BC942}") = "CAN_ISOLAR_EVE_VCAN", "CAN_ISOLAR_EVE_VCAN\CAN_ISOLAR_EVE_VCAN.vcxproj", "{C02E2F57-48A5-4EEE-991F-FA868E52CDB4}"
	ProjectSection(ProjectDependencies) = postProject
		{4A20171C-51DB-4E82-BCE0-5E3EEB070566} = {4A20171C-51DB-4E82-BCE0-5E3EEB070566}
	EndProjectSection
EndProject
Project("{8BC9CEB8-8B4A-11D0-8D11-00A0C91BC942}") = "LIN_ISOLAR_EVE_VLIN", "LIN_ISOLAR_EVE_VLIN\LIN_ISOLAR_EVE_VLIN.vcxproj", "{11FE9CC2-77A3-46B3-94A1-327BB17BA0E8}"
	ProjectSection(ProjectDependencies) = postProject
		{4A20171C-51DB-4E82-BCE0-5E3EEB070566} = {4A20171C-51DB-4E82-BCE0-5E3EEB070566}
	EndProjectSection
EndProject
Project("{8BC9CEB8-8B4A-11D0-8D11-00A0C91BC942}") = "LIN_Vector_XL", "LIN_Vector_XL\LIN_Vector_XL.vcxproj", "{1B2A321C-FEEB-419F-9374-2D91A4B5EC35}"
	ProjectSection(ProjectDependencies) = postProject
		{4A20171C-51DB-4E82-BCE0-5E3EEB070566} = {4A20171C-51DB-4E82-BCE0-5E3EEB070566}
		{5D1AB9D9-755F-4743-AE73-83B7D5FCCD65} = {5D1AB9D9-755F-4743-AE73-83B7D5FCCD65}
	EndProjectSection
EndProject
Project("{8BC9CEB8-8B4A-11D0-8D11-00A0C91BC942}") = "CAN_ETAS_BOA_2_0", "CAN_ETAS_BOA\CAN_ETAS_BOA_2_0.vcxproj", "{E90E4BF3-5975-44B8-908D-834872DA367E}"
	ProjectSection(ProjectDependencies) = postProject
		{9DD56217-A038-44E4-83A4-239F977104DB} = {9DD56217-A038-44E4-83A4-239F977104DB}
		{4A20171C-51DB-4E82-BCE0-5E3EEB070566} = {4A20171C-51DB-4E82-BCE0-5E3EEB070566}
	EndProjectSection
EndProject
Project("{8BC9CEB8-8B4A-11D0-8D11-00A0C91BC942}") = "LIN_ETAS_BOA", "LIN_ETAS_BOA\LIN_ETAS_BOA.vcxproj", "{3765F36A-696A-4302-BED9-56F156280EA2}"
	ProjectSection(ProjectDependencies) = postProject
		{4A20171C-51DB-4E82-BCE0-5E3EEB070566} = {4A20171C-51DB-4E82-BCE0-5E3EEB070566}
		{5D1AB9D9-755F-4743-AE73-83B7D5FCCD65} = {5D1AB9D9-755F-4743-AE73-83B7D5FCCD65}
	EndProjectSection
EndProject
Global
	GlobalSection(SolutionConfigurationPlatforms) = preSolution
		busmaster_debug|Win32 = busmaster_debug|Win32
		Debug|Win32 = Debug|Win32
		Release|Win32 = Release|Win32
		Template|Win32 = Template|Win32
		Unicode Debug|Win32 = Unicode Debug|Win32
		Unicode Release MinSize|Win32 = Unicode Release MinSize|Win32
		Unicode Release|Win32 = Unicode Release|Win32
	EndGlobalSection
	GlobalSection(ProjectConfigurationPlatforms) = postSolution
		{77290670-1DBD-4127-8BAD-7C09990FA5AE}.busmaster_debug|Win32.ActiveCfg = busmaster_debug|Win32
		{77290670-1DBD-4127-8BAD-7C09990FA5AE}.busmaster_debug|Win32.Build.0 = busmaster_debug|Win32
		{77290670-1DBD-4127-8BAD-7C09990FA5AE}.Debug|Win32.ActiveCfg = Debug|Win32
		{77290670-1DBD-4127-8BAD-7C09990FA5AE}.Debug|Win32.Build.0 = Debug|Win32
		{77290670-1DBD-4127-8BAD-7C09990FA5AE}.Release|Win32.ActiveCfg = Release|Win32
		{77290670-1DBD-4127-8BAD-7C09990FA5AE}.Release|Win32.Build.0 = Release|Win32
		{77290670-1DBD-4127-8BAD-7C09990FA5AE}.Template|Win32.ActiveCfg = Release|Win32
		{77290670-1DBD-4127-8BAD-7C09990FA5AE}.Template|Win32.Build.0 = Release|Win32
		{77290670-1DBD-4127-8BAD-7C09990FA5AE}.Unicode Debug|Win32.ActiveCfg = Release|Win32
		{77290670-1DBD-4127-8BAD-7C09990FA5AE}.Unicode Debug|Win32.Build.0 = Release|Win32
		{77290670-1DBD-4127-8BAD-7C09990FA5AE}.Unicode Release MinSize|Win32.ActiveCfg = Release|Win32
		{77290670-1DBD-4127-8BAD-7C09990FA5AE}.Unicode Release MinSize|Win32.Build.0 = Release|Win32
		{77290670-1DBD-4127-8BAD-7C09990FA5AE}.Unicode Release|Win32.ActiveCfg = Release|Win32
		{77290670-1DBD-4127-8BAD-7C09990FA5AE}.Unicode Release|Win32.Build.0 = Release|Win32
		{5D1AB9D9-755F-4743-AE73-83B7D5FCCD65}.busmaster_debug|Win32.ActiveCfg = busmaster_debug|Win32
		{5D1AB9D9-755F-4743-AE73-83B7D5FCCD65}.busmaster_debug|Win32.Build.0 = busmaster_debug|Win32
		{5D1AB9D9-755F-4743-AE73-83B7D5FCCD65}.Debug|Win32.ActiveCfg = Debug|Win32
		{5D1AB9D9-755F-4743-AE73-83B7D5FCCD65}.Debug|Win32.Build.0 = Debug|Win32
		{5D1AB9D9-755F-4743-AE73-83B7D5FCCD65}.Release|Win32.ActiveCfg = Release|Win32
		{5D1AB9D9-755F-4743-AE73-83B7D5FCCD65}.Release|Win32.Build.0 = Release|Win32
		{5D1AB9D9-755F-4743-AE73-83B7D5FCCD65}.Template|Win32.ActiveCfg = Release|Win32
		{5D1AB9D9-755F-4743-AE73-83B7D5FCCD65}.Template|Win32.Build.0 = Release|Win32
		{5D1AB9D9-755F-4743-AE73-83B7D5FCCD65}.Unicode Debug|Win32.ActiveCfg = Release|Win32
		{5D1AB9D9-755F-4743-AE73-83B7D5FCCD65}.Unicode Debug|Win32.Build.0 = Release|Win32
		{5D1AB9D9-755F-4743-AE73-83B7D5FCCD65}.Unicode Release MinSize|Win32.ActiveCfg = Release|Win32
		{5D1AB9D9-755F-4743-AE73-83B7D5FCCD65}.Unicode Release MinSize|Win32.Build.0 = Release|Win32
		{5D1AB9D9-755F-4743-AE73-83B7D5FCCD65}.Unicode Release|Win32.ActiveCfg = Release|Win32
		{5D1AB9D9-755F-4743-AE73-83B7D5FCCD65}.Unicode Release|Win32.Build.0 = Release|Win32
		{4A20171C-51DB-4E82-BCE0-5E3EEB070566}.busmaster_debug|Win32.ActiveCfg = busmaster_debug|Win32
		{4A20171C-51DB-4E82-BCE0-5E3EEB070566}.busmaster_debug|Win32.Build.0 = busmaster_debug|Win32
		{4A20171C-51DB-4E82-BCE0-5E3EEB070566}.Debug|Win32.ActiveCfg = Debug|Win32
		{4A20171C-51DB-4E82-BCE0-5E3EEB070566}.Debug|Win32.Build.0 = Debug|Win32
		{4A20171C-51DB-4E82-BCE0-5E3EEB070566}.Release|Win32.ActiveCfg = Release|Win32
		{4A20171C-51DB-4E82-BCE0-5E3EEB070566}.Release|Win32.Build.0 = Release|Win32
		{4A20171C-51DB-4E82-BCE0-5E3EEB070566}.Template|Win32.ActiveCfg = Release|Win32
		{4A20171C-51DB-4E82-BCE0-5E3EEB070566}.Template|Win32.Build.0 = Release|Win32
		{4A20171C-51DB-4E82-BCE0-5E3EEB070566}.Unicode Debug|Win32.ActiveCfg = Release|Win32
		{4A20171C-51DB-4E82-BCE0-5E3EEB070566}.Unicode Debug|Win32.Build.0 = Release|Win32
		{4A20171C-51DB-4E82-BCE0-5E3EEB070566}.Unicode Release MinSize|Win32.ActiveCfg = Release|Win32
		{4A20171C-51DB-4E82-BCE0-5E3EEB070566}.Unicode Release MinSize|Win32.Build.0 = Release|Win32
		{4A20171C-51DB-4E82-BCE0-5E3EEB070566}.Unicode Release|Win32.ActiveCfg = Release|Win32
		{4A20171C-51DB-4E82-BCE0-5E3EEB070566}.Unicode Release|Win32.Build.0 = Release|Win32
		{08185BF7-1497-49FB-8451-02C4F97B4BDE}.busmaster_debug|Win32.ActiveCfg = busmaster_debug|Win32
		{08185BF7-1497-49FB-8451-02C4F97B4BDE}.busmaster_debug|Win32.Build.0 = busmaster_debug|Win32
		{08185BF7-1497-49FB-8451-02C4F97B4BDE}.Debug|Win32.ActiveCfg = Debug|Win32
		{08185BF7-1497-49FB-8451-02C4F97B4BDE}.Debug|Win32.Build.0 = Debug|Win32
		{08185BF7-1497-49FB-8451-02C4F97B4BDE}.Release|Win32.ActiveCfg = Release|Win32
		{08185BF7-1497-49FB-8451-02C4F97B4BDE}.Release|Win32.Build.0 = Release|Win32
		{08185BF7-1497-49FB-8451-02C4F97B4BDE}.Template|Win32.ActiveCfg = Release|Win32
		{08185BF7-1497-49FB-8451-02C4F97B4BDE}.Template|Win32.Build.0 = Release|Win32
		{08185BF7-1497-49FB-8451-02C4F97B4BDE}.Unicode Debug|Win32.ActiveCfg = Release|Win32
		{08185BF7-1497-49FB-8451-02C4F97B4BDE}.Unicode Debug|Win32.Build.0 = Release|Win32
		{08185BF7-1497-49FB-8451-02C4F97B4BDE}.Unicode Release MinSize|Win32.ActiveCfg = Release|Win32
		{08185BF7-1497-49FB-8451-02C4F97B4BDE}.Unicode Release MinSize|Win32.Build.0 = Release|Win32
		{08185BF7-1497-49FB-8451-02C4F97B4BDE}.Unicode Release|Win32.ActiveCfg = Release|Win32
		{08185BF7-1497-49FB-8451-02C4F97B4BDE}.Unicode Release|Win32.Build.0 = Release|Win32
		{549E1D9D-FB60-4405-B78E-3C7A8221DC15}.busmaster_debug|Win32.ActiveCfg = busmaster_debug|Win32
		{549E1D9D-FB60-4405-B78E-3C7A8221DC15}.busmaster_debug|Win32.Build.0 = busmaster_debug|Win32
		{549E1D9D-FB60-4405-B78E-3C7A8221DC15}.Debug|Win32.ActiveCfg = Debug|Win32
		{549E1D9D-FB60-4405-B78E-3C7A8221DC15}.Debug|Win32.Build.0 = Debug|Win32
		{549E1D9D-FB60-4405-B78E-3C7A8221DC15}.Release|Win32.ActiveCfg = Release|Win32
		{549E1D9D-FB60-4405-B78E-3C7A8221DC15}.Release|Win32.Build.0 = Release|Win32
		{549E1D9D-FB60-4405-B78E-3C7A8221DC15}.Template|Win32.ActiveCfg = Release|Win32
		{549E1D9D-FB60-4405-B78E-3C7A8221DC15}.Template|Win32.Build.0 = Release|Win32
		{549E1D9D-FB60-4405-B78E-3C7A8221DC15}.Unicode Debug|Win32.ActiveCfg = Release|Win32
		{549E1D9D-FB60-4405-B78E-3C7A8221DC15}.Unicode Debug|Win32.Build.0 = Release|Win32
		{549E1D9D-FB60-4405-B78E-3C7A8221DC15}.Unicode Release MinSize|Win32.ActiveCfg = Release|Win32
		{549E1D9D-FB60-4405-B78E-3C7A8221DC15}.Unicode Release MinSize|Win32.Build.0 = Release|Win32
		{549E1D9D-FB60-4405-B78E-3C7A8221DC15}.Unicode Release|Win32.ActiveCfg = Release|Win32
		{549E1D9D-FB60-4405-B78E-3C7A8221DC15}.Unicode Release|Win32.Build.0 = Release|Win32
		{6BDCA0EA-D079-4EF4-BC2C-5E20B66F4EC0}.busmaster_debug|Win32.ActiveCfg = busmaster_debug|Win32
		{6BDCA0EA-D079-4EF4-BC2C-5E20B66F4EC0}.busmaster_debug|Win32.Build.0 = busmaster_debug|Win32
		{6BDCA0EA-D079-4EF4-BC2C-5E20B66F4EC0}.Debug|Win32.ActiveCfg = Debug|Win32
		{6BDCA0EA-D079-4EF4-BC2C-5E20B66F4EC0}.Debug|Win32.Build.0 = Debug|Win32
		{6BDCA0EA-D079-4EF4-BC2C-5E20B66F4EC0}.Release|Win32.ActiveCfg = Release|Win32
		{6BDCA0EA-D079-4EF4-BC2C-5E20B66F4EC0}.Release|Win32.Build.0 = Release|Win32
		{6BDCA0EA-D079-4EF4-BC2C-5E20B66F4EC0}.Template|Win32.ActiveCfg = Release|Win32
		{6BDCA0EA-D079-4EF4-BC2C-5E20B66F4EC0}.Template|Win32.Build.0 = Release|Win32
		{6BDCA0EA-D079-4EF4-BC2C-5E20B66F4EC0}.Unicode Debug|Win32.ActiveCfg = Release|Win32
		{6BDCA0EA-D079-4EF4-BC2C-5E20B66F4EC0}.Unicode Debug|Win32.Build.0 = Release|Win32
		{6BDCA0EA-D079-4EF4-BC2C-5E20B66F4EC0}.Unicode Release MinSize|Win32.ActiveCfg = Release|Win32
		{6BDCA0EA-D079-4EF4-BC2C-5E20B66F4EC0}.Unicode Release MinSize|Win32.Build.0 = Release|Win32
		{6BDCA0EA-D079-4EF4-BC2C-5E20B66F4EC0}.Unicode Release|Win32.ActiveCfg = Release|Win32
		{6BDCA0EA-D079-4EF4-BC2C-5E20B66F4EC0}.Unicode Release|Win32.Build.0 = Release|Win32
		{88AFFFB3-CDF1-4FE9-9D75-43F5CAAE4E9A}.busmaster_debug|Win32.ActiveCfg = busmaster_debug|Win32
		{88AFFFB3-CDF1-4FE9-9D75-43F5CAAE4E9A}.busmaster_debug|Win32.Build.0 = busmaster_debug|Win32
		{88AFFFB3-CDF1-4FE9-9D75-43F5CAAE4E9A}.Debug|Win32.ActiveCfg = Debug|Win32
		{88AFFFB3-CDF1-4FE9-9D75-43F5CAAE4E9A}.Debug|Win32.Build.0 = Debug|Win32
		{88AFFFB3-CDF1-4FE9-9D75-43F5CAAE4E9A}.Release|Win32.ActiveCfg = Release|Win32
		{88AFFFB3-CDF1-4FE9-9D75-43F5CAAE4E9A}.Release|Win32.Build.0 = Release|Win32
		{88AFFFB3-CDF1-4FE9-9D75-43F5CAAE4E9A}.Template|Win32.ActiveCfg = Template|Win32
		{88AFFFB3-CDF1-4FE9-9D75-43F5CAAE4E9A}.Template|Win32.Build.0 = Template|Win32
		{88AFFFB3-CDF1-4FE9-9D75-43F5CAAE4E9A}.Unicode Debug|Win32.ActiveCfg = Release|Win32
		{88AFFFB3-CDF1-4FE9-9D75-43F5CAAE4E9A}.Unicode Debug|Win32.Build.0 = Release|Win32
		{88AFFFB3-CDF1-4FE9-9D75-43F5CAAE4E9A}.Unicode Release MinSize|Win32.ActiveCfg = Release|Win32
		{88AFFFB3-CDF1-4FE9-9D75-43F5CAAE4E9A}.Unicode Release MinSize|Win32.Build.0 = Release|Win32
		{88AFFFB3-CDF1-4FE9-9D75-43F5CAAE4E9A}.Unicode Release|Win32.ActiveCfg = Release|Win32
		{88AFFFB3-CDF1-4FE9-9D75-43F5CAAE4E9A}.Unicode Release|Win32.Build.0 = Release|Win32
		{7D22D906-7B65-42C4-B08B-52D8B6D728CE}.busmaster_debug|Win32.ActiveCfg = busmaster_debug|Win32
		{7D22D906-7B65-42C4-B08B-52D8B6D728CE}.busmaster_debug|Win32.Build.0 = busmaster_debug|Win32
		{7D22D906-7B65-42C4-B08B-52D8B6D728CE}.Debug|Win32.ActiveCfg = Debug|Win32
		{7D22D906-7B65-42C4-B08B-52D8B6D728CE}.Debug|Win32.Build.0 = Debug|Win32
		{7D22D906-7B65-42C4-B08B-52D8B6D728CE}.Release|Win32.ActiveCfg = Release|Win32
		{7D22D906-7B65-42C4-B08B-52D8B6D728CE}.Release|Win32.Build.0 = Release|Win32
		{7D22D906-7B65-42C4-B08B-52D8B6D728CE}.Template|Win32.ActiveCfg = Release|Win32
		{7D22D906-7B65-42C4-B08B-52D8B6D728CE}.Template|Win32.Build.0 = Release|Win32
		{7D22D906-7B65-42C4-B08B-52D8B6D728CE}.Unicode Debug|Win32.ActiveCfg = Release|Win32
		{7D22D906-7B65-42C4-B08B-52D8B6D728CE}.Unicode Debug|Win32.Build.0 = Release|Win32
		{7D22D906-7B65-42C4-B08B-52D8B6D728CE}.Unicode Release MinSize|Win32.ActiveCfg = Release|Win32
		{7D22D906-7B65-42C4-B08B-52D8B6D728CE}.Unicode Release MinSize|Win32.Build.0 = Release|Win32
		{7D22D906-7B65-42C4-B08B-52D8B6D728CE}.Unicode Release|Win32.ActiveCfg = Release|Win32
		{7D22D906-7B65-42C4-B08B-52D8B6D728CE}.Unicode Release|Win32.Build.0 = Release|Win32
		{EAC6F74A-3343-4416-808D-700BAC7B2F37}.busmaster_debug|Win32.ActiveCfg = busmaster_debug|Win32
		{EAC6F74A-3343-4416-808D-700BAC7B2F37}.busmaster_debug|Win32.Build.0 = busmaster_debug|Win32
		{EAC6F74A-3343-4416-808D-700BAC7B2F37}.Debug|Win32.ActiveCfg = Debug|Win32
		{EAC6F74A-3343-4416-808D-700BAC7B2F37}.Debug|Win32.Build.0 = Debug|Win32
		{EAC6F74A-3343-4416-808D-700BAC7B2F37}.Release|Win32.ActiveCfg = Release|Win32
		{EAC6F74A-3343-4416-808D-700BAC7B2F37}.Release|Win32.Build.0 = Release|Win32
		{EAC6F74A-3343-4416-808D-700BAC7B2F37}.Template|Win32.ActiveCfg = Release|Win32
		{EAC6F74A-3343-4416-808D-700BAC7B2F37}.Template|Win32.Build.0 = Release|Win32
		{EAC6F74A-3343-4416-808D-700BAC7B2F37}.Unicode Debug|Win32.ActiveCfg = Release|Win32
		{EAC6F74A-3343-4416-808D-700BAC7B2F37}.Unicode Debug|Win32.Build.0 = Release|Win32
		{EAC6F74A-3343-4416-808D-700BAC7B2F37}.Unicode Release MinSize|Win32.ActiveCfg = Release|Win32
		{EAC6F74A-3343-4416-808D-700BAC7B2F37}.Unicode Release MinSize|Win32.Build.0 = Release|Win32
		{EAC6F74A-3343-4416-808D-700BAC7B2F37}.Unicode Release|Win32.ActiveCfg = Release|Win32
		{EAC6F74A-3343-4416-808D-700BAC7B2F37}.Unicode Release|Win32.Build.0 = Release|Win32
		{9837D037-CEC8-41FB-BFA0-7F63491F4143}.busmaster_debug|Win32.ActiveCfg = busmaster_debug|Win32
		{9837D037-CEC8-41FB-BFA0-7F63491F4143}.busmaster_debug|Win32.Build.0 = busmaster_debug|Win32
		{9837D037-CEC8-41FB-BFA0-7F63491F4143}.Debug|Win32.ActiveCfg = Debug|Win32
		{9837D037-CEC8-41FB-BFA0-7F63491F4143}.Debug|Win32.Build.0 = Debug|Win32
		{9837D037-CEC8-41FB-BFA0-7F63491F4143}.Release|Win32.ActiveCfg = Release|Win32
		{9837D037-CEC8-41FB-BFA0-7F63491F4143}.Release|Win32.Build.0 = Release|Win32
		{9837D037-CEC8-41FB-BFA0-7F63491F4143}.Template|Win32.ActiveCfg = Release|Win32
		{9837D037-CEC8-41FB-BFA0-7F63491F4143}.Template|Win32.Build.0 = Release|Win32
		{9837D037-CEC8-41FB-BFA0-7F63491F4143}.Unicode Debug|Win32.ActiveCfg = Release|Win32
		{9837D037-CEC8-41FB-BFA0-7F63491F4143}.Unicode Debug|Win32.Build.0 = Release|Win32
		{9837D037-CEC8-41FB-BFA0-7F63491F4143}.Unicode Release MinSize|Win32.ActiveCfg = Release|Win32
		{9837D037-CEC8-41FB-BFA0-7F63491F4143}.Unicode Release MinSize|Win32.Build.0 = Release|Win32
		{9837D037-CEC8-41FB-BFA0-7F63491F4143}.Unicode Release|Win32.ActiveCfg = Release|Win32
		{9837D037-CEC8-41FB-BFA0-7F63491F4143}.Unicode Release|Win32.Build.0 = Release|Win32
		{02495AB5-7675-42B9-8904-54EFEE4A4983}.busmaster_debug|Win32.ActiveCfg = busmaster_debug|Win32
		{02495AB5-7675-42B9-8904-54EFEE4A4983}.busmaster_debug|Win32.Build.0 = busmaster_debug|Win32
		{02495AB5-7675-42B9-8904-54EFEE4A4983}.Debug|Win32.ActiveCfg = Debug|Win32
		{02495AB5-7675-42B9-8904-54EFEE4A4983}.Debug|Win32.Build.0 = Debug|Win32
		{02495AB5-7675-42B9-8904-54EFEE4A4983}.Release|Win32.ActiveCfg = Release|Win32
		{02495AB5-7675-42B9-8904-54EFEE4A4983}.Release|Win32.Build.0 = Release|Win32
		{02495AB5-7675-42B9-8904-54EFEE4A4983}.Template|Win32.ActiveCfg = Template|Win32
		{02495AB5-7675-42B9-8904-54EFEE4A4983}.Template|Win32.Build.0 = Template|Win32
		{02495AB5-7675-42B9-8904-54EFEE4A4983}.Unicode Debug|Win32.ActiveCfg = Release|Win32
		{02495AB5-7675-42B9-8904-54EFEE4A4983}.Unicode Debug|Win32.Build.0 = Release|Win32
		{02495AB5-7675-42B9-8904-54EFEE4A4983}.Unicode Release MinSize|Win32.ActiveCfg = Release|Win32
		{02495AB5-7675-42B9-8904-54EFEE4A4983}.Unicode Release MinSize|Win32.Build.0 = Release|Win32
		{02495AB5-7675-42B9-8904-54EFEE4A4983}.Unicode Release|Win32.ActiveCfg = Release|Win32
		{02495AB5-7675-42B9-8904-54EFEE4A4983}.Unicode Release|Win32.Build.0 = Release|Win32
		{D12A1B79-CA60-4D7F-BA6F-79130C986BF9}.busmaster_debug|Win32.ActiveCfg = busmaster_debug|Win32
		{D12A1B79-CA60-4D7F-BA6F-79130C986BF9}.busmaster_debug|Win32.Build.0 = busmaster_debug|Win32
		{D12A1B79-CA60-4D7F-BA6F-79130C986BF9}.Debug|Win32.ActiveCfg = Debug|Win32
		{D12A1B79-CA60-4D7F-BA6F-79130C986BF9}.Debug|Win32.Build.0 = Debug|Win32
		{D12A1B79-CA60-4D7F-BA6F-79130C986BF9}.Release|Win32.ActiveCfg = Release|Win32
		{D12A1B79-CA60-4D7F-BA6F-79130C986BF9}.Release|Win32.Build.0 = Release|Win32
		{D12A1B79-CA60-4D7F-BA6F-79130C986BF9}.Template|Win32.ActiveCfg = Template|Win32
		{D12A1B79-CA60-4D7F-BA6F-79130C986BF9}.Template|Win32.Build.0 = Template|Win32
		{D12A1B79-CA60-4D7F-BA6F-79130C986BF9}.Unicode Debug|Win32.ActiveCfg = Release|Win32
		{D12A1B79-CA60-4D7F-BA6F-79130C986BF9}.Unicode Debug|Win32.Build.0 = Release|Win32
		{D12A1B79-CA60-4D7F-BA6F-79130C986BF9}.Unicode Release MinSize|Win32.ActiveCfg = Release|Win32
		{D12A1B79-CA60-4D7F-BA6F-79130C986BF9}.Unicode Release MinSize|Win32.Build.0 = Release|Win32
		{D12A1B79-CA60-4D7F-BA6F-79130C986BF9}.Unicode Release|Win32.ActiveCfg = Release|Win32
		{D12A1B79-CA60-4D7F-BA6F-79130C986BF9}.Unicode Release|Win32.Build.0 = Release|Win32
		{CDDB1221-83EF-4683-8466-966A153DA8E2}.busmaster_debug|Win32.ActiveCfg = busmaster_debug|Win32
		{CDDB1221-83EF-4683-8466-966A153DA8E2}.busmaster_debug|Win32.Build.0 = busmaster_debug|Win32
		{CDDB1221-83EF-4683-8466-966A153DA8E2}.Debug|Win32.ActiveCfg = Debug|Win32
		{CDDB1221-83EF-4683-8466-966A153DA8E2}.Debug|Win32.Build.0 = Debug|Win32
		{CDDB1221-83EF-4683-8466-966A153DA8E2}.Release|Win32.ActiveCfg = Release|Win32
		{CDDB1221-83EF-4683-8466-966A153DA8E2}.Release|Win32.Build.0 = Release|Win32
		{CDDB1221-83EF-4683-8466-966A153DA8E2}.Template|Win32.ActiveCfg = Template|Win32
		{CDDB1221-83EF-4683-8466-966A153DA8E2}.Template|Win32.Build.0 = Template|Win32
		{CDDB1221-83EF-4683-8466-966A153DA8E2}.Unicode Debug|Win32.ActiveCfg = Release|Win32
		{CDDB1221-83EF-4683-8466-966A153DA8E2}.Unicode Debug|Win32.Build.0 = Release|Win32
		{CDDB1221-83EF-4683-8466-966A153DA8E2}.Unicode Release MinSize|Win32.ActiveCfg = Release|Win32
		{CDDB1221-83EF-4683-8466-966A153DA8E2}.Unicode Release MinSize|Win32.Build.0 = Release|Win32
		{CDDB1221-83EF-4683-8466-966A153DA8E2}.Unicode Release|Win32.ActiveCfg = Release|Win32
		{CDDB1221-83EF-4683-8466-966A153DA8E2}.Unicode Release|Win32.Build.0 = Release|Win32
		{9305EC2D-F775-402D-915B-9E0F397D2675}.busmaster_debug|Win32.ActiveCfg = busmaster_debug|Win32
		{9305EC2D-F775-402D-915B-9E0F397D2675}.busmaster_debug|Win32.Build.0 = busmaster_debug|Win32
		{9305EC2D-F775-402D-915B-9E0F397D2675}.Debug|Win32.ActiveCfg = Debug|Win32
		{9305EC2D-F775-402D-915B-9E0F397D2675}.Debug|Win32.Build.0 = Debug|Win32
		{9305EC2D-F775-402D-915B-9E0F397D2675}.Release|Win32.ActiveCfg = Release|Win32
		{9305EC2D-F775-402D-915B-9E0F397D2675}.Release|Win32.Build.0 = Release|Win32
		{9305EC2D-F775-402D-915B-9E0F397D2675}.Template|Win32.ActiveCfg = Release|Win32
		{9305EC2D-F775-402D-915B-9E0F397D2675}.Template|Win32.Build.0 = Release|Win32
		{9305EC2D-F775-402D-915B-9E0F397D2675}.Unicode Debug|Win32.ActiveCfg = Release|Win32
		{9305EC2D-F775-402D-915B-9E0F397D2675}.Unicode Debug|Win32.Build.0 = Release|Win32
		{9305EC2D-F775-402D-915B-9E0F397D2675}.Unicode Release MinSize|Win32.ActiveCfg = Release|Win32
		{9305EC2D-F775-402D-915B-9E0F397D2675}.Unicode Release MinSize|Win32.Build.0 = Release|Win32
		{9305EC2D-F775-402D-915B-9E0F397D2675}.Unicode Release|Win32.ActiveCfg = Release|Win32
		{9305EC2D-F775-402D-915B-9E0F397D2675}.Unicode Release|Win32.Build.0 = Release|Win32
		{F09AE645-8A52-4744-9A37-BAAEB85D2848}.busmaster_debug|Win32.ActiveCfg = busmaster_debug|Win32
		{F09AE645-8A52-4744-9A37-BAAEB85D2848}.busmaster_debug|Win32.Build.0 = busmaster_debug|Win32
		{F09AE645-8A52-4744-9A37-BAAEB85D2848}.Debug|Win32.ActiveCfg = Debug|Win32
		{F09AE645-8A52-4744-9A37-BAAEB85D2848}.Debug|Win32.Build.0 = Debug|Win32
		{F09AE645-8A52-4744-9A37-BAAEB85D2848}.Release|Win32.ActiveCfg = Release|Win32
		{F09AE645-8A52-4744-9A37-BAAEB85D2848}.Release|Win32.Build.0 = Release|Win32
		{F09AE645-8A52-4744-9A37-BAAEB85D2848}.Template|Win32.ActiveCfg = Template|Win32
		{F09AE645-8A52-4744-9A37-BAAEB85D2848}.Template|Win32.Build.0 = Template|Win32
		{F09AE645-8A52-4744-9A37-BAAEB85D2848}.Unicode Debug|Win32.ActiveCfg = Release|Win32
		{F09AE645-8A52-4744-9A37-BAAEB85D2848}.Unicode Debug|Win32.Build.0 = Release|Win32
		{F09AE645-8A52-4744-9A37-BAAEB85D2848}.Unicode Release MinSize|Win32.ActiveCfg = Release|Win32
		{F09AE645-8A52-4744-9A37-BAAEB85D2848}.Unicode Release MinSize|Win32.Build.0 = Release|Win32
		{F09AE645-8A52-4744-9A37-BAAEB85D2848}.Unicode Release|Win32.ActiveCfg = Release|Win32
		{F09AE645-8A52-4744-9A37-BAAEB85D2848}.Unicode Release|Win32.Build.0 = Release|Win32
		{5CD856C4-FD55-4CA5-ACA9-36B48F29255B}.busmaster_debug|Win32.ActiveCfg = busmaster_debug|Win32
		{5CD856C4-FD55-4CA5-ACA9-36B48F29255B}.busmaster_debug|Win32.Build.0 = busmaster_debug|Win32
		{5CD856C4-FD55-4CA5-ACA9-36B48F29255B}.Debug|Win32.ActiveCfg = Debug|Win32
		{5CD856C4-FD55-4CA5-ACA9-36B48F29255B}.Debug|Win32.Build.0 = Debug|Win32
		{5CD856C4-FD55-4CA5-ACA9-36B48F29255B}.Release|Win32.ActiveCfg = Release|Win32
		{5CD856C4-FD55-4CA5-ACA9-36B48F29255B}.Release|Win32.Build.0 = Release|Win32
		{5CD856C4-FD55-4CA5-ACA9-36B48F29255B}.Template|Win32.ActiveCfg = Release|Win32
		{5CD856C4-FD55-4CA5-ACA9-36B48F29255B}.Template|Win32.Build.0 = Release|Win32
		{5CD856C4-FD55-4CA5-ACA9-36B48F29255B}.Unicode Debug|Win32.ActiveCfg = Release|Win32
		{5CD856C4-FD55-4CA5-ACA9-36B48F29255B}.Unicode Debug|Win32.Build.0 = Release|Win32
		{5CD856C4-FD55-4CA5-ACA9-36B48F29255B}.Unicode Release MinSize|Win32.ActiveCfg = Release|Win32
		{5CD856C4-FD55-4CA5-ACA9-36B48F29255B}.Unicode Release MinSize|Win32.Build.0 = Release|Win32
		{5CD856C4-FD55-4CA5-ACA9-36B48F29255B}.Unicode Release|Win32.ActiveCfg = Release|Win32
		{5CD856C4-FD55-4CA5-ACA9-36B48F29255B}.Unicode Release|Win32.Build.0 = Release|Win32
		{589582A2-F46C-4E7F-ACD9-4A2E1587569D}.busmaster_debug|Win32.ActiveCfg = busmaster_debug|Win32
		{589582A2-F46C-4E7F-ACD9-4A2E1587569D}.busmaster_debug|Win32.Build.0 = busmaster_debug|Win32
		{589582A2-F46C-4E7F-ACD9-4A2E1587569D}.Debug|Win32.ActiveCfg = Debug|Win32
		{589582A2-F46C-4E7F-ACD9-4A2E1587569D}.Debug|Win32.Build.0 = Debug|Win32
		{589582A2-F46C-4E7F-ACD9-4A2E1587569D}.Release|Win32.ActiveCfg = Release|Win32
		{589582A2-F46C-4E7F-ACD9-4A2E1587569D}.Release|Win32.Build.0 = Release|Win32
		{589582A2-F46C-4E7F-ACD9-4A2E1587569D}.Template|Win32.ActiveCfg = Release|Win32
		{589582A2-F46C-4E7F-ACD9-4A2E1587569D}.Template|Win32.Build.0 = Release|Win32
		{589582A2-F46C-4E7F-ACD9-4A2E1587569D}.Unicode Debug|Win32.ActiveCfg = Release|Win32
		{589582A2-F46C-4E7F-ACD9-4A2E1587569D}.Unicode Debug|Win32.Build.0 = Release|Win32
		{589582A2-F46C-4E7F-ACD9-4A2E1587569D}.Unicode Release MinSize|Win32.ActiveCfg = Release|Win32
		{589582A2-F46C-4E7F-ACD9-4A2E1587569D}.Unicode Release MinSize|Win32.Build.0 = Release|Win32
		{589582A2-F46C-4E7F-ACD9-4A2E1587569D}.Unicode Release|Win32.ActiveCfg = Release|Win32
		{589582A2-F46C-4E7F-ACD9-4A2E1587569D}.Unicode Release|Win32.Build.0 = Release|Win32
		{18224B50-2726-4431-B701-6437300B6D3F}.busmaster_debug|Win32.ActiveCfg = busmaster_debug|Win32
		{18224B50-2726-4431-B701-6437300B6D3F}.busmaster_debug|Win32.Build.0 = busmaster_debug|Win32
		{18224B50-2726-4431-B701-6437300B6D3F}.Debug|Win32.ActiveCfg = Debug|Win32
		{18224B50-2726-4431-B701-6437300B6D3F}.Debug|Win32.Build.0 = Debug|Win32
		{18224B50-2726-4431-B701-6437300B6D3F}.Release|Win32.ActiveCfg = Release|Win32
		{18224B50-2726-4431-B701-6437300B6D3F}.Release|Win32.Build.0 = Release|Win32
		{18224B50-2726-4431-B701-6437300B6D3F}.Template|Win32.ActiveCfg = Release|Win32
		{18224B50-2726-4431-B701-6437300B6D3F}.Template|Win32.Build.0 = Release|Win32
		{18224B50-2726-4431-B701-6437300B6D3F}.Unicode Debug|Win32.ActiveCfg = Release|Win32
		{18224B50-2726-4431-B701-6437300B6D3F}.Unicode Debug|Win32.Build.0 = Release|Win32
		{18224B50-2726-4431-B701-6437300B6D3F}.Unicode Release MinSize|Win32.ActiveCfg = Release|Win32
		{18224B50-2726-4431-B701-6437300B6D3F}.Unicode Release MinSize|Win32.Build.0 = Release|Win32
		{18224B50-2726-4431-B701-6437300B6D3F}.Unicode Release|Win32.ActiveCfg = Release|Win32
		{18224B50-2726-4431-B701-6437300B6D3F}.Unicode Release|Win32.Build.0 = Release|Win32
		{B3C78624-42F9-4A8D-9572-16D17F52DC14}.busmaster_debug|Win32.ActiveCfg = busmaster_debug|Win32
		{B3C78624-42F9-4A8D-9572-16D17F52DC14}.busmaster_debug|Win32.Build.0 = busmaster_debug|Win32
		{B3C78624-42F9-4A8D-9572-16D17F52DC14}.Debug|Win32.ActiveCfg = Debug|Win32
		{B3C78624-42F9-4A8D-9572-16D17F52DC14}.Debug|Win32.Build.0 = Debug|Win32
		{B3C78624-42F9-4A8D-9572-16D17F52DC14}.Release|Win32.ActiveCfg = Release|Win32
		{B3C78624-42F9-4A8D-9572-16D17F52DC14}.Release|Win32.Build.0 = Release|Win32
		{B3C78624-42F9-4A8D-9572-16D17F52DC14}.Template|Win32.ActiveCfg = Template|Win32
		{B3C78624-42F9-4A8D-9572-16D17F52DC14}.Template|Win32.Build.0 = Template|Win32
		{B3C78624-42F9-4A8D-9572-16D17F52DC14}.Unicode Debug|Win32.ActiveCfg = Debug|Win32
		{B3C78624-42F9-4A8D-9572-16D17F52DC14}.Unicode Debug|Win32.Build.0 = Debug|Win32
		{B3C78624-42F9-4A8D-9572-16D17F52DC14}.Unicode Release MinSize|Win32.ActiveCfg = Release|Win32
		{B3C78624-42F9-4A8D-9572-16D17F52DC14}.Unicode Release MinSize|Win32.Build.0 = Release|Win32
		{B3C78624-42F9-4A8D-9572-16D17F52DC14}.Unicode Release|Win32.ActiveCfg = Release|Win32
		{B3C78624-42F9-4A8D-9572-16D17F52DC14}.Unicode Release|Win32.Build.0 = Release|Win32
		{9DF9963F-7938-4A16-B2E2-0BFA167BD3BB}.busmaster_debug|Win32.ActiveCfg = busmaster_debug|Win32
		{9DF9963F-7938-4A16-B2E2-0BFA167BD3BB}.busmaster_debug|Win32.Build.0 = busmaster_debug|Win32
		{9DF9963F-7938-4A16-B2E2-0BFA167BD3BB}.Debug|Win32.ActiveCfg = Debug|Win32
		{9DF9963F-7938-4A16-B2E2-0BFA167BD3BB}.Debug|Win32.Build.0 = Debug|Win32
		{9DF9963F-7938-4A16-B2E2-0BFA167BD3BB}.Release|Win32.ActiveCfg = Release|Win32
		{9DF9963F-7938-4A16-B2E2-0BFA167BD3BB}.Release|Win32.Build.0 = Release|Win32
		{9DF9963F-7938-4A16-B2E2-0BFA167BD3BB}.Template|Win32.ActiveCfg = Release|Win32
		{9DF9963F-7938-4A16-B2E2-0BFA167BD3BB}.Template|Win32.Build.0 = Release|Win32
		{9DF9963F-7938-4A16-B2E2-0BFA167BD3BB}.Unicode Debug|Win32.ActiveCfg = Debug|Win32
		{9DF9963F-7938-4A16-B2E2-0BFA167BD3BB}.Unicode Debug|Win32.Build.0 = Debug|Win32
		{9DF9963F-7938-4A16-B2E2-0BFA167BD3BB}.Unicode Release MinSize|Win32.ActiveCfg = Release|Win32
		{9DF9963F-7938-4A16-B2E2-0BFA167BD3BB}.Unicode Release MinSize|Win32.Build.0 = Release|Win32
		{9DF9963F-7938-4A16-B2E2-0BFA167BD3BB}.Unicode Release|Win32.ActiveCfg = Release|Win32
		{9DF9963F-7938-4A16-B2E2-0BFA167BD3BB}.Unicode Release|Win32.Build.0 = Release|Win32
		{191E1FE9-43CB-49C2-BF40-CC5994A586FB}.busmaster_debug|Win32.ActiveCfg = busmaster_debug|Win32
		{191E1FE9-43CB-49C2-BF40-CC5994A586FB}.busmaster_debug|Win32.Build.0 = busmaster_debug|Win32
		{191E1FE9-43CB-49C2-BF40-CC5994A586FB}.Debug|Win32.ActiveCfg = Debug|Win32
		{191E1FE9-43CB-49C2-BF40-CC5994A586FB}.Debug|Win32.Build.0 = Debug|Win32
		{191E1FE9-43CB-49C2-BF40-CC5994A586FB}.Release|Win32.ActiveCfg = Release|Win32
		{191E1FE9-43CB-49C2-BF40-CC5994A586FB}.Release|Win32.Build.0 = Release|Win32
		{191E1FE9-43CB-49C2-BF40-CC5994A586FB}.Template|Win32.ActiveCfg = Release|Win32
		{191E1FE9-43CB-49C2-BF40-CC5994A586FB}.Template|Win32.Build.0 = Release|Win32
		{191E1FE9-43CB-49C2-BF40-CC5994A586FB}.Unicode Debug|Win32.ActiveCfg = Debug|Win32
		{191E1FE9-43CB-49C2-BF40-CC5994A586FB}.Unicode Debug|Win32.Build.0 = Debug|Win32
		{191E1FE9-43CB-49C2-BF40-CC5994A586FB}.Unicode Release MinSize|Win32.ActiveCfg = Release|Win32
		{191E1FE9-43CB-49C2-BF40-CC5994A586FB}.Unicode Release MinSize|Win32.Build.0 = Release|Win32
		{191E1FE9-43CB-49C2-BF40-CC5994A586FB}.Unicode Release|Win32.ActiveCfg = Release|Win32
		{191E1FE9-43CB-49C2-BF40-CC5994A586FB}.Unicode Release|Win32.Build.0 = Release|Win32
		{548AFEB2-EA30-4501-9F36-766AE11B791A}.busmaster_debug|Win32.ActiveCfg = busmaster_debug|Win32
		{548AFEB2-EA30-4501-9F36-766AE11B791A}.busmaster_debug|Win32.Build.0 = busmaster_debug|Win32
		{548AFEB2-EA30-4501-9F36-766AE11B791A}.Debug|Win32.ActiveCfg = Debug|Win32
		{548AFEB2-EA30-4501-9F36-766AE11B791A}.Debug|Win32.Build.0 = Debug|Win32
		{548AFEB2-EA30-4501-9F36-766AE11B791A}.Release|Win32.ActiveCfg = Release|Win32
		{548AFEB2-EA30-4501-9F36-766AE11B791A}.Release|Win32.Build.0 = Release|Win32
		{548AFEB2-EA30-4501-9F36-766AE11B791A}.Template|Win32.ActiveCfg = Template|Win32
		{548AFEB2-EA30-4501-9F36-766AE11B791A}.Template|Win32.Build.0 = Template|Win32
		{548AFEB2-EA30-4501-9F36-766AE11B791A}.Unicode Debug|Win32.ActiveCfg = Debug|Win32
		{548AFEB2-EA30-4501-9F36-766AE11B791A}.Unicode Debug|Win32.Build.0 = Debug|Win32
		{548AFEB2-EA30-4501-9F36-766AE11B791A}.Unicode Release MinSize|Win32.ActiveCfg = Release|Win32
		{548AFEB2-EA30-4501-9F36-766AE11B791A}.Unicode Release MinSize|Win32.Build.0 = Release|Win32
		{548AFEB2-EA30-4501-9F36-766AE11B791A}.Unicode Release|Win32.ActiveCfg = Release|Win32
		{548AFEB2-EA30-4501-9F36-766AE11B791A}.Unicode Release|Win32.Build.0 = Release|Win32
		{11A11CEA-45ED-4FE6-BDE2-643DF9267FAC}.busmaster_debug|Win32.ActiveCfg = busmaster_debug|Win32
		{11A11CEA-45ED-4FE6-BDE2-643DF9267FAC}.busmaster_debug|Win32.Build.0 = busmaster_debug|Win32
		{11A11CEA-45ED-4FE6-BDE2-643DF9267FAC}.Debug|Win32.ActiveCfg = Debug|Win32
		{11A11CEA-45ED-4FE6-BDE2-643DF9267FAC}.Debug|Win32.Build.0 = Debug|Win32
		{11A11CEA-45ED-4FE6-BDE2-643DF9267FAC}.Release|Win32.ActiveCfg = Release|Win32
		{11A11CEA-45ED-4FE6-BDE2-643DF9267FAC}.Release|Win32.Build.0 = Release|Win32
		{11A11CEA-45ED-4FE6-BDE2-643DF9267FAC}.Template|Win32.ActiveCfg = Template|Win32
		{11A11CEA-45ED-4FE6-BDE2-643DF9267FAC}.Template|Win32.Build.0 = Template|Win32
		{11A11CEA-45ED-4FE6-BDE2-643DF9267FAC}.Unicode Debug|Win32.ActiveCfg = Debug|Win32
		{11A11CEA-45ED-4FE6-BDE2-643DF9267FAC}.Unicode Debug|Win32.Build.0 = Debug|Win32
		{11A11CEA-45ED-4FE6-BDE2-643DF9267FAC}.Unicode Release MinSize|Win32.ActiveCfg = Release|Win32
		{11A11CEA-45ED-4FE6-BDE2-643DF9267FAC}.Unicode Release MinSize|Win32.Build.0 = Release|Win32
		{11A11CEA-45ED-4FE6-BDE2-643DF9267FAC}.Unicode Release|Win32.ActiveCfg = Release|Win32
		{11A11CEA-45ED-4FE6-BDE2-643DF9267FAC}.Unicode Release|Win32.Build.0 = Release|Win32
		{11160320-BA40-4253-87ED-04EDB9E4021F}.busmaster_debug|Win32.ActiveCfg = busmaster_debug|Win32
		{11160320-BA40-4253-87ED-04EDB9E4021F}.Debug|Win32.ActiveCfg = Debug|Win32
		{11160320-BA40-4253-87ED-04EDB9E4021F}.Release|Win32.ActiveCfg = Release|Win32
		{11160320-BA40-4253-87ED-04EDB9E4021F}.Template|Win32.ActiveCfg = Release|Win32
		{11160320-BA40-4253-87ED-04EDB9E4021F}.Template|Win32.Build.0 = Release|Win32
		{11160320-BA40-4253-87ED-04EDB9E4021F}.Unicode Debug|Win32.ActiveCfg = Debug|Win32
		{11160320-BA40-4253-87ED-04EDB9E4021F}.Unicode Release MinSize|Win32.ActiveCfg = Release|Win32
		{11160320-BA40-4253-87ED-04EDB9E4021F}.Unicode Release|Win32.ActiveCfg = Release|Win32
		{EFB39D0A-C032-436C-81FB-7A02C7851D00}.busmaster_debug|Win32.ActiveCfg = busmaster_debug|Win32
		{EFB39D0A-C032-436C-81FB-7A02C7851D00}.busmaster_debug|Win32.Build.0 = busmaster_debug|Win32
		{EFB39D0A-C032-436C-81FB-7A02C7851D00}.Debug|Win32.ActiveCfg = Debug|Win32
		{EFB39D0A-C032-436C-81FB-7A02C7851D00}.Debug|Win32.Build.0 = Debug|Win32
		{EFB39D0A-C032-436C-81FB-7A02C7851D00}.Release|Win32.ActiveCfg = Release|Win32
		{EFB39D0A-C032-436C-81FB-7A02C7851D00}.Release|Win32.Build.0 = Release|Win32
		{EFB39D0A-C032-436C-81FB-7A02C7851D00}.Template|Win32.ActiveCfg = Release|Win32
		{EFB39D0A-C032-436C-81FB-7A02C7851D00}.Template|Win32.Build.0 = Release|Win32
		{EFB39D0A-C032-436C-81FB-7A02C7851D00}.Unicode Debug|Win32.ActiveCfg = Debug|Win32
		{EFB39D0A-C032-436C-81FB-7A02C7851D00}.Unicode Release MinSize|Win32.ActiveCfg = Release|Win32
		{EFB39D0A-C032-436C-81FB-7A02C7851D00}.Unicode Release|Win32.ActiveCfg = Release|Win32
		{7812969F-7FF6-448C-A19C-78CC07362163}.busmaster_debug|Win32.ActiveCfg = busmaster_debug|Win32
		{7812969F-7FF6-448C-A19C-78CC07362163}.busmaster_debug|Win32.Build.0 = busmaster_debug|Win32
		{7812969F-7FF6-448C-A19C-78CC07362163}.Debug|Win32.ActiveCfg = Debug|Win32
		{7812969F-7FF6-448C-A19C-78CC07362163}.Debug|Win32.Build.0 = Debug|Win32
		{7812969F-7FF6-448C-A19C-78CC07362163}.Release|Win32.ActiveCfg = Release|Win32
		{7812969F-7FF6-448C-A19C-78CC07362163}.Release|Win32.Build.0 = Release|Win32
		{7812969F-7FF6-448C-A19C-78CC07362163}.Template|Win32.ActiveCfg = Release|Win32
		{7812969F-7FF6-448C-A19C-78CC07362163}.Template|Win32.Build.0 = Release|Win32
		{7812969F-7FF6-448C-A19C-78CC07362163}.Unicode Debug|Win32.ActiveCfg = Debug|Win32
		{7812969F-7FF6-448C-A19C-78CC07362163}.Unicode Debug|Win32.Build.0 = Debug|Win32
		{7812969F-7FF6-448C-A19C-78CC07362163}.Unicode Release MinSize|Win32.ActiveCfg = Release|Win32
		{7812969F-7FF6-448C-A19C-78CC07362163}.Unicode Release MinSize|Win32.Build.0 = Release|Win32
		{7812969F-7FF6-448C-A19C-78CC07362163}.Unicode Release|Win32.ActiveCfg = Release|Win32
		{7812969F-7FF6-448C-A19C-78CC07362163}.Unicode Release|Win32.Build.0 = Release|Win32
		{4890AE40-CF77-41F3-BBC6-066AE26DF77C}.busmaster_debug|Win32.ActiveCfg = busmaster_debug|Win32
		{4890AE40-CF77-41F3-BBC6-066AE26DF77C}.Debug|Win32.ActiveCfg = Debug|Win32
		{4890AE40-CF77-41F3-BBC6-066AE26DF77C}.Release|Win32.ActiveCfg = Release|Win32
		{4890AE40-CF77-41F3-BBC6-066AE26DF77C}.Template|Win32.ActiveCfg = Release|Win32
		{4890AE40-CF77-41F3-BBC6-066AE26DF77C}.Template|Win32.Build.0 = Release|Win32
		{4890AE40-CF77-41F3-BBC6-066AE26DF77C}.Unicode Debug|Win32.ActiveCfg = Debug|Win32
		{4890AE40-CF77-41F3-BBC6-066AE26DF77C}.Unicode Release MinSize|Win32.ActiveCfg = Release|Win32
		{4890AE40-CF77-41F3-BBC6-066AE26DF77C}.Unicode Release|Win32.ActiveCfg = Release|Win32
		{0C047CC0-42B6-4386-A2F0-1DCCE9A2AEFE}.busmaster_debug|Win32.ActiveCfg = busmaster_debug|Win32
		{0C047CC0-42B6-4386-A2F0-1DCCE9A2AEFE}.busmaster_debug|Win32.Build.0 = busmaster_debug|Win32
		{0C047CC0-42B6-4386-A2F0-1DCCE9A2AEFE}.Debug|Win32.ActiveCfg = Debug|Win32
		{0C047CC0-42B6-4386-A2F0-1DCCE9A2AEFE}.Debug|Win32.Build.0 = Debug|Win32
		{0C047CC0-42B6-4386-A2F0-1DCCE9A2AEFE}.Release|Win32.ActiveCfg = Release|Win32
		{0C047CC0-42B6-4386-A2F0-1DCCE9A2AEFE}.Release|Win32.Build.0 = Release|Win32
		{0C047CC0-42B6-4386-A2F0-1DCCE9A2AEFE}.Template|Win32.ActiveCfg = Release|Win32
		{0C047CC0-42B6-4386-A2F0-1DCCE9A2AEFE}.Template|Win32.Build.0 = Release|Win32
		{0C047CC0-42B6-4386-A2F0-1DCCE9A2AEFE}.Unicode Debug|Win32.ActiveCfg = Debug|Win32
		{0C047CC0-42B6-4386-A2F0-1DCCE9A2AEFE}.Unicode Debug|Win32.Build.0 = Debug|Win32
		{0C047CC0-42B6-4386-A2F0-1DCCE9A2AEFE}.Unicode Release MinSize|Win32.ActiveCfg = Release|Win32
		{0C047CC0-42B6-4386-A2F0-1DCCE9A2AEFE}.Unicode Release MinSize|Win32.Build.0 = Release|Win32
		{0C047CC0-42B6-4386-A2F0-1DCCE9A2AEFE}.Unicode Release|Win32.ActiveCfg = Release|Win32
		{0C047CC0-42B6-4386-A2F0-1DCCE9A2AEFE}.Unicode Release|Win32.Build.0 = Release|Win32
		{9D8AF453-01BC-44C9-9753-568BCEA38D4E}.busmaster_debug|Win32.ActiveCfg = Unicode Release MinSize|Win32
		{9D8AF453-01BC-44C9-9753-568BCEA38D4E}.busmaster_debug|Win32.Build.0 = Unicode Release MinSize|Win32
		{9D8AF453-01BC-44C9-9753-568BCEA38D4E}.Debug|Win32.ActiveCfg = Unicode Debug|Win32
		{9D8AF453-01BC-44C9-9753-568BCEA38D4E}.Debug|Win32.Build.0 = Unicode Debug|Win32
		{9D8AF453-01BC-44C9-9753-568BCEA38D4E}.Release|Win32.ActiveCfg = Unicode Release MinSize|Win32
		{9D8AF453-01BC-44C9-9753-568BCEA38D4E}.Release|Win32.Build.0 = Unicode Release MinSize|Win32
		{9D8AF453-01BC-44C9-9753-568BCEA38D4E}.Template|Win32.ActiveCfg = Template|Win32
		{9D8AF453-01BC-44C9-9753-568BCEA38D4E}.Template|Win32.Build.0 = Template|Win32
		{9D8AF453-01BC-44C9-9753-568BCEA38D4E}.Unicode Debug|Win32.ActiveCfg = Unicode Debug|Win32
		{9D8AF453-01BC-44C9-9753-568BCEA38D4E}.Unicode Debug|Win32.Build.0 = Unicode Debug|Win32
		{9D8AF453-01BC-44C9-9753-568BCEA38D4E}.Unicode Release MinSize|Win32.ActiveCfg = Unicode Release MinSize|Win32
		{9D8AF453-01BC-44C9-9753-568BCEA38D4E}.Unicode Release MinSize|Win32.Build.0 = Unicode Release MinSize|Win32
		{9D8AF453-01BC-44C9-9753-568BCEA38D4E}.Unicode Release|Win32.ActiveCfg = Unicode Release MinSize|Win32
		{9D8AF453-01BC-44C9-9753-568BCEA38D4E}.Unicode Release|Win32.Build.0 = Unicode Release MinSize|Win32
		{60225C85-3C15-4DA1-8E5D-17453A3AA0CD}.busmaster_debug|Win32.ActiveCfg = busmaster_debug|Win32
		{60225C85-3C15-4DA1-8E5D-17453A3AA0CD}.busmaster_debug|Win32.Build.0 = busmaster_debug|Win32
		{60225C85-3C15-4DA1-8E5D-17453A3AA0CD}.Debug|Win32.ActiveCfg = Debug|Win32
		{60225C85-3C15-4DA1-8E5D-17453A3AA0CD}.Debug|Win32.Build.0 = Debug|Win32
		{60225C85-3C15-4DA1-8E5D-17453A3AA0CD}.Release|Win32.ActiveCfg = Release|Win32
		{60225C85-3C15-4DA1-8E5D-17453A3AA0CD}.Release|Win32.Build.0 = Release|Win32
		{60225C85-3C15-4DA1-8E5D-17453A3AA0CD}.Template|Win32.ActiveCfg = Release|Win32
		{60225C85-3C15-4DA1-8E5D-17453A3AA0CD}.Template|Win32.Build.0 = Release|Win32
		{60225C85-3C15-4DA1-8E5D-17453A3AA0CD}.Unicode Debug|Win32.ActiveCfg = Debug|Win32
		{60225C85-3C15-4DA1-8E5D-17453A3AA0CD}.Unicode Debug|Win32.Build.0 = Debug|Win32
		{60225C85-3C15-4DA1-8E5D-17453A3AA0CD}.Unicode Release MinSize|Win32.ActiveCfg = Release|Win32
		{60225C85-3C15-4DA1-8E5D-17453A3AA0CD}.Unicode Release MinSize|Win32.Build.0 = Release|Win32
		{60225C85-3C15-4DA1-8E5D-17453A3AA0CD}.Unicode Release|Win32.ActiveCfg = Release|Win32
		{60225C85-3C15-4DA1-8E5D-17453A3AA0CD}.Unicode Release|Win32.Build.0 = Release|Win32
		{F920F538-A4B0-4EB6-81FC-6011E9C1806F}.busmaster_debug|Win32.ActiveCfg = busmaster_debug|Win32
		{F920F538-A4B0-4EB6-81FC-6011E9C1806F}.busmaster_debug|Win32.Build.0 = busmaster_debug|Win32
		{F920F538-A4B0-4EB6-81FC-6011E9C1806F}.Debug|Win32.ActiveCfg = Debug|Win32
		{F920F538-A4B0-4EB6-81FC-6011E9C1806F}.Debug|Win32.Build.0 = Debug|Win32
		{F920F538-A4B0-4EB6-81FC-6011E9C1806F}.Release|Win32.ActiveCfg = Release|Win32
		{F920F538-A4B0-4EB6-81FC-6011E9C1806F}.Release|Win32.Build.0 = Release|Win32
		{F920F538-A4B0-4EB6-81FC-6011E9C1806F}.Template|Win32.ActiveCfg = Template|Win32
		{F920F538-A4B0-4EB6-81FC-6011E9C1806F}.Template|Win32.Build.0 = Template|Win32
		{F920F538-A4B0-4EB6-81FC-6011E9C1806F}.Unicode Debug|Win32.ActiveCfg = Debug|Win32
		{F920F538-A4B0-4EB6-81FC-6011E9C1806F}.Unicode Debug|Win32.Build.0 = Debug|Win32
		{F920F538-A4B0-4EB6-81FC-6011E9C1806F}.Unicode Release MinSize|Win32.ActiveCfg = Release|Win32
		{F920F538-A4B0-4EB6-81FC-6011E9C1806F}.Unicode Release MinSize|Win32.Build.0 = Release|Win32
		{F920F538-A4B0-4EB6-81FC-6011E9C1806F}.Unicode Release|Win32.ActiveCfg = Release|Win32
		{F920F538-A4B0-4EB6-81FC-6011E9C1806F}.Unicode Release|Win32.Build.0 = Release|Win32
		{74AFE37F-88FC-49E1-8C54-944E95BB137A}.busmaster_debug|Win32.ActiveCfg = busmaster_debug|Win32
		{74AFE37F-88FC-49E1-8C54-944E95BB137A}.busmaster_debug|Win32.Build.0 = busmaster_debug|Win32
		{74AFE37F-88FC-49E1-8C54-944E95BB137A}.Debug|Win32.ActiveCfg = Debug|Win32
		{74AFE37F-88FC-49E1-8C54-944E95BB137A}.Debug|Win32.Build.0 = Debug|Win32
		{74AFE37F-88FC-49E1-8C54-944E95BB137A}.Release|Win32.ActiveCfg = Release|Win32
		{74AFE37F-88FC-49E1-8C54-944E95BB137A}.Release|Win32.Build.0 = Release|Win32
		{74AFE37F-88FC-49E1-8C54-944E95BB137A}.Template|Win32.ActiveCfg = Release|Win32
		{74AFE37F-88FC-49E1-8C54-944E95BB137A}.Template|Win32.Build.0 = Release|Win32
		{74AFE37F-88FC-49E1-8C54-944E95BB137A}.Unicode Debug|Win32.ActiveCfg = Debug|Win32
		{74AFE37F-88FC-49E1-8C54-944E95BB137A}.Unicode Debug|Win32.Build.0 = Debug|Win32
		{74AFE37F-88FC-49E1-8C54-944E95BB137A}.Unicode Release MinSize|Win32.ActiveCfg = Release|Win32
		{74AFE37F-88FC-49E1-8C54-944E95BB137A}.Unicode Release MinSize|Win32.Build.0 = Release|Win32
		{74AFE37F-88FC-49E1-8C54-944E95BB137A}.Unicode Release|Win32.ActiveCfg = Release|Win32
		{107EE0A4-837A-4CD9-9C6B-D945E9BF191A}.busmaster_debug|Win32.ActiveCfg = busmaster_debug|Win32
		{107EE0A4-837A-4CD9-9C6B-D945E9BF191A}.busmaster_debug|Win32.Build.0 = busmaster_debug|Win32
		{107EE0A4-837A-4CD9-9C6B-D945E9BF191A}.Debug|Win32.ActiveCfg = Debug|Win32
		{107EE0A4-837A-4CD9-9C6B-D945E9BF191A}.Debug|Win32.Build.0 = Debug|Win32
		{107EE0A4-837A-4CD9-9C6B-D945E9BF191A}.Release|Win32.ActiveCfg = Release|Win32
		{107EE0A4-837A-4CD9-9C6B-D945E9BF191A}.Release|Win32.Build.0 = Release|Win32
		{107EE0A4-837A-4CD9-9C6B-D945E9BF191A}.Template|Win32.ActiveCfg = Release|Win32
		{107EE0A4-837A-4CD9-9C6B-D945E9BF191A}.Template|Win32.Build.0 = Release|Win32
		{107EE0A4-837A-4CD9-9C6B-D945E9BF191A}.Unicode Debug|Win32.ActiveCfg = Debug|Win32
		{107EE0A4-837A-4CD9-9C6B-D945E9BF191A}.Unicode Debug|Win32.Build.0 = Debug|Win32
		{107EE0A4-837A-4CD9-9C6B-D945E9BF191A}.Unicode Release MinSize|Win32.ActiveCfg = Release|Win32
		{107EE0A4-837A-4CD9-9C6B-D945E9BF191A}.Unicode Release MinSize|Win32.Build.0 = Release|Win32
		{107EE0A4-837A-4CD9-9C6B-D945E9BF191A}.Unicode Release|Win32.ActiveCfg = Release|Win32
		{107EE0A4-837A-4CD9-9C6B-D945E9BF191A}.Unicode Release|Win32.Build.0 = Release|Win32
		{4059A67C-0BFA-4A7D-BA3D-BD40F8E3FA54}.busmaster_debug|Win32.ActiveCfg = busmaster_debug|Win32
		{4059A67C-0BFA-4A7D-BA3D-BD40F8E3FA54}.busmaster_debug|Win32.Build.0 = busmaster_debug|Win32
		{4059A67C-0BFA-4A7D-BA3D-BD40F8E3FA54}.Debug|Win32.ActiveCfg = Debug|Win32
		{4059A67C-0BFA-4A7D-BA3D-BD40F8E3FA54}.Debug|Win32.Build.0 = Debug|Win32
		{4059A67C-0BFA-4A7D-BA3D-BD40F8E3FA54}.Release|Win32.ActiveCfg = Release|Win32
		{4059A67C-0BFA-4A7D-BA3D-BD40F8E3FA54}.Release|Win32.Build.0 = Release|Win32
		{4059A67C-0BFA-4A7D-BA3D-BD40F8E3FA54}.Template|Win32.ActiveCfg = Release|Win32
		{4059A67C-0BFA-4A7D-BA3D-BD40F8E3FA54}.Template|Win32.Build.0 = Release|Win32
		{4059A67C-0BFA-4A7D-BA3D-BD40F8E3FA54}.Unicode Debug|Win32.ActiveCfg = Debug|Win32
		{4059A67C-0BFA-4A7D-BA3D-BD40F8E3FA54}.Unicode Debug|Win32.Build.0 = Debug|Win32
		{4059A67C-0BFA-4A7D-BA3D-BD40F8E3FA54}.Unicode Release MinSize|Win32.ActiveCfg = Release|Win32
		{4059A67C-0BFA-4A7D-BA3D-BD40F8E3FA54}.Unicode Release MinSize|Win32.Build.0 = Release|Win32
		{4059A67C-0BFA-4A7D-BA3D-BD40F8E3FA54}.Unicode Release|Win32.ActiveCfg = Release|Win32
		{4059A67C-0BFA-4A7D-BA3D-BD40F8E3FA54}.Unicode Release|Win32.Build.0 = Release|Win32
		{22D50E79-8756-4CF5-843E-5B2ECCE53768}.busmaster_debug|Win32.ActiveCfg = busmaster_debug|Win32
		{22D50E79-8756-4CF5-843E-5B2ECCE53768}.busmaster_debug|Win32.Build.0 = busmaster_debug|Win32
		{22D50E79-8756-4CF5-843E-5B2ECCE53768}.Debug|Win32.ActiveCfg = Debug|Win32
		{22D50E79-8756-4CF5-843E-5B2ECCE53768}.Debug|Win32.Build.0 = Debug|Win32
		{22D50E79-8756-4CF5-843E-5B2ECCE53768}.Release|Win32.ActiveCfg = Release|Win32
		{22D50E79-8756-4CF5-843E-5B2ECCE53768}.Release|Win32.Build.0 = Release|Win32
		{22D50E79-8756-4CF5-843E-5B2ECCE53768}.Template|Win32.ActiveCfg = Release|Win32
		{22D50E79-8756-4CF5-843E-5B2ECCE53768}.Template|Win32.Build.0 = Release|Win32
		{22D50E79-8756-4CF5-843E-5B2ECCE53768}.Unicode Debug|Win32.ActiveCfg = Debug|Win32
		{22D50E79-8756-4CF5-843E-5B2ECCE53768}.Unicode Debug|Win32.Build.0 = Debug|Win32
		{22D50E79-8756-4CF5-843E-5B2ECCE53768}.Unicode Release MinSize|Win32.ActiveCfg = Release|Win32
		{22D50E79-8756-4CF5-843E-5B2ECCE53768}.Unicode Release MinSize|Win32.Build.0 = Release|Win32
		{22D50E79-8756-4CF5-843E-5B2ECCE53768}.Unicode Release|Win32.ActiveCfg = Release|Win32
		{22D50E79-8756-4CF5-843E-5B2ECCE53768}.Unicode Release|Win32.Build.0 = Release|Win32
		{8136ACA4-FAC9-42A7-8FB8-B625F7B3F0DF}.busmaster_debug|Win32.ActiveCfg = busmaster_debug|Win32
		{8136ACA4-FAC9-42A7-8FB8-B625F7B3F0DF}.busmaster_debug|Win32.Build.0 = busmaster_debug|Win32
		{8136ACA4-FAC9-42A7-8FB8-B625F7B3F0DF}.Debug|Win32.ActiveCfg = Debug|Win32
		{8136ACA4-FAC9-42A7-8FB8-B625F7B3F0DF}.Debug|Win32.Build.0 = Debug|Win32
		{8136ACA4-FAC9-42A7-8FB8-B625F7B3F0DF}.Release|Win32.ActiveCfg = Release|Win32
		{8136ACA4-FAC9-42A7-8FB8-B625F7B3F0DF}.Release|Win32.Build.0 = Release|Win32
		{8136ACA4-FAC9-42A7-8FB8-B625F7B3F0DF}.Template|Win32.ActiveCfg = Release|Win32
		{8136ACA4-FAC9-42A7-8FB8-B625F7B3F0DF}.Template|Win32.Build.0 = Release|Win32
		{8136ACA4-FAC9-42A7-8FB8-B625F7B3F0DF}.Unicode Debug|Win32.ActiveCfg = Debug|Win32
		{8136ACA4-FAC9-42A7-8FB8-B625F7B3F0DF}.Unicode Debug|Win32.Build.0 = Debug|Win32
		{8136ACA4-FAC9-42A7-8FB8-B625F7B3F0DF}.Unicode Release MinSize|Win32.ActiveCfg = Release|Win32
		{8136ACA4-FAC9-42A7-8FB8-B625F7B3F0DF}.Unicode Release MinSize|Win32.Build.0 = Release|Win32
		{8136ACA4-FAC9-42A7-8FB8-B625F7B3F0DF}.Unicode Release|Win32.ActiveCfg = Release|Win32
		{8136ACA4-FAC9-42A7-8FB8-B625F7B3F0DF}.Unicode Release|Win32.Build.0 = Release|Win32
		{72D02354-C749-45CC-AE1A-A8445CF3984D}.busmaster_debug|Win32.ActiveCfg = busmaster_debug|Win32
		{72D02354-C749-45CC-AE1A-A8445CF3984D}.busmaster_debug|Win32.Build.0 = busmaster_debug|Win32
		{72D02354-C749-45CC-AE1A-A8445CF3984D}.Debug|Win32.ActiveCfg = Debug|Win32
		{72D02354-C749-45CC-AE1A-A8445CF3984D}.Debug|Win32.Build.0 = Debug|Win32
		{72D02354-C749-45CC-AE1A-A8445CF3984D}.Release|Win32.ActiveCfg = Release|Win32
		{72D02354-C749-45CC-AE1A-A8445CF3984D}.Release|Win32.Build.0 = Release|Win32
		{72D02354-C749-45CC-AE1A-A8445CF3984D}.Template|Win32.ActiveCfg = Release|Win32
		{72D02354-C749-45CC-AE1A-A8445CF3984D}.Template|Win32.Build.0 = Release|Win32
		{72D02354-C749-45CC-AE1A-A8445CF3984D}.Unicode Debug|Win32.ActiveCfg = Debug|Win32
		{72D02354-C749-45CC-AE1A-A8445CF3984D}.Unicode Debug|Win32.Build.0 = Debug|Win32
		{72D02354-C749-45CC-AE1A-A8445CF3984D}.Unicode Release MinSize|Win32.ActiveCfg = Release|Win32
		{72D02354-C749-45CC-AE1A-A8445CF3984D}.Unicode Release MinSize|Win32.Build.0 = Release|Win32
		{72D02354-C749-45CC-AE1A-A8445CF3984D}.Unicode Release|Win32.ActiveCfg = Release|Win32
		{72D02354-C749-45CC-AE1A-A8445CF3984D}.Unicode Release|Win32.Build.0 = Release|Win32
		{9DD56217-A038-44E4-83A4-239F977104DB}.busmaster_debug|Win32.ActiveCfg = busmaster_debug|Win32
		{9DD56217-A038-44E4-83A4-239F977104DB}.busmaster_debug|Win32.Build.0 = busmaster_debug|Win32
		{9DD56217-A038-44E4-83A4-239F977104DB}.Debug|Win32.ActiveCfg = Debug|Win32
		{9DD56217-A038-44E4-83A4-239F977104DB}.Debug|Win32.Build.0 = Debug|Win32
		{9DD56217-A038-44E4-83A4-239F977104DB}.Release|Win32.ActiveCfg = Release|Win32
		{9DD56217-A038-44E4-83A4-239F977104DB}.Release|Win32.Build.0 = Release|Win32
		{9DD56217-A038-44E4-83A4-239F977104DB}.Template|Win32.ActiveCfg = Release|Win32
		{9DD56217-A038-44E4-83A4-239F977104DB}.Template|Win32.Build.0 = Release|Win32
		{9DD56217-A038-44E4-83A4-239F977104DB}.Unicode Debug|Win32.ActiveCfg = Debug|Win32
		{9DD56217-A038-44E4-83A4-239F977104DB}.Unicode Debug|Win32.Build.0 = Debug|Win32
		{9DD56217-A038-44E4-83A4-239F977104DB}.Unicode Release MinSize|Win32.ActiveCfg = Release|Win32
		{9DD56217-A038-44E4-83A4-239F977104DB}.Unicode Release MinSize|Win32.Build.0 = Release|Win32
		{9DD56217-A038-44E4-83A4-239F977104DB}.Unicode Release|Win32.ActiveCfg = Release|Win32
		{9DD56217-A038-44E4-83A4-239F977104DB}.Unicode Release|Win32.Build.0 = Release|Win32
		{6E565EAB-C97A-4D30-BD2F-4713D12FE316}.busmaster_debug|Win32.ActiveCfg = busmaster_debug|Win32
		{6E565EAB-C97A-4D30-BD2F-4713D12FE316}.busmaster_debug|Win32.Build.0 = busmaster_debug|Win32
		{6E565EAB-C97A-4D30-BD2F-4713D12FE316}.Debug|Win32.ActiveCfg = Debug|Win32
		{6E565EAB-C97A-4D30-BD2F-4713D12FE316}.Debug|Win32.Build.0 = Debug|Win32
		{6E565EAB-C97A-4D30-BD2F-4713D12FE316}.Release|Win32.ActiveCfg = Release|Win32
		{6E565EAB-C97A-4D30-BD2F-4713D12FE316}.Release|Win32.Build.0 = Release|Win32
		{6E565EAB-C97A-4D30-BD2F-4713D12FE316}.Template|Win32.ActiveCfg = Release|Win32
		{6E565EAB-C97A-4D30-BD2F-4713D12FE316}.Template|Win32.Build.0 = Release|Win32
		{6E565EAB-C97A-4D30-BD2F-4713D12FE316}.Unicode Debug|Win32.ActiveCfg = Debug|Win32
		{6E565EAB-C97A-4D30-BD2F-4713D12FE316}.Unicode Debug|Win32.Build.0 = Debug|Win32
		{6E565EAB-C97A-4D30-BD2F-4713D12FE316}.Unicode Release MinSize|Win32.ActiveCfg = Release|Win32
		{6E565EAB-C97A-4D30-BD2F-4713D12FE316}.Unicode Release MinSize|Win32.Build.0 = Release|Win32
		{6E565EAB-C97A-4D30-BD2F-4713D12FE316}.Unicode Release|Win32.ActiveCfg = Release|Win32
		{6E565EAB-C97A-4D30-BD2F-4713D12FE316}.Unicode Release|Win32.Build.0 = Release|Win32
		{8D073063-141F-42E1-BA01-E561F78DB5E8}.busmaster_debug|Win32.ActiveCfg = busmaster_debug|Win32
		{8D073063-141F-42E1-BA01-E561F78DB5E8}.busmaster_debug|Win32.Build.0 = busmaster_debug|Win32
		{8D073063-141F-42E1-BA01-E561F78DB5E8}.Debug|Win32.ActiveCfg = Debug|Win32
		{8D073063-141F-42E1-BA01-E561F78DB5E8}.Debug|Win32.Build.0 = Debug|Win32
		{8D073063-141F-42E1-BA01-E561F78DB5E8}.Release|Win32.ActiveCfg = Release|Win32
		{8D073063-141F-42E1-BA01-E561F78DB5E8}.Release|Win32.Build.0 = Release|Win32
		{8D073063-141F-42E1-BA01-E561F78DB5E8}.Template|Win32.ActiveCfg = Release|Win32
		{8D073063-141F-42E1-BA01-E561F78DB5E8}.Template|Win32.Build.0 = Release|Win32
		{8D073063-141F-42E1-BA01-E561F78DB5E8}.Unicode Debug|Win32.ActiveCfg = Debug|Win32
		{8D073063-141F-42E1-BA01-E561F78DB5E8}.Unicode Debug|Win32.Build.0 = Debug|Win32
		{8D073063-141F-42E1-BA01-E561F78DB5E8}.Unicode Release MinSize|Win32.ActiveCfg = Release|Win32
		{8D073063-141F-42E1-BA01-E561F78DB5E8}.Unicode Release MinSize|Win32.Build.0 = Release|Win32
		{8D073063-141F-42E1-BA01-E561F78DB5E8}.Unicode Release|Win32.ActiveCfg = Release|Win32
		{8D073063-141F-42E1-BA01-E561F78DB5E8}.Unicode Release|Win32.Build.0 = Release|Win32
		{C02E2F57-48A5-4EEE-991F-FA868E52CDB4}.busmaster_debug|Win32.ActiveCfg = busmaster_debug|Win32
		{C02E2F57-48A5-4EEE-991F-FA868E52CDB4}.busmaster_debug|Win32.Build.0 = busmaster_debug|Win32
		{C02E2F57-48A5-4EEE-991F-FA868E52CDB4}.Debug|Win32.ActiveCfg = Debug|Win32
		{C02E2F57-48A5-4EEE-991F-FA868E52CDB4}.Debug|Win32.Build.0 = Debug|Win32
		{C02E2F57-48A5-4EEE-991F-FA868E52CDB4}.Release|Win32.ActiveCfg = Release|Win32
		{C02E2F57-48A5-4EEE-991F-FA868E52CDB4}.Release|Win32.Build.0 = Release|Win32
		{C02E2F57-48A5-4EEE-991F-FA868E52CDB4}.Template|Win32.ActiveCfg = Release|Win32
		{C02E2F57-48A5-4EEE-991F-FA868E52CDB4}.Template|Win32.Build.0 = Release|Win32
		{C02E2F57-48A5-4EEE-991F-FA868E52CDB4}.Unicode Debug|Win32.ActiveCfg = Debug|Win32
		{C02E2F57-48A5-4EEE-991F-FA868E52CDB4}.Unicode Debug|Win32.Build.0 = Debug|Win32
		{C02E2F57-48A5-4EEE-991F-FA868E52CDB4}.Unicode Release MinSize|Win32.ActiveCfg = Release|Win32
		{C02E2F57-48A5-4EEE-991F-FA868E52CDB4}.Unicode Release MinSize|Win32.Build.0 = Release|Win32
		{C02E2F57-48A5-4EEE-991F-FA868E52CDB4}.Unicode Release|Win32.ActiveCfg = Release|Win32
		{C02E2F57-48A5-4EEE-991F-FA868E52CDB4}.Unicode Release|Win32.Build.0 = Release|Win32
		{11FE9CC2-77A3-46B3-94A1-327BB17BA0E8}.busmaster_debug|Win32.ActiveCfg = busmaster_debug|Win32
		{11FE9CC2-77A3-46B3-94A1-327BB17BA0E8}.busmaster_debug|Win32.Build.0 = busmaster_debug|Win32
		{11FE9CC2-77A3-46B3-94A1-327BB17BA0E8}.Debug|Win32.ActiveCfg = Debug|Win32
		{11FE9CC2-77A3-46B3-94A1-327BB17BA0E8}.Debug|Win32.Build.0 = Debug|Win32
		{11FE9CC2-77A3-46B3-94A1-327BB17BA0E8}.Release|Win32.ActiveCfg = Release|Win32
		{11FE9CC2-77A3-46B3-94A1-327BB17BA0E8}.Release|Win32.Build.0 = Release|Win32
		{11FE9CC2-77A3-46B3-94A1-327BB17BA0E8}.Template|Win32.ActiveCfg = Release|Win32
		{11FE9CC2-77A3-46B3-94A1-327BB17BA0E8}.Template|Win32.Build.0 = Release|Win32
		{11FE9CC2-77A3-46B3-94A1-327BB17BA0E8}.Unicode Debug|Win32.ActiveCfg = Debug|Win32
		{11FE9CC2-77A3-46B3-94A1-327BB17BA0E8}.Unicode Debug|Win32.Build.0 = Debug|Win32
		{11FE9CC2-77A3-46B3-94A1-327BB17BA0E8}.Unicode Release MinSize|Win32.ActiveCfg = Release|Win32
		{11FE9CC2-77A3-46B3-94A1-327BB17BA0E8}.Unicode Release MinSize|Win32.Build.0 = Release|Win32
		{11FE9CC2-77A3-46B3-94A1-327BB17BA0E8}.Unicode Release|Win32.ActiveCfg = Release|Win32
		{11FE9CC2-77A3-46B3-94A1-327BB17BA0E8}.Unicode Release|Win32.Build.0 = Release|Win32
		{1B2A321C-FEEB-419F-9374-2D91A4B5EC35}.busmaster_debug|Win32.ActiveCfg = busmaster_debug|Win32
		{1B2A321C-FEEB-419F-9374-2D91A4B5EC35}.busmaster_debug|Win32.Build.0 = busmaster_debug|Win32
		{1B2A321C-FEEB-419F-9374-2D91A4B5EC35}.Debug|Win32.ActiveCfg = Debug|Win32
		{1B2A321C-FEEB-419F-9374-2D91A4B5EC35}.Debug|Win32.Build.0 = Debug|Win32
		{1B2A321C-FEEB-419F-9374-2D91A4B5EC35}.Release|Win32.ActiveCfg = Release|Win32
		{1B2A321C-FEEB-419F-9374-2D91A4B5EC35}.Release|Win32.Build.0 = Release|Win32
		{1B2A321C-FEEB-419F-9374-2D91A4B5EC35}.Template|Win32.ActiveCfg = Release|Win32
		{1B2A321C-FEEB-419F-9374-2D91A4B5EC35}.Template|Win32.Build.0 = Release|Win32
		{1B2A321C-FEEB-419F-9374-2D91A4B5EC35}.Unicode Debug|Win32.ActiveCfg = Debug|Win32
		{1B2A321C-FEEB-419F-9374-2D91A4B5EC35}.Unicode Debug|Win32.Build.0 = Debug|Win32
		{1B2A321C-FEEB-419F-9374-2D91A4B5EC35}.Unicode Release MinSize|Win32.ActiveCfg = Release|Win32
		{1B2A321C-FEEB-419F-9374-2D91A4B5EC35}.Unicode Release MinSize|Win32.Build.0 = Release|Win32
		{1B2A321C-FEEB-419F-9374-2D91A4B5EC35}.Unicode Release|Win32.ActiveCfg = Release|Win32
		{1B2A321C-FEEB-419F-9374-2D91A4B5EC35}.Unicode Release|Win32.Build.0 = Release|Win32
		{E90E4BF3-5975-44B8-908D-834872DA367E}.busmaster_debug|Win32.ActiveCfg = busmaster_debug|Win32
		{E90E4BF3-5975-44B8-908D-834872DA367E}.busmaster_debug|Win32.Build.0 = busmaster_debug|Win32
		{E90E4BF3-5975-44B8-908D-834872DA367E}.Debug|Win32.ActiveCfg = Debug|Win32
		{E90E4BF3-5975-44B8-908D-834872DA367E}.Debug|Win32.Build.0 = Debug|Win32
		{E90E4BF3-5975-44B8-908D-834872DA367E}.Release|Win32.ActiveCfg = Release|Win32
		{E90E4BF3-5975-44B8-908D-834872DA367E}.Release|Win32.Build.0 = Release|Win32
		{E90E4BF3-5975-44B8-908D-834872DA367E}.Template|Win32.ActiveCfg = Release|Win32
		{E90E4BF3-5975-44B8-908D-834872DA367E}.Template|Win32.Build.0 = Release|Win32
		{E90E4BF3-5975-44B8-908D-834872DA367E}.Unicode Debug|Win32.ActiveCfg = Debug|Win32
		{E90E4BF3-5975-44B8-908D-834872DA367E}.Unicode Debug|Win32.Build.0 = Debug|Win32
		{E90E4BF3-5975-44B8-908D-834872DA367E}.Unicode Release MinSize|Win32.ActiveCfg = Release|Win32
		{E90E4BF3-5975-44B8-908D-834872DA367E}.Unicode Release MinSize|Win32.Build.0 = Release|Win32
		{E90E4BF3-5975-44B8-908D-834872DA367E}.Unicode Release|Win32.ActiveCfg = Release|Win32
		{E90E4BF3-5975-44B8-908D-834872DA367E}.Unicode Release|Win32.Build.0 = Release|Win32
		{3765F36A-696A-4302-BED9-56F156280EA2}.busmaster_debug|Win32.ActiveCfg = busmaster_debug|Win32
		{3765F36A-696A-4302-BED9-56F156280EA2}.busmaster_debug|Win32.Build.0 = busmaster_debug|Win32
		{3765F36A-696A-4302-BED9-56F156280EA2}.Debug|Win32.ActiveCfg = Debug|Win32
		{3765F36A-696A-4302-BED9-56F156280EA2}.Debug|Win32.Build.0 = Debug|Win32
		{3765F36A-696A-4302-BED9-56F156280EA2}.Release|Win32.ActiveCfg = Release|Win32
		{3765F36A-696A-4302-BED9-56F156280EA2}.Release|Win32.Build.0 = Release|Win32
		{3765F36A-696A-4302-BED9-56F156280EA2}.Template|Win32.ActiveCfg = Release|Win32
		{3765F36A-696A-4302-BED9-56F156280EA2}.Template|Win32.Build.0 = Release|Win32
		{3765F36A-696A-4302-BED9-56F156280EA2}.Unicode Debug|Win32.ActiveCfg = Debug|Win32
		{3765F36A-696A-4302-BED9-56F156280EA2}.Unicode Debug|Win32.Build.0 = Debug|Win32
		{3765F36A-696A-4302-BED9-56F156280EA2}.Unicode Release MinSize|Win32.ActiveCfg = Release|Win32
		{3765F36A-696A-4302-BED9-56F156280EA2}.Unicode Release MinSize|Win32.Build.0 = Release|Win32
		{3765F36A-696A-4302-BED9-56F156280EA2}.Unicode Release|Win32.ActiveCfg = Release|Win32
		{3765F36A-696A-4302-BED9-56F156280EA2}.Unicode Release|Win32.Build.0 = Release|Win32
	EndGlobalSection
	GlobalSection(SolutionProperties) = preSolution
		HideSolutionNode = FALSE
	EndGlobalSection
	GlobalSection(DPCodeReviewSolutionGUID) = preSolution
		DPCodeReviewSolutionGUID = {00000000-0000-0000-0000-000000000000}
	EndGlobalSection
EndGlobal
