<?xml version="1.0" encoding="utf-8"?>
<Project ToolsVersion="4.0" xmlns="http://schemas.microsoft.com/developer/msbuild/2003">
  <ItemGroup>
    <ClCompile Include="CommonLDFGenerator.cpp">
      <Filter>Source Files</Filter>
    </ClCompile>
    <ClCompile Include="FrameGenerator.cpp">
      <Filter>Source Files</Filter>
    </ClCompile>
    <ClCompile Include="IClusterProps.cpp">
      <Filter>Source Files</Filter>
    </ClCompile>
    <ClCompile Include="ILDFGenerator.cpp">
      <Filter>Source Files</Filter>
    </ClCompile>
    <ClCompile Include="LDFGenerator1_3.cpp">
      <Filter>Source Files</Filter>
    </ClCompile>
    <ClCompile Include="LDFCluster.cpp">
      <Filter>Source Files</Filter>
    </ClCompile>
    <ClCompile Include="LDFGenerator2_0.cpp">
      <Filter>Source Files</Filter>
    </ClCompile>
    <ClCompile Include="LDFGenerator2_1.cpp">
      <Filter>Source Files</Filter>
    </ClCompile>
    <ClCompile Include="LDFParserHelper.cpp">
      <Filter>Source Files</Filter>
    </ClCompile>
    <ClCompile Include="LdfManager.cpp">
      <Filter>Source Files</Filter>
    </ClCompile>
    <ClCompile Include="ScheduleTableParser.cpp">
      <Filter>Source Files</Filter>
    </ClCompile>
    <ClCompile Include="SignalGenerator.cpp">
      <Filter>Source Files</Filter>
    </ClCompile>
    <ClCompile Include="stdafx.cpp">
      <Filter>Source Files</Filter>
    </ClCompile>
    <ClCompile Include="dllmain.cpp">
      <Filter>Source Files</Filter>
    </ClCompile>
    <ClCompile Include="ICluster.cpp">
      <Filter>Source Files</Filter>
    </ClCompile>
    <ClCompile Include="LDFGrammerLexer.cpp">
      <Filter>LDFGrammer Files</Filter>
    </ClCompile>
    <ClCompile Include="LDFGrammerParser.cpp">
      <Filter>LDFGrammer Files</Filter>
    </ClCompile>
    <ClCompile Include="main.cpp">
      <Filter>Source Files</Filter>
    </ClCompile>
  </ItemGroup>
  <ItemGroup>
    <ClInclude Include="LDFGenerator2_1.h">
      <Filter>Header Files</Filter>
    </ClInclude>
    <ClInclude Include="LDFCluster.h">
      <Filter>Header Files</Filter>
    </ClInclude>
    <ClInclude Include="ILDFGenerator.h">
      <Filter>Header Files</Filter>
    </ClInclude>
    <ClInclude Include="IClusterProps.h">
      <Filter>Header Files</Filter>
    </ClInclude>
    <ClInclude Include="ICluster.h">
      <Filter>Header Files</Filter>
    </ClInclude>
    <ClInclude Include="FrameGenerator.h">
      <Filter>Header Files</Filter>
    </ClInclude>
    <ClInclude Include="Defines.h">
      <Filter>Header Files</Filter>
    </ClInclude>
    <ClInclude Include="LDFGenerator1_3.h">
      <Filter>Header Files</Filter>
    </ClInclude>
    <ClInclude Include="LDFGenerator2_0.h">
      <Filter>Header Files</Filter>
    </ClInclude>
    <ClInclude Include="LDFParserHelper.h">
      <Filter>Header Files</Filter>
    </ClInclude>
    <ClInclude Include="LdfManager.h">
      <Filter>Header Files</Filter>
    </ClInclude>
    <ClInclude Include="LDFTagDefines.h">
      <Filter>Header Files</Filter>
    </ClInclude>
    <ClInclude Include="ScheduleTableParser.h">
      <Filter>Header Files</Filter>
    </ClInclude>
    <ClInclude Include="SignalGenerator.h">
      <Filter>Header Files</Filter>
    </ClInclude>
    <ClInclude Include="stdafx.h">
      <Filter>Header Files</Filter>
    </ClInclude>
    <ClInclude Include="targetver.h">
      <Filter>Header Files</Filter>
    </ClInclude>
    <ClInclude Include="LDFGrammerLexer.hpp">
      <Filter>LDFGrammer Files</Filter>
    </ClInclude>
    <ClInclude Include="LDFGrammerParser.hpp">
      <Filter>LDFGrammer Files</Filter>
    </ClInclude>
  </ItemGroup>
  <ItemGroup>
    <Text Include="ReadMe.txt" />
  </ItemGroup>
  <ItemGroup>
    <Filter Include="Source Files">
      <UniqueIdentifier>{a484bb47-ed86-42c1-a9d7-75365d7611f8}</UniqueIdentifier>
    </Filter>
    <Filter Include="Header Files">
      <UniqueIdentifier>{cb0432df-ee24-4090-be2d-d15126ae6441}</UniqueIdentifier>
    </Filter>
    <Filter Include="LDFGrammer Files">
      <UniqueIdentifier>{c9b7fbd3-ad82-42a0-9209-761d7887adc8}</UniqueIdentifier>
    </Filter>
  </ItemGroup>
  <ItemGroup>
    <CustomBuild Include="LDFGrammer.g">
      <Filter>LDFGrammer Files</Filter>
    </CustomBuild>
  </ItemGroup>
</Project>