<?xml version="1.0" encoding="utf-8"?>
<Project ToolsVersion="4.0" xmlns="http://schemas.microsoft.com/developer/msbuild/2003">
  <ItemGroup>
    <Filter Include="Source Files">
      <UniqueIdentifier>{4FC737F1-C7A5-4376-A066-2A32D752A2FF}</UniqueIdentifier>
      <Extensions>cpp;c;cc;cxx;def;odl;idl;hpj;bat;asm;asmx</Extensions>
    </Filter>
    <Filter Include="Header Files">
      <UniqueIdentifier>{93995380-89BD-4b04-88EB-625FBE52EBFB}</UniqueIdentifier>
      <Extensions>h;hpp;hxx;hm;inl;inc;xsd</Extensions>
    </Filter>
    <Filter Include="Resource Files">
      <UniqueIdentifier>{67DA6AB6-F800-4c08-8B7A-83BB121AAD01}</UniqueIdentifier>
      <Extensions>rc;ico;cur;bmp;dlg;rc2;rct;bin;rgs;gif;jpg;jpeg;jpe;resx;tiff;tif;png;wav;mfcribbon-ms</Extensions>
    </Filter>
  </ItemGroup>
  <ItemGroup>
    <Text Include="ReadMe.txt" />
  </ItemGroup>
  <ItemGroup>
    <ClInclude Include="stdafx.h">
      <Filter>Header Files</Filter>
    </ClInclude>
    <ClInclude Include="targetver.h">
      <Filter>Header Files</Filter>
    </ClInclude>
    <ClInclude Include="Defines.h">
      <Filter>Header Files</Filter>
    </ClInclude>
    <ClInclude Include="FrameGenerator.h">
      <Filter>Header Files</Filter>
    </ClInclude>
    <ClInclude Include="ICluster.h">
      <Filter>Header Files</Filter>
    </ClInclude>
    <ClInclude Include="IClusterProps.h">
      <Filter>Header Files</Filter>
    </ClInclude>
    <ClInclude Include="ILDFGenerator.h">
      <Filter>Header Files</Filter>
    </ClInclude>
    <ClInclude Include="LDFCluster.h">
      <Filter>Header Files</Filter>
    </ClInclude>
    <ClInclude Include="LDFGenerator1_3.h">
      <Filter>Header Files</Filter>
    </ClInclude>
    <ClInclude Include="LDFGenerator2_0.h">
      <Filter>Header Files</Filter>
    </ClInclude>
    <ClInclude Include="LDFGenerator2_1.h">
      <Filter>Header Files</Filter>
    </ClInclude>
    <ClInclude Include="LdfManager.h">
      <Filter>Header Files</Filter>
    </ClInclude>
    <ClInclude Include="LDFParserHelper.h">
      <Filter>Header Files</Filter>
    </ClInclude>
    <ClInclude Include="LDFTagDefines.h">
      <Filter>Header Files</Filter>
    </ClInclude>
    <ClInclude Include="ScheduleTableParser.h">
      <Filter>Header Files</Filter>
    </ClInclude>
    <ClInclude Include="SignalGenerator.h">
      <Filter>Header Files</Filter>
    </ClInclude>
    <ClInclude Include="LDFGrammerLexer.hpp">
      <Filter>Header Files</Filter>
    </ClInclude>
    <ClInclude Include="LDFGrammerParser.hpp">
      <Filter>Header Files</Filter>
    </ClInclude>
  </ItemGroup>
  <ItemGroup>
    <ClCompile Include="stdafx.cpp">
      <Filter>Source Files</Filter>
    </ClCompile>
    <ClCompile Include="dllmain.cpp">
      <Filter>Source Files</Filter>
    </ClCompile>
    <ClCompile Include="CommonLDFGenerator.cpp">
      <Filter>Source Files</Filter>
    </ClCompile>
    <ClCompile Include="FrameGenerator.cpp">
      <Filter>Source Files</Filter>
    </ClCompile>
    <ClCompile Include="ICluster.cpp">
      <Filter>Source Files</Filter>
    </ClCompile>
    <ClCompile Include="IClusterProps.cpp">
      <Filter>Source Files</Filter>
    </ClCompile>
    <ClCompile Include="ILDFGenerator.cpp">
      <Filter>Source Files</Filter>
    </ClCompile>
    <ClCompile Include="LDFCluster.cpp">
      <Filter>Source Files</Filter>
    </ClCompile>
    <ClCompile Include="LDFGenerator1_3.cpp">
      <Filter>Source Files</Filter>
    </ClCompile>
    <ClCompile Include="LDFGenerator2_0.cpp">
      <Filter>Source Files</Filter>
    </ClCompile>
    <ClCompile Include="LDFGenerator2_1.cpp">
      <Filter>Source Files</Filter>
    </ClCompile>
    <ClCompile Include="LdfManager.cpp">
      <Filter>Source Files</Filter>
    </ClCompile>
    <ClCompile Include="LDFParserHelper.cpp">
      <Filter>Source Files</Filter>
    </ClCompile>
    <ClCompile Include="main.cpp">
      <Filter>Source Files</Filter>
    </ClCompile>
    <ClCompile Include="ScheduleTableParser.cpp">
      <Filter>Source Files</Filter>
    </ClCompile>
    <ClCompile Include="SignalGenerator.cpp">
      <Filter>Source Files</Filter>
    </ClCompile>
    <ClCompile Include="LDFGrammerLexer.cpp">
      <Filter>Source Files</Filter>
    </ClCompile>
    <ClCompile Include="LDFGrammerParser.cpp">
      <Filter>Source Files</Filter>
    </ClCompile>
  </ItemGroup>
  <ItemGroup>
    <CustomBuild Include="LDFGrammer.g" />
  </ItemGroup>
</Project>