Microsoft Visual Studio Solution File, Format Version 10.00
# Visual C++ Express 2008
Project("{8BC9CEB8-8B4A-11D0-8D11-00A0C91BC942}") = "CAPL_2_C", "CAPL_2_C.vcproj", "{06ED9A50-3CF2-4A6D-A72B-201096094C70}"
EndProject
Global
	GlobalSection(SolutionConfigurationPlatforms) = preSolution
		Debug|Win32 = Debug|Win32
		Release|Win32 = Release|Win32
	EndGlobalSection
	GlobalSection(ProjectConfigurationPlatforms) = postSolution
		{06ED9A50-3CF2-4A6D-A72B-201096094C70}.Debug|Win32.ActiveCfg = Debug|Win32
		{06ED9A50-3CF2-4A6D-A72B-201096094C70}.Debug|Win32.Build.0 = Debug|Win32
		{06ED9A50-3CF2-4A6D-A72B-201096094C70}.Release|Win32.ActiveCfg = Release|Win32
		{06ED9A50-3CF2-4A6D-A72B-201096094C70}.Release|Win32.Build.0 = Release|Win32
	EndGlobalSection
	GlobalSection(SolutionProperties) = preSolution
		HideSolutionNode = FALSE
	EndGlobalSection
	GlobalSection(DPCodeReviewSolutionGUID) = preSolution
		DPCodeReviewSolutionGUID = {00000000-0000-0000-0000-000000000000}
	EndGlobalSection
EndGlobal
