<?xml version="1.0" encoding="utf-8"?>
<Project ToolsVersion="4.0" xmlns="http://schemas.microsoft.com/developer/msbuild/2003">
  <ItemGroup>
    <Filter Include="Source Files">
      <UniqueIdentifier>{4FC737F1-C7A5-4376-A066-2A32D752A2FF}</UniqueIdentifier>
      <Extensions>cpp;c;cxx;def;odl;idl;hpj;bat;asm;asmx</Extensions>
    </Filter>
    <Filter Include="Header Files">
      <UniqueIdentifier>{93995380-89BD-4b04-88EB-625FBE52EBFB}</UniqueIdentifier>
      <Extensions>h;hpp;hxx;hm;inl;inc;xsd</Extensions>
    </Filter>
    <Filter Include="Resource Files">
      <UniqueIdentifier>{67DA6AB6-F800-4c08-8B7A-83BB121AAD01}</UniqueIdentifier>
      <Extensions>rc;ico;cur;bmp;dlg;rc2;rct;bin;rgs;gif;jpg;jpeg;jpe;resx</Extensions>
    </Filter>
  </ItemGroup>
  <ItemGroup>
    <ClCompile Include="..\Application\MultiLanguage.cpp">
      <Filter>Source Files</Filter>
    </ClCompile>
    <ClCompile Include="SignalWatch.cpp">
      <Filter>Source Files</Filter>
    </ClCompile>
    <ClCompile Include="SignalWatch_CAN.cpp">
      <Filter>Source Files</Filter>
    </ClCompile>
    <ClCompile Include="SignalWatch_J1939.cpp">
      <Filter>Source Files</Filter>
    </ClCompile>
    <ClCompile Include="SignalWatchListBox.cpp">
      <Filter>Source Files</Filter>
    </ClCompile>
    <ClCompile Include="SigWatchAddDelDlg.cpp">
      <Filter>Source Files</Filter>
    </ClCompile>
    <ClCompile Include="SigWatchDlg.cpp">
      <Filter>Source Files</Filter>
    </ClCompile>
    <ClCompile Include="CheckBoxTree.cpp">
      <Filter>Source Files</Filter>
    </ClCompile>
    <ClCompile Include="SignalWatch_LIN.cpp">
      <Filter>Source Files</Filter>
    </ClCompile>
    <ClCompile Include="MsgSignalSelect.cpp">
      <Filter>Source Files</Filter>
    </ClCompile>
  </ItemGroup>
  <ItemGroup>
    <ClInclude Include="BaseSignalWatch_CAN.h">
      <Filter>Header Files</Filter>
    </ClInclude>
    <ClInclude Include="BaseSignalWatch_J1939.h">
      <Filter>Header Files</Filter>
    </ClInclude>
    <ClInclude Include="..\Application\MultiLanguage.h">
      <Filter>Header Files</Filter>
    </ClInclude>
    <ClInclude Include="SignalWatch.h">
      <Filter>Header Files</Filter>
    </ClInclude>
    <ClInclude Include="SignalWatch_CAN.h">
      <Filter>Header Files</Filter>
    </ClInclude>
    <ClInclude Include="SignalWatch_Extern.h">
      <Filter>Header Files</Filter>
    </ClInclude>
    <ClInclude Include="SignalWatch_J1939.h">
      <Filter>Header Files</Filter>
    </ClInclude>
    <ClInclude Include="SignalWatch_Resource.h">
      <Filter>Header Files</Filter>
    </ClInclude>
    <ClInclude Include="SignalWatch_stdafx.h">
      <Filter>Header Files</Filter>
    </ClInclude>
    <ClInclude Include="SignalWatchDefs.h">
      <Filter>Header Files</Filter>
    </ClInclude>
    <ClInclude Include="SignalWatchListBox.h">
      <Filter>Header Files</Filter>
    </ClInclude>
    <ClInclude Include="SigWatchDlg.h">
      <Filter>Header Files</Filter>
    </ClInclude>
    <ClInclude Include="BaseSignalWatch_LIN.h">
      <Filter>Header Files</Filter>
    </ClInclude>
    <ClInclude Include="SigWatchAddDelDlg.h">
      <Filter>Header Files</Filter>
    </ClInclude>
    <ClInclude Include="CheckBoxTree.h">
      <Filter>Header Files</Filter>
    </ClInclude>
    <ClInclude Include="SignalWatch_LIN.h">
      <Filter>Header Files</Filter>
    </ClInclude>
    <ClInclude Include="MsgSignalSelect.h">
      <Filter>Header Files</Filter>
    </ClInclude>
  </ItemGroup>
  <ItemGroup>
    <None Include="res\bitmap1.bmp">
      <Filter>Resource Files</Filter>
    </None>
  </ItemGroup>
  <ItemGroup>
    <ResourceCompile Include="SignalWatch.rc">
      <Filter>Resource Files</Filter>
    </ResourceCompile>
  </ItemGroup>
  <ItemGroup>
    <Image Include="res\message.bmp">
      <Filter>Resource Files</Filter>
    </Image>
    <Image Include="res\signal.bmp">
      <Filter>Resource Files</Filter>
    </Image>
    <Image Include="res\DB Editor.ico">
      <Filter>Resource Files</Filter>
    </Image>
    <Image Include="res\Signalwatch.bmp">
      <Filter>Resource Files</Filter>
    </Image>
  </ItemGroup>
</Project>