<?xml version="1.0" encoding="utf-8"?>
<Project ToolsVersion="4.0" xmlns="http://schemas.microsoft.com/developer/msbuild/2003">
  <ItemGroup>
    <Filter Include="Source Files">
      <UniqueIdentifier>{4FC737F1-C7A5-4376-A066-2A32D752A2FF}</UniqueIdentifier>
      <Extensions>cpp;c;cxx;def;odl;idl;hpj;bat;asm;asmx</Extensions>
    </Filter>
    <Filter Include="Header Files">
      <UniqueIdentifier>{93995380-89BD-4b04-88EB-625FBE52EBFB}</UniqueIdentifier>
      <Extensions>h;hpp;hxx;hm;inl;inc;xsd</Extensions>
    </Filter>
  </ItemGroup>
  <ItemGroup>
    <ClCompile Include="GUI_FormatMsgCAN.cpp">
      <Filter>Source Files</Filter>
    </ClCompile>
    <ClCompile Include="GUI_FormatMsgCommon.cpp">
      <Filter>Source Files</Filter>
    </ClCompile>
    <ClCompile Include="GUI_FormatMsgJ1939.cpp">
      <Filter>Source Files</Filter>
    </ClCompile>
    <ClCompile Include="MsgContainerBase.cpp">
      <Filter>Source Files</Filter>
    </ClCompile>
    <ClCompile Include="RefTimeKeeper.cpp">
      <Filter>Source Files</Filter>
    </ClCompile>
    <ClCompile Include="GUI_FormatMsgLIN.cpp">
      <Filter>Source Files</Filter>
    </ClCompile>
  </ItemGroup>
  <ItemGroup>
    <ClInclude Include="CommonClass_stdafx.h">
      <Filter>Header Files</Filter>
    </ClInclude>
    <ClInclude Include="GUI_FormatMsgCAN.h">
      <Filter>Header Files</Filter>
    </ClInclude>
    <ClInclude Include="GUI_FormatMsgCommon.h">
      <Filter>Header Files</Filter>
    </ClInclude>
    <ClInclude Include="GUI_FormatMsgJ1939.h">
      <Filter>Header Files</Filter>
    </ClInclude>
    <ClInclude Include="MsgContainerBase.h">
      <Filter>Header Files</Filter>
    </ClInclude>
    <ClInclude Include="RefTimeKeeper.h">
      <Filter>Header Files</Filter>
    </ClInclude>
    <ClInclude Include="GUI_FormatMsgLIN.h">
      <Filter>Header Files</Filter>
    </ClInclude>
  </ItemGroup>
</Project>