
Microsoft Visual Studio Solution File, Format Version 12.00
# Visual Studio 2013
VisualStudioVersion = 12.0.31101.0
MinimumVisualStudioVersion = 10.0.40219.1
Project("{8BC9CEB8-8B4A-11D0-8D11-00A0C91BC942}") = "FormatConverter", "FormatConverterApp\FormatConverter.vcxproj", "{9374A00F-B768-4724-9B25-7DE7F9467D79}"
EndProject
Project("{8BC9CEB8-8B4A-11D0-8D11-00A0C91BC942}") = "AscLogConverter", "AscLogConverter\AscLogConverter.vcxproj", "{264D2ACF-4A03-488F-8864-3CB4C52FD010}"
EndProject
Project("{8BC9CEB8-8B4A-11D0-8D11-00A0C91BC942}") = "DBF2DBCConverter", "DBF2DBCConverter\DBF2DBCConverter.vcxproj", "{66B69D87-43BF-42DA-AC95-513B0ECE1B57}"
EndProject
Project("{8BC9CEB8-8B4A-11D0-8D11-00A0C91BC942}") = "DBC2DBFConverter", "DBC2DBFConverter\DBC2DBFConverter.vcxproj", "{51349052-DF3F-4E9F-AF15-50A9FC5FD2C6}"
EndProject
Project("{8BC9CEB8-8B4A-11D0-8D11-00A0C91BC942}") = "LogAscConverter", "LogAscConverter\LogAscConverter.vcxproj", "{317B836D-9AC9-48F9-ADF7-8C069E3EE447}"
EndProject
Project("{8BC9CEB8-8B4A-11D0-8D11-00A0C91BC942}") = "CAPL2CConverter", "CAPL2CConverter\CAPL2CConverter.vcxproj", "{8A7CA724-4B42-4DCA-9237-0AF94AA8B35F}"
EndProject
Project("{8BC9CEB8-8B4A-11D0-8D11-00A0C91BC942}") = "DBC2DBFConverterLibrary", "DBC2DBFConverterLibrary\DBC2DBFConverterLibrary.vcxproj", "{08D2FD1A-F393-486F-9617-C8BD298906F2}"
EndProject
Project("{8BC9CEB8-8B4A-11D0-8D11-00A0C91BC942}") = "LogToExcelConverter", "LogToExcelConverter\LogToExcelConverter.vcxproj", "{77E7E3DA-F9A1-4983-B094-ED128B81E5FF}"
EndProject
Project("{8BC9CEB8-8B4A-11D0-8D11-00A0C91BC942}") = "J1939DBC2DBFConverter", "J1939DBC2DBFConverter\J1939DBC2DBFConverter.vcxproj", "{7E2B0708-38A6-4994-A605-B3DC935F7797}"
	ProjectSection(ProjectDependencies) = postProject
		{08D2FD1A-F393-486F-9617-C8BD298906F2} = {08D2FD1A-F393-486F-9617-C8BD298906F2}
	EndProjectSection
EndProject
Project("{8BC9CEB8-8B4A-11D0-8D11-00A0C91BC942}") = "CAPL2CConverterJPN", "CAPL2CConverterJPN\CAPL2CConverterJPN.vcxproj", "{9C895A56-E1EA-4319-BAF7-EFBABFF699D8}"
EndProject
Project("{8BC9CEB8-8B4A-11D0-8D11-00A0C91BC942}") = "FormatConverterJPN", "FormatConverterJPN\FormatConverterJPN.vcxproj", "{C291DB5F-41A2-49BE-83A1-954D8D3F7C4E}"
EndProject
Project("{8BC9CEB8-8B4A-11D0-8D11-00A0C91BC942}") = "LogToExcelConverterJPN", "LogToExcelConverterJPN\LogToExcelConverterJPN.vcxproj", "{217B07EE-5C6B-43E4-ABC3-81A955059572}"
EndProject
Project("{8BC9CEB8-8B4A-11D0-8D11-00A0C91BC942}") = "BlfLogConverter", "BlfLogConverter\BlfLogConverter.vcxproj", "{85A97836-2FCD-4D10-9F0E-22D7C89668C0}"
	ProjectSection(ProjectDependencies) = postProject
		{A1978274-C8FD-41F5-B9FB-BF99854D357D} = {A1978274-C8FD-41F5-B9FB-BF99854D357D}
	EndProjectSection
EndProject
Project("{8BC9CEB8-8B4A-11D0-8D11-00A0C91BC942}") = "BlfLibrary", "BlfLibrary\BlfLibrary.vcxproj", "{A1978274-C8FD-41F5-B9FB-BF99854D357D}"
EndProject
Global
	GlobalSection(SolutionConfigurationPlatforms) = preSolution
		Debug|Win32 = Debug|Win32
		Release|Win32 = Release|Win32
	EndGlobalSection
	GlobalSection(ProjectConfigurationPlatforms) = postSolution
		{9374A00F-B768-4724-9B25-7DE7F9467D79}.Debug|Win32.ActiveCfg = Debug|Win32
		{9374A00F-B768-4724-9B25-7DE7F9467D79}.Debug|Win32.Build.0 = Debug|Win32
		{9374A00F-B768-4724-9B25-7DE7F9467D79}.Release|Win32.ActiveCfg = Release|Win32
		{9374A00F-B768-4724-9B25-7DE7F9467D79}.Release|Win32.Build.0 = Release|Win32
		{264D2ACF-4A03-488F-8864-3CB4C52FD010}.Debug|Win32.ActiveCfg = Debug|Win32
		{264D2ACF-4A03-488F-8864-3CB4C52FD010}.Debug|Win32.Build.0 = Debug|Win32
		{264D2ACF-4A03-488F-8864-3CB4C52FD010}.Release|Win32.ActiveCfg = Release|Win32
		{264D2ACF-4A03-488F-8864-3CB4C52FD010}.Release|Win32.Build.0 = Release|Win32
		{66B69D87-43BF-42DA-AC95-513B0ECE1B57}.Debug|Win32.ActiveCfg = Debug|Win32
		{66B69D87-43BF-42DA-AC95-513B0ECE1B57}.Debug|Win32.Build.0 = Debug|Win32
		{66B69D87-43BF-42DA-AC95-513B0ECE1B57}.Release|Win32.ActiveCfg = Release|Win32
		{66B69D87-43BF-42DA-AC95-513B0ECE1B57}.Release|Win32.Build.0 = Release|Win32
		{51349052-DF3F-4E9F-AF15-50A9FC5FD2C6}.Debug|Win32.ActiveCfg = Debug|Win32
		{51349052-DF3F-4E9F-AF15-50A9FC5FD2C6}.Debug|Win32.Build.0 = Debug|Win32
		{51349052-DF3F-4E9F-AF15-50A9FC5FD2C6}.Release|Win32.ActiveCfg = Release|Win32
		{51349052-DF3F-4E9F-AF15-50A9FC5FD2C6}.Release|Win32.Build.0 = Release|Win32
		{317B836D-9AC9-48F9-ADF7-8C069E3EE447}.Debug|Win32.ActiveCfg = Debug|Win32
		{317B836D-9AC9-48F9-ADF7-8C069E3EE447}.Debug|Win32.Build.0 = Debug|Win32
		{317B836D-9AC9-48F9-ADF7-8C069E3EE447}.Release|Win32.ActiveCfg = Release|Win32
		{317B836D-9AC9-48F9-ADF7-8C069E3EE447}.Release|Win32.Build.0 = Release|Win32
		{8A7CA724-4B42-4DCA-9237-0AF94AA8B35F}.Debug|Win32.ActiveCfg = Debug|Win32
		{8A7CA724-4B42-4DCA-9237-0AF94AA8B35F}.Debug|Win32.Build.0 = Debug|Win32
		{8A7CA724-4B42-4DCA-9237-0AF94AA8B35F}.Release|Win32.ActiveCfg = Release|Win32
		{8A7CA724-4B42-4DCA-9237-0AF94AA8B35F}.Release|Win32.Build.0 = Release|Win32
		{08D2FD1A-F393-486F-9617-C8BD298906F2}.Debug|Win32.ActiveCfg = Debug|Win32
		{08D2FD1A-F393-486F-9617-C8BD298906F2}.Debug|Win32.Build.0 = Debug|Win32
		{08D2FD1A-F393-486F-9617-C8BD298906F2}.Release|Win32.ActiveCfg = Release|Win32
		{08D2FD1A-F393-486F-9617-C8BD298906F2}.Release|Win32.Build.0 = Release|Win32
		{77E7E3DA-F9A1-4983-B094-ED128B81E5FF}.Debug|Win32.ActiveCfg = Debug|Win32
		{77E7E3DA-F9A1-4983-B094-ED128B81E5FF}.Debug|Win32.Build.0 = Debug|Win32
		{77E7E3DA-F9A1-4983-B094-ED128B81E5FF}.Release|Win32.ActiveCfg = Release|Win32
		{77E7E3DA-F9A1-4983-B094-ED128B81E5FF}.Release|Win32.Build.0 = Release|Win32
		{7E2B0708-38A6-4994-A605-B3DC935F7797}.Debug|Win32.ActiveCfg = Debug|Win32
		{7E2B0708-38A6-4994-A605-B3DC935F7797}.Debug|Win32.Build.0 = Debug|Win32
		{7E2B0708-38A6-4994-A605-B3DC935F7797}.Release|Win32.ActiveCfg = Release|Win32
		{7E2B0708-38A6-4994-A605-B3DC935F7797}.Release|Win32.Build.0 = Release|Win32
		{9C895A56-E1EA-4319-BAF7-EFBABFF699D8}.Debug|Win32.ActiveCfg = Debug|Win32
		{9C895A56-E1EA-4319-BAF7-EFBABFF699D8}.Debug|Win32.Build.0 = Debug|Win32
		{9C895A56-E1EA-4319-BAF7-EFBABFF699D8}.Release|Win32.ActiveCfg = Release|Win32
		{9C895A56-E1EA-4319-BAF7-EFBABFF699D8}.Release|Win32.Build.0 = Release|Win32
		{C291DB5F-41A2-49BE-83A1-954D8D3F7C4E}.Debug|Win32.ActiveCfg = Debug|Win32
		{C291DB5F-41A2-49BE-83A1-954D8D3F7C4E}.Debug|Win32.Build.0 = Debug|Win32
		{C291DB5F-41A2-49BE-83A1-954D8D3F7C4E}.Release|Win32.ActiveCfg = Release|Win32
		{C291DB5F-41A2-49BE-83A1-954D8D3F7C4E}.Release|Win32.Build.0 = Release|Win32
		{217B07EE-5C6B-43E4-ABC3-81A955059572}.Debug|Win32.ActiveCfg = Debug|Win32
		{217B07EE-5C6B-43E4-ABC3-81A955059572}.Debug|Win32.Build.0 = Debug|Win32
		{217B07EE-5C6B-43E4-ABC3-81A955059572}.Release|Win32.ActiveCfg = Release|Win32
		{217B07EE-5C6B-43E4-ABC3-81A955059572}.Release|Win32.Build.0 = Release|Win32
		{85A97836-2FCD-4D10-9F0E-22D7C89668C0}.Debug|Win32.ActiveCfg = Debug|Win32
		{85A97836-2FCD-4D10-9F0E-22D7C89668C0}.Debug|Win32.Build.0 = Debug|Win32
		{85A97836-2FCD-4D10-9F0E-22D7C89668C0}.Release|Win32.ActiveCfg = Release|Win32
		{85A97836-2FCD-4D10-9F0E-22D7C89668C0}.Release|Win32.Build.0 = Release|Win32
		{A1978274-C8FD-41F5-B9FB-BF99854D357D}.Debug|Win32.ActiveCfg = Debug|Win32
		{A1978274-C8FD-41F5-B9FB-BF99854D357D}.Debug|Win32.Build.0 = Debug|Win32
		{A1978274-C8FD-41F5-B9FB-BF99854D357D}.Release|Win32.ActiveCfg = Release|Win32
		{A1978274-C8FD-41F5-B9FB-BF99854D357D}.Release|Win32.Build.0 = Release|Win32
	EndGlobalSection
	GlobalSection(SolutionProperties) = preSolution
		HideSolutionNode = FALSE
	EndGlobalSection
	GlobalSection(DPCodeReviewSolutionGUID) = preSolution
		DPCodeReviewSolutionGUID = {00000000-0000-0000-0000-000000000000}
	EndGlobalSection
EndGlobal
