<?xml version="1.0" encoding="utf-8"?>
<Project ToolsVersion="4.0" xmlns="http://schemas.microsoft.com/developer/msbuild/2003">
  <ItemGroup>
    <Filter Include="Source Files">
      <UniqueIdentifier>{4FC737F1-C7A5-4376-A066-2A32D752A2FF}</UniqueIdentifier>
      <Extensions>cpp;c;cxx;def;odl;idl;hpj;bat;asm;asmx</Extensions>
    </Filter>
    <Filter Include="Header Files">
      <UniqueIdentifier>{93995380-89BD-4b04-88EB-625FBE52EBFB}</UniqueIdentifier>
      <Extensions>h;hpp;hxx;hm;inl;inc;xsd</Extensions>
    </Filter>
    <Filter Include="Resource Files">
      <UniqueIdentifier>{0a104144-6222-452b-99f5-58fdafcd0eab}</UniqueIdentifier>
    </Filter>
  </ItemGroup>
  <ItemGroup>
    <ClCompile Include="CAN_ICS_neoVI.cpp">
      <Filter>Source Files</Filter>
    </ClCompile>
    <ClCompile Include="CAN_ICS_neoVI_Channel.cpp">
      <Filter>Source Files</Filter>
    </ClCompile>
    <ClCompile Include="CAN_ICS_neoVI_Network.cpp">
      <Filter>Source Files</Filter>
    </ClCompile>
    <ClCompile Include="CAN_ICS_neoVI_stdafx.cpp">
      <Filter>Source Files</Filter>
    </ClCompile>
    <ClCompile Include="CANRegAnalysis_CAN_ICS_neoVI.cpp">
      <Filter>Source Files</Filter>
    </ClCompile>
    <ClCompile Include="ChangeRegisters_CAN_ICS_neoVI.cpp">
      <Filter>Source Files</Filter>
    </ClCompile>
    <ClCompile Include="..\Application\MultiLanguage.cpp">
      <Filter>Source Files</Filter>
    </ClCompile>
    <ClCompile Include="..\DIL_Interface\HardwareListing.cpp">
      <Filter>Source Files</Filter>
    </ClCompile>
  </ItemGroup>
  <ItemGroup>
    <ClInclude Include="CAN_ICS_neoVI.h">
      <Filter>Header Files</Filter>
    </ClInclude>
    <ClInclude Include="CAN_ICS_neoVI_Channel.h">
      <Filter>Header Files</Filter>
    </ClInclude>
    <ClInclude Include="CAN_ICS_neoVI_Extern.h">
      <Filter>Header Files</Filter>
    </ClInclude>
    <ClInclude Include="CAN_ICS_neoVI_Network.h">
      <Filter>Header Files</Filter>
    </ClInclude>
    <ClInclude Include="CAN_ICS_neoVI_Resource.h">
      <Filter>Header Files</Filter>
    </ClInclude>
    <ClInclude Include="CAN_ICS_neoVI_stdafx.h">
      <Filter>Header Files</Filter>
    </ClInclude>
    <ClInclude Include="ChangeRegDefines.h">
      <Filter>Header Files</Filter>
    </ClInclude>
    <ClInclude Include="ChangeRegisters_CAN_ICS_neoVI.h">
      <Filter>Header Files</Filter>
    </ClInclude>
    <ClInclude Include="ContrConfigPeakUsbDefs.h">
      <Filter>Header Files</Filter>
    </ClInclude>
    <ClInclude Include="..\Application\MultiLanguage.h">
      <Filter>Header Files</Filter>
    </ClInclude>
    <ClInclude Include="..\DIL_Interface\HardwareListing.h">
      <Filter>Header Files</Filter>
    </ClInclude>
  </ItemGroup>
  <ItemGroup>
    <ResourceCompile Include="CAN_ICS_neoVI.rc">
      <Filter>Resource Files</Filter>
    </ResourceCompile>
  </ItemGroup>
  <ItemGroup>
    <None Include="CAN_ICS_neoVI_Resource.hm">
      <Filter>Header Files</Filter>
    </None>
  </ItemGroup>
</Project>