
Microsoft Visual Studio Solution File, Format Version 10.00
# Visual C++ Express 2008
Project("{8BC9CEB8-8B4A-11D0-8D11-00A0C91BC942}") = "FormatConverter", "FormatConverterApp\FormatConverter.vcproj", "{9374A00F-B768-4724-9B25-7DE7F9467D79}"
EndProject
Project("{8BC9CEB8-8B4A-11D0-8D11-00A0C91BC942}") = "AscLogConverter", "AscLogConverter\AscLogConverter.vcproj", "{264D2ACF-4A03-488F-8864-3CB4C52FD010}"
EndProject
Project("{8BC9CEB8-8B4A-11D0-8D11-00A0C91BC942}") = "DBF2DBCConverter", "DBF2DBCConverter\DBF2DBCConverter.vcproj", "{66B69D87-43BF-42DA-AC95-513B0ECE1B57}"
EndProject
Project("{8BC9CEB8-8B4A-11D0-8D11-00A0C91BC942}") = "DBC2DBFConverter", "DBC2DBFConverter\DBC2DBFConverter.vcproj", "{51349052-DF3F-4E9F-AF15-50A9FC5FD2C6}"
EndProject
Project("{8BC9CEB8-8B4A-11D0-8D11-00A0C91BC942}") = "LogAscConverter", "LogAscConverter\LogAscConverter.vcproj", "{317B836D-9AC9-48F9-ADF7-8C069E3EE447}"
EndProject
Project("{8BC9CEB8-8B4A-11D0-8D11-00A0C91BC942}") = "CAPL2CConvereter", "CAPL2CConvereter\CAPL2CConvereter.vcproj", "{8A7CA724-4B42-4DCA-9237-0AF94AA8B35F}"
EndProject
Global
	GlobalSection(SolutionConfigurationPlatforms) = preSolution
		Debug|Win32 = Debug|Win32
		Release|Win32 = Release|Win32
	EndGlobalSection
	GlobalSection(ProjectConfigurationPlatforms) = postSolution
		{9374A00F-B768-4724-9B25-7DE7F9467D79}.Debug|Win32.ActiveCfg = Debug|Win32
		{9374A00F-B768-4724-9B25-7DE7F9467D79}.Debug|Win32.Build.0 = Debug|Win32
		{9374A00F-B768-4724-9B25-7DE7F9467D79}.Release|Win32.ActiveCfg = Release|Win32
		{9374A00F-B768-4724-9B25-7DE7F9467D79}.Release|Win32.Build.0 = Release|Win32
		{264D2ACF-4A03-488F-8864-3CB4C52FD010}.Debug|Win32.ActiveCfg = Debug|Win32
		{264D2ACF-4A03-488F-8864-3CB4C52FD010}.Debug|Win32.Build.0 = Debug|Win32
		{264D2ACF-4A03-488F-8864-3CB4C52FD010}.Release|Win32.ActiveCfg = Release|Win32
		{264D2ACF-4A03-488F-8864-3CB4C52FD010}.Release|Win32.Build.0 = Release|Win32
		{66B69D87-43BF-42DA-AC95-513B0ECE1B57}.Debug|Win32.ActiveCfg = Debug|Win32
		{66B69D87-43BF-42DA-AC95-513B0ECE1B57}.Debug|Win32.Build.0 = Debug|Win32
		{66B69D87-43BF-42DA-AC95-513B0ECE1B57}.Release|Win32.ActiveCfg = Release|Win32
		{66B69D87-43BF-42DA-AC95-513B0ECE1B57}.Release|Win32.Build.0 = Release|Win32
		{51349052-DF3F-4E9F-AF15-50A9FC5FD2C6}.Debug|Win32.ActiveCfg = Debug|Win32
		{51349052-DF3F-4E9F-AF15-50A9FC5FD2C6}.Debug|Win32.Build.0 = Debug|Win32
		{51349052-DF3F-4E9F-AF15-50A9FC5FD2C6}.Release|Win32.ActiveCfg = Release|Win32
		{51349052-DF3F-4E9F-AF15-50A9FC5FD2C6}.Release|Win32.Build.0 = Release|Win32
		{317B836D-9AC9-48F9-ADF7-8C069E3EE447}.Debug|Win32.ActiveCfg = Debug|Win32
		{317B836D-9AC9-48F9-ADF7-8C069E3EE447}.Debug|Win32.Build.0 = Debug|Win32
		{317B836D-9AC9-48F9-ADF7-8C069E3EE447}.Release|Win32.ActiveCfg = Release|Win32
		{317B836D-9AC9-48F9-ADF7-8C069E3EE447}.Release|Win32.Build.0 = Release|Win32
		{8A7CA724-4B42-4DCA-9237-0AF94AA8B35F}.Debug|Win32.ActiveCfg = Debug|Win32
		{8A7CA724-4B42-4DCA-9237-0AF94AA8B35F}.Debug|Win32.Build.0 = Debug|Win32
		{8A7CA724-4B42-4DCA-9237-0AF94AA8B35F}.Release|Win32.ActiveCfg = Release|Win32
		{8A7CA724-4B42-4DCA-9237-0AF94AA8B35F}.Release|Win32.Build.0 = Release|Win32
	EndGlobalSection
	GlobalSection(SolutionProperties) = preSolution
		HideSolutionNode = FALSE
	EndGlobalSection
	GlobalSection(DPCodeReviewSolutionGUID) = preSolution
		DPCodeReviewSolutionGUID = {00000000-0000-0000-0000-000000000000}
	EndGlobalSection
EndGlobal
