<?xml version="1.0" encoding="utf-8"?>
<Project ToolsVersion="4.0" xmlns="http://schemas.microsoft.com/developer/msbuild/2003">
  <ItemGroup>
    <Filter Include="Source Files">
      <UniqueIdentifier>{4FC737F1-C7A5-4376-A066-2A32D752A2FF}</UniqueIdentifier>
      <Extensions>cpp;c;cxx;def;odl;idl;hpj;bat;asm;asmx</Extensions>
    </Filter>
    <Filter Include="Header Files">
      <UniqueIdentifier>{93995380-89BD-4b04-88EB-625FBE52EBFB}</UniqueIdentifier>
      <Extensions>h;hpp;hxx;hm;inl;inc;xsd</Extensions>
    </Filter>
    <Filter Include="Resource Files">
      <UniqueIdentifier>{67DA6AB6-F800-4c08-8B7A-83BB121AAD01}</UniqueIdentifier>
      <Extensions>rc;ico;cur;bmp;dlg;rc2;rct;bin;rgs;gif;jpg;jpeg;jpe;resx</Extensions>
    </Filter>
  </ItemGroup>
  <ItemGroup>
    <ClCompile Include="AppServices.cpp">
      <Filter>Source Files</Filter>
    </ClCompile>
    <ClCompile Include="AppServicesCAN.cpp">
      <Filter>Source Files</Filter>
    </ClCompile>
    <ClCompile Include="AppServicesJ1939.cpp">
      <Filter>Source Files</Filter>
    </ClCompile>
    <ClCompile Include="BuildProgram.cpp">
      <Filter>Source Files</Filter>
    </ClCompile>
    <ClCompile Include="BusEventHandlerDlg.cpp">
      <Filter>Source Files</Filter>
    </ClCompile>
    <ClCompile Include="DefineTimerHandler.cpp">
      <Filter>Source Files</Filter>
    </ClCompile>
    <ClCompile Include="DLLHandlerDlg.cpp">
      <Filter>Source Files</Filter>
    </ClCompile>
    <ClCompile Include="EditFrameWnd.cpp">
      <Filter>Source Files</Filter>
    </ClCompile>
    <ClCompile Include="ErrHandlerDlg.cpp">
      <Filter>Source Files</Filter>
    </ClCompile>
    <ClCompile Include="EventHandlerDlg.cpp">
      <Filter>Source Files</Filter>
    </ClCompile>
    <ClCompile Include="ExecuteFunc.cpp">
      <Filter>Source Files</Filter>
    </ClCompile>
    <ClCompile Include="ExecuteManager.cpp">
      <Filter>Source Files</Filter>
    </ClCompile>
    <ClCompile Include="ExploreMsgSg.cpp">
      <Filter>Source Files</Filter>
    </ClCompile>
    <ClCompile Include="FileView.cpp">
      <Filter>Source Files</Filter>
    </ClCompile>
    <ClCompile Include="FnsTreeView.cpp">
      <Filter>Source Files</Filter>
    </ClCompile>
    <ClCompile Include="FunctionEditorBase.cpp">
      <Filter>Source Files</Filter>
    </ClCompile>
    <ClCompile Include="FunctionEditorDoc.cpp">
      <Filter>Source Files</Filter>
    </ClCompile>
    <ClCompile Include="FunctionView.cpp">
      <Filter>Source Files</Filter>
    </ClCompile>
    <ClCompile Include="GlobalObj.cpp">
      <Filter>Source Files</Filter>
    </ClCompile>
    <ClCompile Include="HandlerFunc.cpp">
      <Filter>Source Files</Filter>
    </ClCompile>
    <ClCompile Include="IncludeHeaderDlg.cpp">
      <Filter>Source Files</Filter>
    </ClCompile>
    <ClCompile Include="KeyValue.cpp">
      <Filter>Source Files</Filter>
    </ClCompile>
    <ClCompile Include="MsgHandlerDlg.cpp">
      <Filter>Source Files</Filter>
    </ClCompile>
    <ClCompile Include="..\Application\MultiLanguage.cpp">
      <Filter>Source Files</Filter>
    </ClCompile>
    <ClCompile Include="NodeDetailsDlg.cpp">
      <Filter>Source Files</Filter>
    </ClCompile>
    <ClCompile Include="NodeSim.cpp">
      <Filter>Source Files</Filter>
    </ClCompile>
    <ClCompile Include="NodeSimEx.cpp">
      <Filter>Source Files</Filter>
    </ClCompile>
    <ClCompile Include="NodeSimEx_stdafx.cpp">
      <Filter>Source Files</Filter>
    </ClCompile>
    <ClCompile Include="..\Utility\OffScreenDC.cpp">
      <Filter>Source Files</Filter>
    </ClCompile>
    <ClCompile Include="OutWnd.cpp">
      <Filter>Source Files</Filter>
    </ClCompile>
    <ClCompile Include="SelectFunctions.cpp">
      <Filter>Source Files</Filter>
    </ClCompile>
    <ClCompile Include="SetResetTimer.cpp">
      <Filter>Source Files</Filter>
    </ClCompile>
    <ClCompile Include="Sim_MDIChildBase.cpp">
      <Filter>Source Files</Filter>
    </ClCompile>
    <ClCompile Include="SimSysManager.cpp">
      <Filter>Source Files</Filter>
    </ClCompile>
    <ClCompile Include="SimSysNodeInfo.cpp">
      <Filter>Source Files</Filter>
    </ClCompile>
    <ClCompile Include="SimSysTreeView.cpp">
      <Filter>Source Files</Filter>
    </ClCompile>
    <ClCompile Include="SimSysWnd.cpp">
      <Filter>Source Files</Filter>
    </ClCompile>
    <ClCompile Include="UtlityDlg.cpp">
      <Filter>Source Files</Filter>
    </ClCompile>
    <ClCompile Include="AppServicesLIN.cpp">
      <Filter>Source Files</Filter>
    </ClCompile>
    <ClCompile Include="ErrHandlerDlgLIN.cpp">
      <Filter>Source Files</Filter>
    </ClCompile>
    <ClCompile Include="..\Application\CNVTCImageList.cpp">
      <Filter>Source Files</Filter>
    </ClCompile>
    <ClCompile Include="..\Application\CNVTCToolBar.cpp">
      <Filter>Source Files</Filter>
    </ClCompile>
    <ClCompile Include="ConvertCpp.cpp">
      <Filter>Source Files</Filter>
    </ClCompile>
  </ItemGroup>
  <ItemGroup>
    <ClInclude Include="AppServices.h">
      <Filter>Header Files</Filter>
    </ClInclude>
    <ClInclude Include="AppServicesCAN.h">
      <Filter>Header Files</Filter>
    </ClInclude>
    <ClInclude Include="AppServicesJ1939.h">
      <Filter>Header Files</Filter>
    </ClInclude>
    <ClInclude Include="BaseNodeSim.h">
      <Filter>Header Files</Filter>
    </ClInclude>
    <ClInclude Include="BuildProgram.h">
      <Filter>Header Files</Filter>
    </ClInclude>
    <ClInclude Include="BusEventHandlerDlg.h">
      <Filter>Header Files</Filter>
    </ClInclude>
    <ClInclude Include="DefineTimerHandler.h">
      <Filter>Header Files</Filter>
    </ClInclude>
    <ClInclude Include="DLLHandlerDlg.h">
      <Filter>Header Files</Filter>
    </ClInclude>
    <ClInclude Include="EditFrameWnd.h">
      <Filter>Header Files</Filter>
    </ClInclude>
    <ClInclude Include="ErrHandlerDlg.h">
      <Filter>Header Files</Filter>
    </ClInclude>
    <ClInclude Include="EventHandlerDlg.h">
      <Filter>Header Files</Filter>
    </ClInclude>
    <ClInclude Include="ExecuteFunc.h">
      <Filter>Header Files</Filter>
    </ClInclude>
    <ClInclude Include="ExecuteManager.h">
      <Filter>Header Files</Filter>
    </ClInclude>
    <ClInclude Include="ExploreMsgSg.h">
      <Filter>Header Files</Filter>
    </ClInclude>
    <ClInclude Include="Export_UserDll.h">
      <Filter>Header Files</Filter>
    </ClInclude>
    <ClInclude Include="Export_UserDllCAN.h">
      <Filter>Header Files</Filter>
    </ClInclude>
    <ClInclude Include="Export_UserDllJ1939.h">
      <Filter>Header Files</Filter>
    </ClInclude>
    <ClInclude Include="FileView.h">
      <Filter>Header Files</Filter>
    </ClInclude>
    <ClInclude Include="FnsTreeView.h">
      <Filter>Header Files</Filter>
    </ClInclude>
    <ClInclude Include="FunctionEditorBase.h">
      <Filter>Header Files</Filter>
    </ClInclude>
    <ClInclude Include="FunctionEditorDoc.h">
      <Filter>Header Files</Filter>
    </ClInclude>
    <ClInclude Include="FunctionEditorStruct.h">
      <Filter>Header Files</Filter>
    </ClInclude>
    <ClInclude Include="FunctionView.h">
      <Filter>Header Files</Filter>
    </ClInclude>
    <ClInclude Include="GlobalObj.h">
      <Filter>Header Files</Filter>
    </ClInclude>
    <ClInclude Include="HandlerFunc.h">
      <Filter>Header Files</Filter>
    </ClInclude>
    <ClInclude Include="IncludeHeaderDlg.h">
      <Filter>Header Files</Filter>
    </ClInclude>
    <ClInclude Include="KeyValue.h">
      <Filter>Header Files</Filter>
    </ClInclude>
    <ClInclude Include="MsgHandlerDlg.h">
      <Filter>Header Files</Filter>
    </ClInclude>
    <ClInclude Include="..\Application\MultiLanguage.h">
      <Filter>Header Files</Filter>
    </ClInclude>
    <ClInclude Include="NodeDetailsDlg.h">
      <Filter>Header Files</Filter>
    </ClInclude>
    <ClInclude Include="NodeSim.h">
      <Filter>Header Files</Filter>
    </ClInclude>
    <ClInclude Include="NodeSimEx_Extern.h">
      <Filter>Header Files</Filter>
    </ClInclude>
    <ClInclude Include="NodeSimEx_resource.h">
      <Filter>Header Files</Filter>
    </ClInclude>
    <ClInclude Include="NodeSimEx_stdafx.h">
      <Filter>Header Files</Filter>
    </ClInclude>
    <ClInclude Include="..\Utility\OffScreenDC.h">
      <Filter>Header Files</Filter>
    </ClInclude>
    <ClInclude Include="OutWnd.h">
      <Filter>Header Files</Filter>
    </ClInclude>
    <ClInclude Include="SelectFunctions.h">
      <Filter>Header Files</Filter>
    </ClInclude>
    <ClInclude Include="SetResetTimer.h">
      <Filter>Header Files</Filter>
    </ClInclude>
    <ClInclude Include="Sim_MDIChildBase.h">
      <Filter>Header Files</Filter>
    </ClInclude>
    <ClInclude Include="SimSysManager.h">
      <Filter>Header Files</Filter>
    </ClInclude>
    <ClInclude Include="SimSysNodeInfo.h">
      <Filter>Header Files</Filter>
    </ClInclude>
    <ClInclude Include="SimSysTreeView.h">
      <Filter>Header Files</Filter>
    </ClInclude>
    <ClInclude Include="SimSysWnd.h">
      <Filter>Header Files</Filter>
    </ClInclude>
    <ClInclude Include="UtlityDlg.h">
      <Filter>Header Files</Filter>
    </ClInclude>
    <ClInclude Include="AppServicesLIN.h">
      <Filter>Header Files</Filter>
    </ClInclude>
    <ClInclude Include="ErrHandlerDlgLIN.h">
      <Filter>Header Files</Filter>
    </ClInclude>
    <ClInclude Include="..\Application\CNVTCImageList.h">
      <Filter>Header Files</Filter>
    </ClInclude>
    <ClInclude Include="..\Application\CNVTCToolBar.h">
      <Filter>Header Files</Filter>
    </ClInclude>
    <ClInclude Include="HashDefines.h">
      <Filter>Header Files</Filter>
    </ClInclude>
    <ClInclude Include="ConvertCpp.h">
      <Filter>Header Files</Filter>
    </ClInclude>
  </ItemGroup>
  <ItemGroup>
    <None Include="NodeSimEx_resource.hm">
      <Filter>Header Files</Filter>
    </None>
    <None Include="res\bmp_func.bmp">
      <Filter>Resource Files</Filter>
    </None>
    <None Include="res\icon1.ico">
      <Filter>Resource Files</Filter>
    </None>
    <None Include="res\icon2.ico">
      <Filter>Resource Files</Filter>
    </None>
    <None Include="res\SimSysWnd.ico">
      <Filter>Resource Files</Filter>
    </None>
  </ItemGroup>
  <ItemGroup>
    <ResourceCompile Include="NodeSimEx.rc">
      <Filter>Resource Files</Filter>
    </ResourceCompile>
  </ItemGroup>
  <ItemGroup>
    <Image Include="res\NodeSimulation.bmp">
      <Filter>Resource Files</Filter>
    </Image>
    <Image Include="res\NodeSimulationTreeView.bmp">
      <Filter>Resource Files</Filter>
    </Image>
    <Image Include="res\NodeSimulation_Disabled.bmp">
      <Filter>Resource Files</Filter>
    </Image>
    <Image Include="res\NodeSimulation_hot.bmp">
      <Filter>Resource Files</Filter>
    </Image>
    <Image Include="res\Node_Disabled.ico">
      <Filter>Resource Files</Filter>
    </Image>
    <Image Include="res\Node_Enabled.ico">
      <Filter>Resource Files</Filter>
    </Image>
  </ItemGroup>
</Project>