<?xml version="1.0" encoding="utf-8"?>
<Project ToolsVersion="4.0" xmlns="http://schemas.microsoft.com/developer/msbuild/2003">
  <ItemGroup>
    <Filter Include="Source Files">
      <UniqueIdentifier>{e73ef791-a375-4316-bd66-5121772e283a}</UniqueIdentifier>
      <Extensions>cpp;c;cxx;rc;def;r;odl;idl;hpj;bat</Extensions>
    </Filter>
    <Filter Include="Header Files">
      <UniqueIdentifier>{56fcf968-f671-48ef-911b-38519140f1f6}</UniqueIdentifier>
      <Extensions>h;hpp;hxx;hm;inl</Extensions>
    </Filter>
    <Filter Include="Resource Files">
      <UniqueIdentifier>{2f2d2043-46d8-4eda-abb2-0b34d1daaf8f}</UniqueIdentifier>
      <Extensions>ico;cur;bmp;dlg;rc2;rct;bin;rgs;gif;jpg;jpeg;jpe</Extensions>
    </Filter>
  </ItemGroup>
  <ItemGroup>
    <ClCompile Include="Application.cpp">
      <Filter>Source Files</Filter>
    </ClCompile>
    <ClCompile Include="AppServices_Impl.cpp">
      <Filter>Source Files</Filter>
    </ClCompile>
    <ClCompile Include="BUSMASTER.cpp">
      <Filter>Source Files</Filter>
    </ClCompile>
    <ClCompile Include="BusmasterDump.cpp">
      <Filter>Source Files</Filter>
    </ClCompile>
    <ClCompile Include="BusStatisticCAN.cpp">
      <Filter>Source Files</Filter>
    </ClCompile>
    <ClCompile Include="BusStatistics.cpp">
      <Filter>Source Files</Filter>
    </ClCompile>
    <ClCompile Include="BusStatisticsDlg.cpp">
      <Filter>Source Files</Filter>
    </ClCompile>
    <ClCompile Include="CGCtrl.cpp">
      <Filter>Source Files</Filter>
    </ClCompile>
    <ClCompile Include="CNVTCImageList.cpp">
      <Filter>Source Files</Filter>
    </ClCompile>
    <ClCompile Include="CNVTCToolBar.cpp">
      <Filter>Source Files</Filter>
    </ClCompile>
    <ClCompile Include="ConfigAdapter.cpp">
      <Filter>Source Files</Filter>
    </ClCompile>
    <ClCompile Include="ConfigData.cpp">
      <Filter>Source Files</Filter>
    </ClCompile>
    <ClCompile Include="ConfigDetails.cpp">
      <Filter>Source Files</Filter>
    </ClCompile>
    <ClCompile Include="ConfigMsgLogDlg.cpp">
      <Filter>Source Files</Filter>
    </ClCompile>
    <ClCompile Include="DatabaseDissociateDlg.cpp">
      <Filter>Source Files</Filter>
    </ClCompile>
    <ClCompile Include="DisplayIntMsg.cpp">
      <Filter>Source Files</Filter>
    </ClCompile>
    <ClCompile Include="DriverInfoDlg.cpp">
      <Filter>Source Files</Filter>
    </ClCompile>
    <ClCompile Include="ElementSelection.cpp">
      <Filter>Source Files</Filter>
    </ClCompile>
    <ClCompile Include="Flags.cpp">
      <Filter>Source Files</Filter>
    </ClCompile>
    <ClCompile Include="GraphConfiguration.cpp">
      <Filter>Source Files</Filter>
    </ClCompile>
    <ClCompile Include="GraphElement.cpp">
      <Filter>Source Files</Filter>
    </ClCompile>
    <ClCompile Include="GraphList.cpp">
      <Filter>Source Files</Filter>
    </ClCompile>
    <ClCompile Include="GraphParameters.cpp">
      <Filter>Source Files</Filter>
    </ClCompile>
    <ClCompile Include="InterfaceGetter.cpp">
      <Filter>Source Files</Filter>
    </ClCompile>
    <ClCompile Include="J1939TimeOutCfg.cpp">
      <Filter>Source Files</Filter>
    </ClCompile>
    <ClCompile Include="MainFrm.cpp">
      <Filter>Source Files</Filter>
    </ClCompile>
    <ClCompile Include="MDIChildBase.cpp">
      <Filter>Source Files</Filter>
    </ClCompile>
    <ClCompile Include="MessageAttrib.cpp">
      <Filter>Source Files</Filter>
    </ClCompile>
    <ClCompile Include="MessageDetailsDlg.cpp">
      <Filter>Source Files</Filter>
    </ClCompile>
    <ClCompile Include="MessageInterpretation.cpp">
      <Filter>Source Files</Filter>
    </ClCompile>
    <ClCompile Include="MessageList.cpp">
      <Filter>Source Files</Filter>
    </ClCompile>
    <ClCompile Include="MsgBufferConfigPage.cpp">
      <Filter>Source Files</Filter>
    </ClCompile>
    <ClCompile Include="MsgFilterConfigPage.cpp">
      <Filter>Source Files</Filter>
    </ClCompile>
    <ClCompile Include="MsgFrmtWnd.cpp">
      <Filter>Source Files</Filter>
    </ClCompile>
    <ClCompile Include="MsgIDAttr.cpp">
      <Filter>Source Files</Filter>
    </ClCompile>
    <ClCompile Include="MsgSgDetView.cpp">
      <Filter>Source Files</Filter>
    </ClCompile>
    <ClCompile Include="MsgSgTreeView.cpp">
      <Filter>Source Files</Filter>
    </ClCompile>
    <ClCompile Include="MsgSignal.cpp">
      <Filter>Source Files</Filter>
    </ClCompile>
    <ClCompile Include="MsgSignalDBWnd.cpp">
      <Filter>Source Files</Filter>
    </ClCompile>
    <ClCompile Include="MsgWndHdrInfo.cpp">
      <Filter>Source Files</Filter>
    </ClCompile>
    <ClCompile Include="MsgWndThread.cpp">
      <Filter>Source Files</Filter>
    </ClCompile>
    <ClCompile Include="MultiLanguage.cpp">
      <Filter>Source Files</Filter>
    </ClCompile>
    <ClCompile Include="NotificListbox.cpp">
      <Filter>Source Files</Filter>
    </ClCompile>
    <ClCompile Include="NotificWnd.cpp">
      <Filter>Source Files</Filter>
    </ClCompile>
    <ClCompile Include="PPageMessage.cpp">
      <Filter>Source Files</Filter>
    </ClCompile>
    <ClCompile Include="Properties.cpp">
      <Filter>Source Files</Filter>
    </ClCompile>
    <ClCompile Include="RxMsgList.cpp">
      <Filter>Source Files</Filter>
    </ClCompile>
    <ClCompile Include="SigGrphConfigDlg.cpp">
      <Filter>Source Files</Filter>
    </ClCompile>
    <ClCompile Include="SigGrphWndHandler.cpp">
      <Filter>Source Files</Filter>
    </ClCompile>
    <ClCompile Include="SignalDetailsDlg.cpp">
      <Filter>Source Files</Filter>
    </ClCompile>
    <ClCompile Include="SignalMatrix.cpp">
      <Filter>Source Files</Filter>
    </ClCompile>
    <ClCompile Include="Splash.cpp">
      <Filter>Source Files</Filter>
    </ClCompile>
    <ClCompile Include="SplFileDlg.cpp">
      <Filter>Source Files</Filter>
    </ClCompile>
    <ClCompile Include="StdAfx.cpp">
      <Filter>Source Files</Filter>
    </ClCompile>
    <ClCompile Include="Struct.cpp">
      <Filter>Source Files</Filter>
    </ClCompile>
    <ClCompile Include="TimeManager.cpp">
      <Filter>Source Files</Filter>
    </ClCompile>
    <ClCompile Include="TreeItemParam.cpp">
      <Filter>Source Files</Filter>
    </ClCompile>
    <ClCompile Include="TSEditorHandler.cpp">
      <Filter>Source Files</Filter>
    </ClCompile>
    <ClCompile Include="TSExecutorHandler.cpp">
      <Filter>Source Files</Filter>
    </ClCompile>
    <ClCompile Include="TxHandler.cpp">
      <Filter>Source Files</Filter>
    </ClCompile>
    <ClCompile Include="TxMsgWndJ1939.cpp">
      <Filter>Source Files</Filter>
    </ClCompile>
    <ClCompile Include="UIThread.cpp">
      <Filter>Source Files</Filter>
    </ClCompile>
    <ClCompile Include="Utility.cpp">
      <Filter>Source Files</Filter>
    </ClCompile>
    <ClCompile Include="ValueDescriptionDlg.cpp">
      <Filter>Source Files</Filter>
    </ClCompile>
    <ClCompile Include="WaveFormDataHandler.cpp">
      <Filter>Source Files</Filter>
    </ClCompile>
    <ClCompile Include="WaveformSelectionDlg.cpp">
      <Filter>Source Files</Filter>
    </ClCompile>
    <ClCompile Include="WaveformTransmitter.cpp">
      <Filter>Source Files</Filter>
    </ClCompile>
    <ClCompile Include="WrapperErrorLogger.cpp">
      <Filter>Source Files</Filter>
    </ClCompile>
    <ClCompile Include="FlexRayDatabaseDissociateDlg.cpp">
      <Filter>Source Files</Filter>
    </ClCompile>
    <ClCompile Include="FlexTxHandler.cpp">
      <Filter>Source Files</Filter>
    </ClCompile>
    <ClCompile Include="ConfigMsgDispPropPg.cpp">
      <Filter>Source Files</Filter>
    </ClCompile>
    <ClCompile Include="FlexRayNetworkStatsDlg.cpp">
      <Filter>Source Files</Filter>
    </ClCompile>
    <ClCompile Include="FlexRayNetworkStats.cpp">
      <Filter>Source Files</Filter>
    </ClCompile>
    <ClCompile Include="FibexConfigurationDlg.cpp">
      <Filter>Source Files</Filter>
    </ClCompile>
    <ClCompile Include="FibexClass.cpp">
      <Filter>Source Files</Filter>
    </ClCompile>
    <ClCompile Include="FIBEX_Structs.cpp">
      <Filter>Source Files</Filter>
    </ClCompile>
    <ClCompile Include="NodeUtil_Flexray.cpp">
      <Filter>Source Files</Filter>
    </ClCompile>
    <ClCompile Include="LDFLexer.c">
      <Filter>Source Files</Filter>
    </ClCompile>
    <ClCompile Include="ldfparser.cpp">
      <Filter>Source Files</Filter>
    </ClCompile>
    <ClCompile Include="ParserHelper.cpp">
      <Filter>Source Files</Filter>
    </ClCompile>
  </ItemGroup>
  <ItemGroup>
    <Midl Include="BUSMASTER.idl">
      <Filter>Source Files</Filter>
    </Midl>
  </ItemGroup>
  <ItemGroup>
    <ResourceCompile Include="BUSMASTER.rc">
      <Filter>Source Files</Filter>
    </ResourceCompile>
  </ItemGroup>
  <ItemGroup>
    <ClInclude Include="AppServices_Impl.h">
      <Filter>Header Files</Filter>
    </ClInclude>
    <ClInclude Include="BaseBusStatisticCAN.h">
      <Filter>Header Files</Filter>
    </ClInclude>
    <ClInclude Include="BUSMASTER.h">
      <Filter>Header Files</Filter>
    </ClInclude>
    <ClInclude Include="BusmasterDump.h">
      <Filter>Header Files</Filter>
    </ClInclude>
    <ClInclude Include="BusStatisticCAN.h">
      <Filter>Header Files</Filter>
    </ClInclude>
    <ClInclude Include="BusStatistics.h">
      <Filter>Header Files</Filter>
    </ClInclude>
    <ClInclude Include="BusStatisticsDlg.h">
      <Filter>Header Files</Filter>
    </ClInclude>
    <ClInclude Include="CExcApplication.h">
      <Filter>Header Files</Filter>
    </ClInclude>
    <ClInclude Include="CFilesDefs_CAN.h">
      <Filter>Header Files</Filter>
    </ClInclude>
    <ClInclude Include="CGCtrl.h">
      <Filter>Header Files</Filter>
    </ClInclude>
    <ClInclude Include="CNVTCImageList.h">
      <Filter>Header Files</Filter>
    </ClInclude>
    <ClInclude Include="CNVTCToolBar.h">
      <Filter>Header Files</Filter>
    </ClInclude>
    <ClInclude Include="common.h">
      <Filter>Header Files</Filter>
    </ClInclude>
    <ClInclude Include="ConfigAdapter.h">
      <Filter>Header Files</Filter>
    </ClInclude>
    <ClInclude Include="ConfigData.h">
      <Filter>Header Files</Filter>
    </ClInclude>
    <ClInclude Include="ConfigDetails.h">
      <Filter>Header Files</Filter>
    </ClInclude>
    <ClInclude Include="ConfigMsgLogDlg.h">
      <Filter>Header Files</Filter>
    </ClInclude>
    <ClInclude Include="CSignalGeneration.h">
      <Filter>Header Files</Filter>
    </ClInclude>
    <ClInclude Include="DatabaseDissociateDlg.h">
      <Filter>Header Files</Filter>
    </ClInclude>
    <ClInclude Include="DataType.h">
      <Filter>Header Files</Filter>
    </ClInclude>
    <ClInclude Include="DisplayIntMsg.h">
      <Filter>Header Files</Filter>
    </ClInclude>
    <ClInclude Include="DriverInfoDlg.h">
      <Filter>Header Files</Filter>
    </ClInclude>
    <ClInclude Include="ElementSelection.h">
      <Filter>Header Files</Filter>
    </ClInclude>
    <ClInclude Include="Flags.h">
      <Filter>Header Files</Filter>
    </ClInclude>
    <ClInclude Include="GraphConfiguration.h">
      <Filter>Header Files</Filter>
    </ClInclude>
    <ClInclude Include="GraphElement.h">
      <Filter>Header Files</Filter>
    </ClInclude>
    <ClInclude Include="GraphList.h">
      <Filter>Header Files</Filter>
    </ClInclude>
    <ClInclude Include="GraphParameters.h">
      <Filter>Header Files</Filter>
    </ClInclude>
    <ClInclude Include="HashDefines.h">
      <Filter>Header Files</Filter>
    </ClInclude>
    <ClInclude Include="InterfaceGetter.h">
      <Filter>Header Files</Filter>
    </ClInclude>
    <ClInclude Include="J1939TimeOutCfg.h">
      <Filter>Header Files</Filter>
    </ClInclude>
    <ClInclude Include="MainFrm.h">
      <Filter>Header Files</Filter>
    </ClInclude>
    <ClInclude Include="MDIChildBase.h">
      <Filter>Header Files</Filter>
    </ClInclude>
    <ClInclude Include="MessageAttrib.h">
      <Filter>Header Files</Filter>
    </ClInclude>
    <ClInclude Include="MessageDetailsDlg.h">
      <Filter>Header Files</Filter>
    </ClInclude>
    <ClInclude Include="MessageInterpretation.h">
      <Filter>Header Files</Filter>
    </ClInclude>
    <ClInclude Include="MessageList.h">
      <Filter>Header Files</Filter>
    </ClInclude>
    <ClInclude Include="MsgBufferConfigPage.h">
      <Filter>Header Files</Filter>
    </ClInclude>
    <ClInclude Include="MsgFilterConfigPage.h">
      <Filter>Header Files</Filter>
    </ClInclude>
    <ClInclude Include="MsgFrmtWnd.h">
      <Filter>Header Files</Filter>
    </ClInclude>
    <ClInclude Include="MsgIDAttr.h">
      <Filter>Header Files</Filter>
    </ClInclude>
    <ClInclude Include="MsgSgDetView.h">
      <Filter>Header Files</Filter>
    </ClInclude>
    <ClInclude Include="MsgSgTreeView.h">
      <Filter>Header Files</Filter>
    </ClInclude>
    <ClInclude Include="MsgSignal.h">
      <Filter>Header Files</Filter>
    </ClInclude>
    <ClInclude Include="MsgSignalDBWnd.h">
      <Filter>Header Files</Filter>
    </ClInclude>
    <ClInclude Include="MsgWndHdrInfo.h">
      <Filter>Header Files</Filter>
    </ClInclude>
    <ClInclude Include="MsgWndThread.h">
      <Filter>Header Files</Filter>
    </ClInclude>
    <ClInclude Include="MultiLanguage.h">
      <Filter>Header Files</Filter>
    </ClInclude>
    <ClInclude Include="NotificListbox.h">
      <Filter>Header Files</Filter>
    </ClInclude>
    <ClInclude Include="NotificWnd.h">
      <Filter>Header Files</Filter>
    </ClInclude>
    <ClInclude Include="PPageMessage.h">
      <Filter>Header Files</Filter>
    </ClInclude>
    <ClInclude Include="Properties.h">
      <Filter>Header Files</Filter>
    </ClInclude>
    <ClInclude Include="PSDI_Extern.h">
      <Filter>Header Files</Filter>
    </ClInclude>
    <ClInclude Include="Resource.h">
      <Filter>Header Files</Filter>
    </ClInclude>
    <ClInclude Include="RxMsgList.h">
      <Filter>Header Files</Filter>
    </ClInclude>
    <ClInclude Include="SectionNames.h">
      <Filter>Header Files</Filter>
    </ClInclude>
    <ClInclude Include="SigGrphConfigDlg.h">
      <Filter>Header Files</Filter>
    </ClInclude>
    <ClInclude Include="SigGrphWndHandler.h">
      <Filter>Header Files</Filter>
    </ClInclude>
    <ClInclude Include="SignalDetailsDlg.h">
      <Filter>Header Files</Filter>
    </ClInclude>
    <ClInclude Include="SignalMatrix.h">
      <Filter>Header Files</Filter>
    </ClInclude>
    <ClInclude Include="Splash.h">
      <Filter>Header Files</Filter>
    </ClInclude>
    <ClInclude Include="SplFileDlg.h">
      <Filter>Header Files</Filter>
    </ClInclude>
    <ClInclude Include="StdAfx.h">
      <Filter>Header Files</Filter>
    </ClInclude>
    <ClInclude Include="Struct.h">
      <Filter>Header Files</Filter>
    </ClInclude>
    <ClInclude Include="TimeManager.h">
      <Filter>Header Files</Filter>
    </ClInclude>
    <ClInclude Include="TreeItemParam.h">
      <Filter>Header Files</Filter>
    </ClInclude>
    <ClInclude Include="TSEditorHandler.h">
      <Filter>Header Files</Filter>
    </ClInclude>
    <ClInclude Include="TSExecutorHandler.h">
      <Filter>Header Files</Filter>
    </ClInclude>
    <ClInclude Include="TxHandler.h">
      <Filter>Header Files</Filter>
    </ClInclude>
    <ClInclude Include="TxMsgWndJ1939.h">
      <Filter>Header Files</Filter>
    </ClInclude>
    <ClInclude Include="UIThread.h">
      <Filter>Header Files</Filter>
    </ClInclude>
    <ClInclude Include="Utility.h">
      <Filter>Header Files</Filter>
    </ClInclude>
    <ClInclude Include="ValueDescriptionDlg.h">
      <Filter>Header Files</Filter>
    </ClInclude>
    <ClInclude Include="WaveFormDataHandler.h">
      <Filter>Header Files</Filter>
    </ClInclude>
    <ClInclude Include="WaveformSelectionDlg.h">
      <Filter>Header Files</Filter>
    </ClInclude>
    <ClInclude Include="WaveformTransmitter.h">
      <Filter>Header Files</Filter>
    </ClInclude>
    <ClInclude Include="WrapperErrorLogger.h">
      <Filter>Header Files</Filter>
    </ClInclude>
    <ClInclude Include="FlexRayDatabaseDissociateDlg.h">
      <Filter>Header Files</Filter>
    </ClInclude>
    <ClInclude Include="FlexTxHandler.h">
      <Filter>Header Files</Filter>
    </ClInclude>
    <ClInclude Include="FlexRayNetworkStatsDlg.h">
      <Filter>Header Files</Filter>
    </ClInclude>
    <ClInclude Include="FlexRayNetworkStats.h">
      <Filter>Header Files</Filter>
    </ClInclude>
    <ClInclude Include="FibexConfigurationDlg.h">
      <Filter>Header Files</Filter>
    </ClInclude>
    <ClInclude Include="FibexClass.h">
      <Filter>Header Files</Filter>
    </ClInclude>
    <ClInclude Include="FibexClass_extern.h">
      <Filter>Header Files</Filter>
    </ClInclude>
    <ClInclude Include="Fibex_Defs.h">
      <Filter>Header Files</Filter>
    </ClInclude>
    <ClInclude Include="FIBEX_Structs.h">
      <Filter>Header Files</Filter>
    </ClInclude>
    <ClInclude Include="NodeUtil_Flexray.h">
      <Filter>Header Files</Filter>
    </ClInclude>
    <ClInclude Include="ldfparser.cpp.h">
      <Filter>Header Files</Filter>
    </ClInclude>
    <ClInclude Include="ParserHelper.h">
      <Filter>Header Files</Filter>
    </ClInclude>
  </ItemGroup>
  <ItemGroup>
    <None Include="resource.hm">
      <Filter>Header Files</Filter>
    </None>
    <None Include="Res\About.ico">
      <Filter>Resource Files</Filter>
    </None>
    <None Include="res\bitmap1.bmp">
      <Filter>Resource Files</Filter>
    </None>
    <None Include="Res\bitmap2.bmp">
      <Filter>Resource Files</Filter>
    </None>
    <None Include="Res\bitmap7.bmp">
      <Filter>Resource Files</Filter>
    </None>
    <None Include="Res\Blank.ico">
      <Filter>Resource Files</Filter>
    </None>
    <None Include="res\bmp00001.bmp">
      <Filter>Resource Files</Filter>
    </None>
    <None Include="Res\bmp00002.bmp">
      <Filter>Resource Files</Filter>
    </None>
    <None Include="Res\bmp00003.bmp">
      <Filter>Resource Files</Filter>
    </None>
    <None Include="Res\bmp00004.bmp">
      <Filter>Resource Files</Filter>
    </None>
    <None Include="Res\bmp00005.bmp">
      <Filter>Resource Files</Filter>
    </None>
    <None Include="Res\bmp00006.bmp">
      <Filter>Resource Files</Filter>
    </None>
    <None Include="Res\bmp00007.bmp">
      <Filter>Resource Files</Filter>
    </None>
    <None Include="Res\bmp00008.bmp">
      <Filter>Resource Files</Filter>
    </None>
    <None Include="Res\bmp_break_point.bmp">
      <Filter>Resource Files</Filter>
    </None>
    <None Include="Res\bmp_chec.bmp">
      <Filter>Resource Files</Filter>
    </None>
    <None Include="res\bmp_func.bmp">
      <Filter>Resource Files</Filter>
    </None>
    <None Include="Res\bmp_net.bmp">
      <Filter>Resource Files</Filter>
    </None>
    <None Include="Res\bmp_tool.bmp">
      <Filter>Resource Files</Filter>
    </None>
    <None Include="Res\BuildAll.ico">
      <Filter>Resource Files</Filter>
    </None>
    <None Include="Res\BuilLoadAll.ico">
      <Filter>Resource Files</Filter>
    </None>
    <None Include="Res\BUSMASTER.ico">
      <Filter>Resource Files</Filter>
    </None>
    <None Include="Res\BUSMASTERDoc.ico">
      <Filter>Resource Files</Filter>
    </None>
    <None Include="Res\CANDatabase.bmp">
      <Filter>Resource Files</Filter>
    </None>
    <None Include="Res\CANDatabase_Disabled.bmp">
      <Filter>Resource Files</Filter>
    </None>
    <None Include="Res\CANDatabase_Hot.bmp">
      <Filter>Resource Files</Filter>
    </None>
    <None Include="Res\CANDatabase_Normal.bmp">
      <Filter>Resource Files</Filter>
    </None>
    <None Include="Res\cascade.ico">
      <Filter>Resource Files</Filter>
    </None>
    <None Include="Res\configure.bmp">
      <Filter>Resource Files</Filter>
    </None>
    <None Include="Res\Configure_Disabled.bmp">
      <Filter>Resource Files</Filter>
    </None>
    <None Include="Res\Configure_Hot.bmp">
      <Filter>Resource Files</Filter>
    </None>
    <None Include="Res\configure_tlb.bmp">
      <Filter>Resource Files</Filter>
    </None>
    <None Include="Res\copyright.bmp">
      <Filter>Resource Files</Filter>
    </None>
    <None Include="Res\DB Editor.ico">
      <Filter>Resource Files</Filter>
    </None>
    <None Include="Res\Demo Header.bmp">
      <Filter>Resource Files</Filter>
    </None>
    <None Include="Res\Disconnect.ico">
      <Filter>Resource Files</Filter>
    </None>
    <None Include="Res\DOWNArrow.ico">
      <Filter>Resource Files</Filter>
    </None>
    <None Include="Res\Edit.bmp">
      <Filter>Resource Files</Filter>
    </None>
    <None Include="Res\edit_disabled.bmp">
      <Filter>Resource Files</Filter>
    </None>
    <None Include="Res\Edit_hot.bmp">
      <Filter>Resource Files</Filter>
    </None>
    <None Include="Res\ERROR_ACTIVE.ico">
      <Filter>Resource Files</Filter>
    </None>
    <None Include="Res\ERROR_BUS_OFF.ico">
      <Filter>Resource Files</Filter>
    </None>
    <None Include="Res\ERROR_PASSIVE.ico">
      <Filter>Resource Files</Filter>
    </None>
    <None Include="Res\ExcAllHndl.ico">
      <Filter>Resource Files</Filter>
    </None>
    <None Include="Res\ExcErrHndl.ico">
      <Filter>Resource Files</Filter>
    </None>
    <None Include="Res\ExcKeyHndl.ico">
      <Filter>Resource Files</Filter>
    </None>
    <None Include="Res\ExcMsgHndl.ico">
      <Filter>Resource Files</Filter>
    </None>
    <None Include="Res\ExcTimeHndl.ico">
      <Filter>Resource Files</Filter>
    </None>
    <None Include="Res\Filter.bmp">
      <Filter>Resource Files</Filter>
    </None>
    <None Include="Res\Filters.bmp">
      <Filter>Resource Files</Filter>
    </None>
    <None Include="Res\Filters_disabled.bmp">
      <Filter>Resource Files</Filter>
    </None>
    <None Include="Res\Filters_hot.bmp">
      <Filter>Resource Files</Filter>
    </None>
    <None Include="res\FunctionEditorDoc.ico">
      <Filter>Resource Files</Filter>
    </None>
    <None Include="Res\Functions_J1939.bmp">
      <Filter>Resource Files</Filter>
    </None>
    <None Include="Res\GraphElements.bmp">
      <Filter>Resource Files</Filter>
    </None>
    <None Include="Res\GraphWindow.ico">
      <Filter>Resource Files</Filter>
    </None>
    <None Include="Res\hdrdown.bmp">
      <Filter>Resource Files</Filter>
    </None>
    <None Include="Res\hdrup.bmp">
      <Filter>Resource Files</Filter>
    </None>
    <None Include="Res\Help.ico">
      <Filter>Resource Files</Filter>
    </None>
    <None Include="Res\ico_send.ico">
      <Filter>Resource Files</Filter>
    </None>
    <None Include="Res\icon1.ico">
      <Filter>Resource Files</Filter>
    </None>
    <None Include="Res\icon2.ico">
      <Filter>Resource Files</Filter>
    </None>
    <None Include="Res\J1939DB.bmp">
      <Filter>Resource Files</Filter>
    </None>
    <None Include="Res\J1939TxWnd.bmp">
      <Filter>Resource Files</Filter>
    </None>
    <None Include="Res\LEFTArrow.ico">
      <Filter>Resource Files</Filter>
    </None>
    <None Include="Res\LoadAll.ico">
      <Filter>Resource Files</Filter>
    </None>
    <None Include="LockKey.bmp">
      <Filter>Resource Files</Filter>
    </None>
    <None Include="Res\Log.ico">
      <Filter>Resource Files</Filter>
    </None>
    <None Include="Res\Minus.ICO">
      <Filter>Resource Files</Filter>
    </None>
    <None Include="Res\MsgReplay.bmp">
      <Filter>Resource Files</Filter>
    </None>
    <None Include="Res\MsgReplay_disabled.bmp">
      <Filter>Resource Files</Filter>
    </None>
    <None Include="Res\MsgReplay_hot.bmp">
      <Filter>Resource Files</Filter>
    </None>
    <None Include="Res\MsgWnd.bmp">
      <Filter>Resource Files</Filter>
    </None>
    <None Include="Res\MsgWnd.ico">
      <Filter>Resource Files</Filter>
    </None>
    <None Include="Res\MsgWndDisabled.bmp">
      <Filter>Resource Files</Filter>
    </None>
    <None Include="Res\MsgWndHot.bmp">
      <Filter>Resource Files</Filter>
    </None>
    <None Include="Res\New.ico">
      <Filter>Resource Files</Filter>
    </None>
    <None Include="Res\Open.ico">
      <Filter>Resource Files</Filter>
    </None>
    <None Include="Res\Plus.ICO">
      <Filter>Resource Files</Filter>
    </None>
    <None Include="Res\Properties.bmp">
      <Filter>Resource Files</Filter>
    </None>
    <None Include="Res\Replay.ico">
      <Filter>Resource Files</Filter>
    </None>
    <None Include="Res\RIGHTArrow.ico">
      <Filter>Resource Files</Filter>
    </None>
    <None Include="Res\Save.ico">
      <Filter>Resource Files</Filter>
    </None>
    <None Include="Res\SendMsg.ico">
      <Filter>Resource Files</Filter>
    </None>
    <None Include="Res\Setup.bmp">
      <Filter>Resource Files</Filter>
    </None>
    <None Include="Res\SigGen.bmp">
      <Filter>Resource Files</Filter>
    </None>
    <None Include="Res\SigGen_disabled.bmp">
      <Filter>Resource Files</Filter>
    </None>
    <None Include="Res\SigGen_hot.bmp">
      <Filter>Resource Files</Filter>
    </None>
    <None Include="Res\Signalwatch.bmp">
      <Filter>Resource Files</Filter>
    </None>
    <None Include="Res\SimSysWnd.ico">
      <Filter>Resource Files</Filter>
    </None>
    <None Include="Res\Splsh16.bmp">
      <Filter>Resource Files</Filter>
    </None>
    <None Include="Res\Tile.ico">
      <Filter>Resource Files</Filter>
    </None>
    <None Include="res\Toolbar.bmp">
      <Filter>Resource Files</Filter>
    </None>
    <None Include="Res\toolbar1.bmp">
      <Filter>Resource Files</Filter>
    </None>
    <None Include="Res\Toolbar_disabled.bmp">
      <Filter>Resource Files</Filter>
    </None>
    <None Include="Res\toolbar_func_editor.bmp">
      <Filter>Resource Files</Filter>
    </None>
    <None Include="Res\toolbar_func_editor_disabled.bmp">
      <Filter>Resource Files</Filter>
    </None>
    <None Include="Res\toolbar_func_editor_hot.bmp">
      <Filter>Resource Files</Filter>
    </None>
    <None Include="Res\Toolbar_hot.bmp">
      <Filter>Resource Files</Filter>
    </None>
    <None Include="Res\toolbar_user_prog.bmp">
      <Filter>Resource Files</Filter>
    </None>
    <None Include="Res\toolbar_user_prog_disabled.bmp">
      <Filter>Resource Files</Filter>
    </None>
    <None Include="Res\toolbar_user_prog_Hot.bmp">
      <Filter>Resource Files</Filter>
    </None>
    <None Include="Res\ToolbarDsc.bmp">
      <Filter>Resource Files</Filter>
    </None>
    <None Include="Res\ToolbarDsc_Disabled.bmp">
      <Filter>Resource Files</Filter>
    </None>
    <None Include="Res\ToolbarDsc_Hot.bmp">
      <Filter>Resource Files</Filter>
    </None>
    <None Include="Res\Transparent_icon.ico">
      <Filter>Resource Files</Filter>
    </None>
    <None Include="Res\UnLoadAll.ico">
      <Filter>Resource Files</Filter>
    </None>
    <None Include="Res\UPArrow.ico">
      <Filter>Resource Files</Filter>
    </None>
    <None Include="Res\WARNING_LIMIT.ico">
      <Filter>Resource Files</Filter>
    </None>
    <None Include="Res\write.ico">
      <Filter>Resource Files</Filter>
    </None>
  </ItemGroup>
  <ItemGroup>
    <CustomBuild Include="LDFLexer.l" />
    <CustomBuild Include="LDFParser.y" />
  </ItemGroup>
</Project>