<?xml version="1.0" encoding="utf-8"?>
<Project ToolsVersion="4.0" xmlns="http://schemas.microsoft.com/developer/msbuild/2003">
  <ItemGroup>
    <Filter Include="Header Files">
      <UniqueIdentifier>{93995380-89BD-4b04-88EB-625FBE52EBFB}</UniqueIdentifier>
      <Extensions>h;hpp;hxx;hm;inl;inc;xsd</Extensions>
    </Filter>
  </ItemGroup>
  <ItemGroup>
    <ClInclude Include="BaseDefs.h">
      <Filter>Header Files</Filter>
    </ClInclude>
    <ClInclude Include="CAN_Error_Defs.h">
      <Filter>Header Files</Filter>
    </ClInclude>
    <ClInclude Include="DIL_CommonDefs.h">
      <Filter>Header Files</Filter>
    </ClInclude>
    <ClInclude Include="Error.h">
      <Filter>Header Files</Filter>
    </ClInclude>
    <ClInclude Include="ModuleID.h">
      <Filter>Header Files</Filter>
    </ClInclude>
    <ClInclude Include="Struct_CAN.h">
      <Filter>Header Files</Filter>
    </ClInclude>
    <ClInclude Include="Utils_macro.h">
      <Filter>Header Files</Filter>
    </ClInclude>
    <ClInclude Include="XMLDefines.h">
      <Filter>Header Files</Filter>
    </ClInclude>
    <ClInclude Include="Struct_LIN.h">
      <Filter>Header Files</Filter>
    </ClInclude>
  </ItemGroup>
</Project>